// !$*UTF8*$!
{
	archiveVersion = 1;
	classes = {
	};
	objectVersion = 46;
	objects = {

/* Begin PBXBuildFile section */
		3039D06715CA5E38005D1E2B /* RFTestView.m in Sources */ = {isa = PBXBuildFile; fileRef = 3039D06615CA5E38005D1E2B /* RFTestView.m */; };
		3039D06A15CA5E51005D1E2B /* RFTestViewController.m in Sources */ = {isa = PBXBuildFile; fileRef = 3039D06915CA5E51005D1E2B /* RFTestViewController.m */; };
		307BD62D1634B2EF00178FC2 /* Default-568h@2x.png in Resources */ = {isa = PBXBuildFile; fileRef = 307BD62C1634B2EF00178FC2 /* Default-568h@2x.png */; };
		309E253D1643BD6200492896 /* RFUIButton.m in Sources */ = {isa = PBXBuildFile; fileRef = 309E250E1643BD6200492896 /* RFUIButton.m */; };
		309E253E1643BD6200492896 /* RFUICheckView.m in Sources */ = {isa = PBXBuildFile; fileRef = 309E25101643BD6200492896 /* RFUICheckView.m */; };
		309E253F1643BD6200492896 /* RFUIForwardView.m in Sources */ = {isa = PBXBuildFile; fileRef = 309E25121643BD6200492896 /* RFUIForwardView.m */; };
		309E25401643BD6200492896 /* RFUIImageCheckView.m in Sources */ = {isa = PBXBuildFile; fileRef = 309E25141643BD6200492896 /* RFUIImageCheckView.m */; };
		309E25411643BD6200492896 /* RFUIImageSplitBackgoundView.m in Sources */ = {isa = PBXBuildFile; fileRef = 309E25161643BD6200492896 /* RFUIImageSplitBackgoundView.m */; };
		309E25421643BD6200492896 /* RFUIKeyboardCenter.m in Sources */ = {isa = PBXBuildFile; fileRef = 309E25181643BD6200492896 /* RFUIKeyboardCenter.m */; };
		309E25431643BD6200492896 /* RFUIKeyboardLayoutView.m in Sources */ = {isa = PBXBuildFile; fileRef = 309E251A1643BD6200492896 /* RFUIKeyboardLayoutView.m */; };
		309E25441643BD6200492896 /* RFUIKitFramework.m in Sources */ = {isa = PBXBuildFile; fileRef = 309E251C1643BD6200492896 /* RFUIKitFramework.m */; };
		309E25451643BD6200492896 /* RFUINavigationController.m in Sources */ = {isa = PBXBuildFile; fileRef = 309E251E1643BD6200492896 /* RFUINavigationController.m */; };
		309E25461643BD6200492896 /* RFUIPageScrollView.m in Sources */ = {isa = PBXBuildFile; fileRef = 309E25201643BD6200492896 /* RFUIPageScrollView.m */; };
		309E25471643BD6200492896 /* RFUIPageScrollViewCell.m in Sources */ = {isa = PBXBuildFile; fileRef = 309E25221643BD6200492896 /* RFUIPageScrollViewCell.m */; };
		309E25481643BD6200492896 /* RFUIScrollLabel.m in Sources */ = {isa = PBXBuildFile; fileRef = 309E25241643BD6200492896 /* RFUIScrollLabel.m */; };
		309E25491643BD6200492896 /* RFUISplitBackgoundView.m in Sources */ = {isa = PBXBuildFile; fileRef = 309E25261643BD6200492896 /* RFUISplitBackgoundView.m */; };
		309E254A1643BD6200492896 /* RFUISplitViewController.m in Sources */ = {isa = PBXBuildFile; fileRef = 309E25281643BD6200492896 /* RFUISplitViewController.m */; };
		309E254B1643BD6200492896 /* RFUIStatusBarCenter.m in Sources */ = {isa = PBXBuildFile; fileRef = 309E252A1643BD6200492896 /* RFUIStatusBarCenter.m */; };
		309E254C1643BD6200492896 /* RFUIStatusBarLayoutView.m in Sources */ = {isa = PBXBuildFile; fileRef = 309E252C1643BD6200492896 /* RFUIStatusBarLayoutView.m */; };
		309E254D1643BD6200492896 /* RFUITabBarController.m in Sources */ = {isa = PBXBuildFile; fileRef = 309E252E1643BD6200492896 /* RFUITabBarController.m */; };
		309E254E1643BD6200492896 /* RFUITableViewController.m in Sources */ = {isa = PBXBuildFile; fileRef = 309E25301643BD6200492896 /* RFUITableViewController.m */; };
		309E254F1643BD6200492896 /* RFUITextField.m in Sources */ = {isa = PBXBuildFile; fileRef = 309E25321643BD6200492896 /* RFUITextField.m */; };
		309E25501643BD6200492896 /* RFUITreeView.m in Sources */ = {isa = PBXBuildFile; fileRef = 309E25341643BD6200492896 /* RFUITreeView.m */; };
		309E25511643BD6200492896 /* RFUITreeViewCell.m in Sources */ = {isa = PBXBuildFile; fileRef = 309E25361643BD6200492896 /* RFUITreeViewCell.m */; };
		309E25521643BD6200492896 /* RFUITreeViewNode.m in Sources */ = {isa = PBXBuildFile; fileRef = 309E25381643BD6200492896 /* RFUITreeViewNode.m */; };
		309E25531643BD6200492896 /* RFUITreeViewRowAnimation.m in Sources */ = {isa = PBXBuildFile; fileRef = 309E253A1643BD6200492896 /* RFUITreeViewRowAnimation.m */; };
		309E25541643BD6200492896 /* RFUIViewController.m in Sources */ = {isa = PBXBuildFile; fileRef = 309E253C1643BD6200492896 /* RFUIViewController.m */; };
		309E25A01643BEB200492896 /* REBase256.m in Sources */ = {isa = PBXBuildFile; fileRef = 309E25571643BEB200492896 /* REBase256.m */; };
		309E25A11643BEB200492896 /* REExtendedFoundation.m in Sources */ = {isa = PBXBuildFile; fileRef = 309E25591643BEB200492896 /* REExtendedFoundation.m */; };
		309E25A21643BEB200492896 /* RENSArray.m in Sources */ = {isa = PBXBuildFile; fileRef = 309E255B1643BEB200492896 /* RENSArray.m */; };
		309E25A31643BEB200492896 /* RENSDateFormatter.m in Sources */ = {isa = PBXBuildFile; fileRef = 309E255D1643BEB200492896 /* RENSDateFormatter.m */; };
		309E25A41643BEB200492896 /* RENSDictionary.m in Sources */ = {isa = PBXBuildFile; fileRef = 309E255F1643BEB200492896 /* RENSDictionary.m */; };
		309E25A51643BEB200492896 /* RENSFileManager.m in Sources */ = {isa = PBXBuildFile; fileRef = 309E25611643BEB200492896 /* RENSFileManager.m */; };
		309E25A61643BEB200492896 /* RENSIndexPath.m in Sources */ = {isa = PBXBuildFile; fileRef = 309E25631643BEB200492896 /* RENSIndexPath.m */; };
		309E25A71643BEB200492896 /* RENSInvocation.m in Sources */ = {isa = PBXBuildFile; fileRef = 309E25651643BEB200492896 /* RENSInvocation.m */; };
		309E25A81643BEB200492896 /* RENSLocale.m in Sources */ = {isa = PBXBuildFile; fileRef = 309E25671643BEB200492896 /* RENSLocale.m */; };
		309E25A91643BEB200492896 /* RENSNotification.m in Sources */ = {isa = PBXBuildFile; fileRef = 309E25691643BEB200492896 /* RENSNotification.m */; };
		309E25AA1643BEB200492896 /* RENSNotificationQueue.m in Sources */ = {isa = PBXBuildFile; fileRef = 309E256B1643BEB200492896 /* RENSNotificationQueue.m */; };
		309E25AB1643BEB200492896 /* RENSNumber.m in Sources */ = {isa = PBXBuildFile; fileRef = 309E256D1643BEB200492896 /* RENSNumber.m */; };
		309E25AC1643BEB200492896 /* RENSObjCRuntime.m in Sources */ = {isa = PBXBuildFile; fileRef = 309E256F1643BEB200492896 /* RENSObjCRuntime.m */; };
		309E25AD1643BEB200492896 /* RENSObject.m in Sources */ = {isa = PBXBuildFile; fileRef = 309E25711643BEB200492896 /* RENSObject.m */; };
		309E25AE1643BEB200492896 /* RENSPropertyList.m in Sources */ = {isa = PBXBuildFile; fileRef = 309E25731643BEB200492896 /* RENSPropertyList.m */; };
		309E25AF1643BEB200492896 /* RENSRange.m in Sources */ = {isa = PBXBuildFile; fileRef = 309E25751643BEB200492896 /* RENSRange.m */; };
		309E25B01643BEB200492896 /* RENSStream.m in Sources */ = {isa = PBXBuildFile; fileRef = 309E25771643BEB200492896 /* RENSStream.m */; };
		309E25B11643BEB200492896 /* RENSString.m in Sources */ = {isa = PBXBuildFile; fileRef = 309E25791643BEB200492896 /* RENSString.m */; };
		309E25B21643BEB200492896 /* RENSTimer.m in Sources */ = {isa = PBXBuildFile; fileRef = 309E257B1643BEB200492896 /* RENSTimer.m */; };
		309E25B31643BEB200492896 /* RERFC822.m in Sources */ = {isa = PBXBuildFile; fileRef = 309E257D1643BEB200492896 /* RERFC822.m */; };
		309E25B41643BEB200492896 /* REExtendedUIKit.m in Sources */ = {isa = PBXBuildFile; fileRef = 309E25801643BEB200492896 /* REExtendedUIKit.m */; };
		309E25B51643BEB200492896 /* REUIApplication.m in Sources */ = {isa = PBXBuildFile; fileRef = 309E25821643BEB200492896 /* REUIApplication.m */; };
		309E25B61643BEB200492896 /* REUIColor.m in Sources */ = {isa = PBXBuildFile; fileRef = 309E25841643BEB200492896 /* REUIColor.m */; };
		309E25B71643BEB200492896 /* REUIGeometry.m in Sources */ = {isa = PBXBuildFile; fileRef = 309E25861643BEB200492896 /* REUIGeometry.m */; };
		309E25B81643BEB200492896 /* REUIImage.m in Sources */ = {isa = PBXBuildFile; fileRef = 309E25881643BEB200492896 /* REUIImage.m */; };
		309E25B91643BEB200492896 /* REUILabel.m in Sources */ = {isa = PBXBuildFile; fileRef = 309E258A1643BEB200492896 /* REUILabel.m */; };
		309E25BA1643BEB200492896 /* REUINavigationBar.m in Sources */ = {isa = PBXBuildFile; fileRef = 309E258C1643BEB200492896 /* REUINavigationBar.m */; };
		309E25BB1643BEB200492896 /* REUINavigationController.m in Sources */ = {isa = PBXBuildFile; fileRef = 309E258E1643BEB200492896 /* REUINavigationController.m */; };
		309E25BC1643BEB200492896 /* REUIScreen.m in Sources */ = {isa = PBXBuildFile; fileRef = 309E25901643BEB200492896 /* REUIScreen.m */; };
		309E25BD1643BEB200492896 /* REUIScrollView.m in Sources */ = {isa = PBXBuildFile; fileRef = 309E25921643BEB200492896 /* REUIScrollView.m */; };
		309E25BE1643BEB200492896 /* REUITableViewCell.m in Sources */ = {isa = PBXBuildFile; fileRef = 309E25941643BEB200492896 /* REUITableViewCell.m */; };
		309E25BF1643BEB200492896 /* REUIToolbar.m in Sources */ = {isa = PBXBuildFile; fileRef = 309E25961643BEB200492896 /* REUIToolbar.m */; };
		309E25C01643BEB200492896 /* REUIView.m in Sources */ = {isa = PBXBuildFile; fileRef = 309E25981643BEB200492896 /* REUIView.m */; };
		309E25C11643BEB200492896 /* REUIViewController.m in Sources */ = {isa = PBXBuildFile; fileRef = 309E259A1643BEB200492896 /* REUIViewController.m */; };
		309E25C21643BEB200492896 /* RWObjC.m in Sources */ = {isa = PBXBuildFile; fileRef = 309E259D1643BEB200492896 /* RWObjC.m */; };
		309E25C31643BEB200492896 /* RWObjCWrapper.m in Sources */ = {isa = PBXBuildFile; fileRef = 309E259F1643BEB200492896 /* RWObjCWrapper.m */; };
		30E21AF51599B76C00DDE278 /* UIKit.framework in Frameworks */ = {isa = PBXBuildFile; fileRef = 30E21AF41599B76C00DDE278 /* UIKit.framework */; };
		30E21AF71599B76C00DDE278 /* Foundation.framework in Frameworks */ = {isa = PBXBuildFile; fileRef = 30E21AF61599B76C00DDE278 /* Foundation.framework */; };
		30E21AF91599B76C00DDE278 /* CoreGraphics.framework in Frameworks */ = {isa = PBXBuildFile; fileRef = 30E21AF81599B76C00DDE278 /* CoreGraphics.framework */; };
		30E21B011599B76C00DDE278 /* main.m in Sources */ = {isa = PBXBuildFile; fileRef = 30E21B001599B76C00DDE278 /* main.m */; };
		30E21B051599B76C00DDE278 /* RFAppDelegate.m in Sources */ = {isa = PBXBuildFile; fileRef = 30E21B041599B76C00DDE278 /* RFAppDelegate.m */; };
		30E21B2B1599B7E600DDE278 /* CoreFoundation.framework in Frameworks */ = {isa = PBXBuildFile; fileRef = 30E21B2A1599B7E600DDE278 /* CoreFoundation.framework */; };
/* End PBXBuildFile section */

/* Begin PBXFileReference section */
		3039D06515CA5E38005D1E2B /* RFTestView.h */ = {isa = PBXFileReference; fileEncoding = 4; lastKnownFileType = sourcecode.c.h; path = RFTestView.h; sourceTree = "<group>"; };
		3039D06615CA5E38005D1E2B /* RFTestView.m */ = {isa = PBXFileReference; fileEncoding = 4; lastKnownFileType = sourcecode.c.objc; path = RFTestView.m; sourceTree = "<group>"; };
		3039D06815CA5E51005D1E2B /* RFTestViewController.h */ = {isa = PBXFileReference; fileEncoding = 4; lastKnownFileType = sourcecode.c.h; path = RFTestViewController.h; sourceTree = "<group>"; };
		3039D06915CA5E51005D1E2B /* RFTestViewController.m */ = {isa = PBXFileReference; fileEncoding = 4; lastKnownFileType = sourcecode.c.objc; path = RFTestViewController.m; sourceTree = "<group>"; };
		307BD62C1634B2EF00178FC2 /* Default-568h@2x.png */ = {isa = PBXFileReference; lastKnownFileType = image.png; path = "Default-568h@2x.png"; sourceTree = "<group>"; };
		309E250D1643BD6200492896 /* RFUIButton.h */ = {isa = PBXFileReference; fileEncoding = 4; lastKnownFileType = sourcecode.c.h; path = RFUIButton.h; sourceTree = "<group>"; };
		309E250E1643BD6200492896 /* RFUIButton.m */ = {isa = PBXFileReference; fileEncoding = 4; lastKnownFileType = sourcecode.c.objc; path = RFUIButton.m; sourceTree = "<group>"; };
		309E250F1643BD6200492896 /* RFUICheckView.h */ = {isa = PBXFileReference; fileEncoding = 4; lastKnownFileType = sourcecode.c.h; path = RFUICheckView.h; sourceTree = "<group>"; };
		309E25101643BD6200492896 /* RFUICheckView.m */ = {isa = PBXFileReference; fileEncoding = 4; lastKnownFileType = sourcecode.c.objc; path = RFUICheckView.m; sourceTree = "<group>"; };
		309E25111643BD6200492896 /* RFUIForwardView.h */ = {isa = PBXFileReference; fileEncoding = 4; lastKnownFileType = sourcecode.c.h; path = RFUIForwardView.h; sourceTree = "<group>"; };
		309E25121643BD6200492896 /* RFUIForwardView.m */ = {isa = PBXFileReference; fileEncoding = 4; lastKnownFileType = sourcecode.c.objc; path = RFUIForwardView.m; sourceTree = "<group>"; };
		309E25131643BD6200492896 /* RFUIImageCheckView.h */ = {isa = PBXFileReference; fileEncoding = 4; lastKnownFileType = sourcecode.c.h; path = RFUIImageCheckView.h; sourceTree = "<group>"; };
		309E25141643BD6200492896 /* RFUIImageCheckView.m */ = {isa = PBXFileReference; fileEncoding = 4; lastKnownFileType = sourcecode.c.objc; path = RFUIImageCheckView.m; sourceTree = "<group>"; };
		309E25151643BD6200492896 /* RFUIImageSplitBackgoundView.h */ = {isa = PBXFileReference; fileEncoding = 4; lastKnownFileType = sourcecode.c.h; path = RFUIImageSplitBackgoundView.h; sourceTree = "<group>"; };
		309E25161643BD6200492896 /* RFUIImageSplitBackgoundView.m */ = {isa = PBXFileReference; fileEncoding = 4; lastKnownFileType = sourcecode.c.objc; path = RFUIImageSplitBackgoundView.m; sourceTree = "<group>"; };
		309E25171643BD6200492896 /* RFUIKeyboardCenter.h */ = {isa = PBXFileReference; fileEncoding = 4; lastKnownFileType = sourcecode.c.h; path = RFUIKeyboardCenter.h; sourceTree = "<group>"; };
		309E25181643BD6200492896 /* RFUIKeyboardCenter.m */ = {isa = PBXFileReference; fileEncoding = 4; lastKnownFileType = sourcecode.c.objc; path = RFUIKeyboardCenter.m; sourceTree = "<group>"; };
		309E25191643BD6200492896 /* RFUIKeyboardLayoutView.h */ = {isa = PBXFileReference; fileEncoding = 4; lastKnownFileType = sourcecode.c.h; path = RFUIKeyboardLayoutView.h; sourceTree = "<group>"; };
		309E251A1643BD6200492896 /* RFUIKeyboardLayoutView.m */ = {isa = PBXFileReference; fileEncoding = 4; lastKnownFileType = sourcecode.c.objc; path = RFUIKeyboardLayoutView.m; sourceTree = "<group>"; };
		309E251B1643BD6200492896 /* RFUIKitFramework.h */ = {isa = PBXFileReference; fileEncoding = 4; lastKnownFileType = sourcecode.c.h; path = RFUIKitFramework.h; sourceTree = "<group>"; };
		309E251C1643BD6200492896 /* RFUIKitFramework.m */ = {isa = PBXFileReference; fileEncoding = 4; lastKnownFileType = sourcecode.c.objc; path = RFUIKitFramework.m; sourceTree = "<group>"; };
		309E251D1643BD6200492896 /* RFUINavigationController.h */ = {isa = PBXFileReference; fileEncoding = 4; lastKnownFileType = sourcecode.c.h; path = RFUINavigationController.h; sourceTree = "<group>"; };
		309E251E1643BD6200492896 /* RFUINavigationController.m */ = {isa = PBXFileReference; fileEncoding = 4; lastKnownFileType = sourcecode.c.objc; path = RFUINavigationController.m; sourceTree = "<group>"; };
		309E251F1643BD6200492896 /* RFUIPageScrollView.h */ = {isa = PBXFileReference; fileEncoding = 4; lastKnownFileType = sourcecode.c.h; path = RFUIPageScrollView.h; sourceTree = "<group>"; };
		309E25201643BD6200492896 /* RFUIPageScrollView.m */ = {isa = PBXFileReference; fileEncoding = 4; lastKnownFileType = sourcecode.c.objc; path = RFUIPageScrollView.m; sourceTree = "<group>"; };
		309E25211643BD6200492896 /* RFUIPageScrollViewCell.h */ = {isa = PBXFileReference; fileEncoding = 4; lastKnownFileType = sourcecode.c.h; path = RFUIPageScrollViewCell.h; sourceTree = "<group>"; };
		309E25221643BD6200492896 /* RFUIPageScrollViewCell.m */ = {isa = PBXFileReference; fileEncoding = 4; lastKnownFileType = sourcecode.c.objc; path = RFUIPageScrollViewCell.m; sourceTree = "<group>"; };
		309E25231643BD6200492896 /* RFUIScrollLabel.h */ = {isa = PBXFileReference; fileEncoding = 4; lastKnownFileType = sourcecode.c.h; path = RFUIScrollLabel.h; sourceTree = "<group>"; };
		309E25241643BD6200492896 /* RFUIScrollLabel.m */ = {isa = PBXFileReference; fileEncoding = 4; lastKnownFileType = sourcecode.c.objc; path = RFUIScrollLabel.m; sourceTree = "<group>"; };
		309E25251643BD6200492896 /* RFUISplitBackgoundView.h */ = {isa = PBXFileReference; fileEncoding = 4; lastKnownFileType = sourcecode.c.h; path = RFUISplitBackgoundView.h; sourceTree = "<group>"; };
		309E25261643BD6200492896 /* RFUISplitBackgoundView.m */ = {isa = PBXFileReference; fileEncoding = 4; lastKnownFileType = sourcecode.c.objc; path = RFUISplitBackgoundView.m; sourceTree = "<group>"; };
		309E25271643BD6200492896 /* RFUISplitViewController.h */ = {isa = PBXFileReference; fileEncoding = 4; lastKnownFileType = sourcecode.c.h; path = RFUISplitViewController.h; sourceTree = "<group>"; };
		309E25281643BD6200492896 /* RFUISplitViewController.m */ = {isa = PBXFileReference; fileEncoding = 4; lastKnownFileType = sourcecode.c.objc; path = RFUISplitViewController.m; sourceTree = "<group>"; };
		309E25291643BD6200492896 /* RFUIStatusBarCenter.h */ = {isa = PBXFileReference; fileEncoding = 4; lastKnownFileType = sourcecode.c.h; path = RFUIStatusBarCenter.h; sourceTree = "<group>"; };
		309E252A1643BD6200492896 /* RFUIStatusBarCenter.m */ = {isa = PBXFileReference; fileEncoding = 4; lastKnownFileType = sourcecode.c.objc; path = RFUIStatusBarCenter.m; sourceTree = "<group>"; };
		309E252B1643BD6200492896 /* RFUIStatusBarLayoutView.h */ = {isa = PBXFileReference; fileEncoding = 4; lastKnownFileType = sourcecode.c.h; path = RFUIStatusBarLayoutView.h; sourceTree = "<group>"; };
		309E252C1643BD6200492896 /* RFUIStatusBarLayoutView.m */ = {isa = PBXFileReference; fileEncoding = 4; lastKnownFileType = sourcecode.c.objc; path = RFUIStatusBarLayoutView.m; sourceTree = "<group>"; };
		309E252D1643BD6200492896 /* RFUITabBarController.h */ = {isa = PBXFileReference; fileEncoding = 4; lastKnownFileType = sourcecode.c.h; path = RFUITabBarController.h; sourceTree = "<group>"; };
		309E252E1643BD6200492896 /* RFUITabBarController.m */ = {isa = PBXFileReference; fileEncoding = 4; lastKnownFileType = sourcecode.c.objc; path = RFUITabBarController.m; sourceTree = "<group>"; };
		309E252F1643BD6200492896 /* RFUITableViewController.h */ = {isa = PBXFileReference; fileEncoding = 4; lastKnownFileType = sourcecode.c.h; path = RFUITableViewController.h; sourceTree = "<group>"; };
		309E25301643BD6200492896 /* RFUITableViewController.m */ = {isa = PBXFileReference; fileEncoding = 4; lastKnownFileType = sourcecode.c.objc; path = RFUITableViewController.m; sourceTree = "<group>"; };
		309E25311643BD6200492896 /* RFUITextField.h */ = {isa = PBXFileReference; fileEncoding = 4; lastKnownFileType = sourcecode.c.h; path = RFUITextField.h; sourceTree = "<group>"; };
		309E25321643BD6200492896 /* RFUITextField.m */ = {isa = PBXFileReference; fileEncoding = 4; lastKnownFileType = sourcecode.c.objc; path = RFUITextField.m; sourceTree = "<group>"; };
		309E25331643BD6200492896 /* RFUITreeView.h */ = {isa = PBXFileReference; fileEncoding = 4; lastKnownFileType = sourcecode.c.h; path = RFUITreeView.h; sourceTree = "<group>"; };
		309E25341643BD6200492896 /* RFUITreeView.m */ = {isa = PBXFileReference; fileEncoding = 4; lastKnownFileType = sourcecode.c.objc; path = RFUITreeView.m; sourceTree = "<group>"; };
		309E25351643BD6200492896 /* RFUITreeViewCell.h */ = {isa = PBXFileReference; fileEncoding = 4; lastKnownFileType = sourcecode.c.h; path = RFUITreeViewCell.h; sourceTree = "<group>"; };
		309E25361643BD6200492896 /* RFUITreeViewCell.m */ = {isa = PBXFileReference; fileEncoding = 4; lastKnownFileType = sourcecode.c.objc; path = RFUITreeViewCell.m; sourceTree = "<group>"; };
		309E25371643BD6200492896 /* RFUITreeViewNode.h */ = {isa = PBXFileReference; fileEncoding = 4; lastKnownFileType = sourcecode.c.h; path = RFUITreeViewNode.h; sourceTree = "<group>"; };
		309E25381643BD6200492896 /* RFUITreeViewNode.m */ = {isa = PBXFileReference; fileEncoding = 4; lastKnownFileType = sourcecode.c.objc; path = RFUITreeViewNode.m; sourceTree = "<group>"; };
		309E25391643BD6200492896 /* RFUITreeViewRowAnimation.h */ = {isa = PBXFileReference; fileEncoding = 4; lastKnownFileType = sourcecode.c.h; path = RFUITreeViewRowAnimation.h; sourceTree = "<group>"; };
		309E253A1643BD6200492896 /* RFUITreeViewRowAnimation.m */ = {isa = PBXFileReference; fileEncoding = 4; lastKnownFileType = sourcecode.c.objc; path = RFUITreeViewRowAnimation.m; sourceTree = "<group>"; };
		309E253B1643BD6200492896 /* RFUIViewController.h */ = {isa = PBXFileReference; fileEncoding = 4; lastKnownFileType = sourcecode.c.h; path = RFUIViewController.h; sourceTree = "<group>"; };
		309E253C1643BD6200492896 /* RFUIViewController.m */ = {isa = PBXFileReference; fileEncoding = 4; lastKnownFileType = sourcecode.c.objc; path = RFUIViewController.m; sourceTree = "<group>"; };
		309E25561643BEB200492896 /* REBase256.h */ = {isa = PBXFileReference; fileEncoding = 4; lastKnownFileType = sourcecode.c.h; path = REBase256.h; sourceTree = "<group>"; };
		309E25571643BEB200492896 /* REBase256.m */ = {isa = PBXFileReference; fileEncoding = 4; lastKnownFileType = sourcecode.c.objc; path = REBase256.m; sourceTree = "<group>"; };
		309E25581643BEB200492896 /* REExtendedFoundation.h */ = {isa = PBXFileReference; fileEncoding = 4; lastKnownFileType = sourcecode.c.h; path = REExtendedFoundation.h; sourceTree = "<group>"; };
		309E25591643BEB200492896 /* REExtendedFoundation.m */ = {isa = PBXFileReference; fileEncoding = 4; lastKnownFileType = sourcecode.c.objc; path = REExtendedFoundation.m; sourceTree = "<group>"; };
		309E255A1643BEB200492896 /* RENSArray.h */ = {isa = PBXFileReference; fileEncoding = 4; lastKnownFileType = sourcecode.c.h; path = RENSArray.h; sourceTree = "<group>"; };
		309E255B1643BEB200492896 /* RENSArray.m */ = {isa = PBXFileReference; fileEncoding = 4; lastKnownFileType = sourcecode.c.objc; path = RENSArray.m; sourceTree = "<group>"; };
		309E255C1643BEB200492896 /* RENSDateFormatter.h */ = {isa = PBXFileReference; fileEncoding = 4; lastKnownFileType = sourcecode.c.h; path = RENSDateFormatter.h; sourceTree = "<group>"; };
		309E255D1643BEB200492896 /* RENSDateFormatter.m */ = {isa = PBXFileReference; fileEncoding = 4; lastKnownFileType = sourcecode.c.objc; path = RENSDateFormatter.m; sourceTree = "<group>"; };
		309E255E1643BEB200492896 /* RENSDictionary.h */ = {isa = PBXFileReference; fileEncoding = 4; lastKnownFileType = sourcecode.c.h; path = RENSDictionary.h; sourceTree = "<group>"; };
		309E255F1643BEB200492896 /* RENSDictionary.m */ = {isa = PBXFileReference; fileEncoding = 4; lastKnownFileType = sourcecode.c.objc; path = RENSDictionary.m; sourceTree = "<group>"; };
		309E25601643BEB200492896 /* RENSFileManager.h */ = {isa = PBXFileReference; fileEncoding = 4; lastKnownFileType = sourcecode.c.h; path = RENSFileManager.h; sourceTree = "<group>"; };
		309E25611643BEB200492896 /* RENSFileManager.m */ = {isa = PBXFileReference; fileEncoding = 4; lastKnownFileType = sourcecode.c.objc; path = RENSFileManager.m; sourceTree = "<group>"; };
		309E25621643BEB200492896 /* RENSIndexPath.h */ = {isa = PBXFileReference; fileEncoding = 4; lastKnownFileType = sourcecode.c.h; path = RENSIndexPath.h; sourceTree = "<group>"; };
		309E25631643BEB200492896 /* RENSIndexPath.m */ = {isa = PBXFileReference; fileEncoding = 4; lastKnownFileType = sourcecode.c.objc; path = RENSIndexPath.m; sourceTree = "<group>"; };
		309E25641643BEB200492896 /* RENSInvocation.h */ = {isa = PBXFileReference; fileEncoding = 4; lastKnownFileType = sourcecode.c.h; path = RENSInvocation.h; sourceTree = "<group>"; };
		309E25651643BEB200492896 /* RENSInvocation.m */ = {isa = PBXFileReference; fileEncoding = 4; lastKnownFileType = sourcecode.c.objc; path = RENSInvocation.m; sourceTree = "<group>"; };
		309E25661643BEB200492896 /* RENSLocale.h */ = {isa = PBXFileReference; fileEncoding = 4; lastKnownFileType = sourcecode.c.h; path = RENSLocale.h; sourceTree = "<group>"; };
		309E25671643BEB200492896 /* RENSLocale.m */ = {isa = PBXFileReference; fileEncoding = 4; lastKnownFileType = sourcecode.c.objc; path = RENSLocale.m; sourceTree = "<group>"; };
		309E25681643BEB200492896 /* RENSNotification.h */ = {isa = PBXFileReference; fileEncoding = 4; lastKnownFileType = sourcecode.c.h; path = RENSNotification.h; sourceTree = "<group>"; };
		309E25691643BEB200492896 /* RENSNotification.m */ = {isa = PBXFileReference; fileEncoding = 4; lastKnownFileType = sourcecode.c.objc; path = RENSNotification.m; sourceTree = "<group>"; };
		309E256A1643BEB200492896 /* RENSNotificationQueue.h */ = {isa = PBXFileReference; fileEncoding = 4; lastKnownFileType = sourcecode.c.h; path = RENSNotificationQueue.h; sourceTree = "<group>"; };
		309E256B1643BEB200492896 /* RENSNotificationQueue.m */ = {isa = PBXFileReference; fileEncoding = 4; lastKnownFileType = sourcecode.c.objc; path = RENSNotificationQueue.m; sourceTree = "<group>"; };
		309E256C1643BEB200492896 /* RENSNumber.h */ = {isa = PBXFileReference; fileEncoding = 4; lastKnownFileType = sourcecode.c.h; path = RENSNumber.h; sourceTree = "<group>"; };
		309E256D1643BEB200492896 /* RENSNumber.m */ = {isa = PBXFileReference; fileEncoding = 4; lastKnownFileType = sourcecode.c.objc; path = RENSNumber.m; sourceTree = "<group>"; };
		309E256E1643BEB200492896 /* RENSObjCRuntime.h */ = {isa = PBXFileReference; fileEncoding = 4; lastKnownFileType = sourcecode.c.h; path = RENSObjCRuntime.h; sourceTree = "<group>"; };
		309E256F1643BEB200492896 /* RENSObjCRuntime.m */ = {isa = PBXFileReference; fileEncoding = 4; lastKnownFileType = sourcecode.c.objc; path = RENSObjCRuntime.m; sourceTree = "<group>"; };
		309E25701643BEB200492896 /* RENSObject.h */ = {isa = PBXFileReference; fileEncoding = 4; lastKnownFileType = sourcecode.c.h; path = RENSObject.h; sourceTree = "<group>"; };
		309E25711643BEB200492896 /* RENSObject.m */ = {isa = PBXFileReference; fileEncoding = 4; lastKnownFileType = sourcecode.c.objc; path = RENSObject.m; sourceTree = "<group>"; };
		309E25721643BEB200492896 /* RENSPropertyList.h */ = {isa = PBXFileReference; fileEncoding = 4; lastKnownFileType = sourcecode.c.h; path = RENSPropertyList.h; sourceTree = "<group>"; };
		309E25731643BEB200492896 /* RENSPropertyList.m */ = {isa = PBXFileReference; fileEncoding = 4; lastKnownFileType = sourcecode.c.objc; path = RENSPropertyList.m; sourceTree = "<group>"; };
		309E25741643BEB200492896 /* RENSRange.h */ = {isa = PBXFileReference; fileEncoding = 4; lastKnownFileType = sourcecode.c.h; path = RENSRange.h; sourceTree = "<group>"; };
		309E25751643BEB200492896 /* RENSRange.m */ = {isa = PBXFileReference; fileEncoding = 4; lastKnownFileType = sourcecode.c.objc; path = RENSRange.m; sourceTree = "<group>"; };
		309E25761643BEB200492896 /* RENSStream.h */ = {isa = PBXFileReference; fileEncoding = 4; lastKnownFileType = sourcecode.c.h; path = RENSStream.h; sourceTree = "<group>"; };
		309E25771643BEB200492896 /* RENSStream.m */ = {isa = PBXFileReference; fileEncoding = 4; lastKnownFileType = sourcecode.c.objc; path = RENSStream.m; sourceTree = "<group>"; };
		309E25781643BEB200492896 /* RENSString.h */ = {isa = PBXFileReference; fileEncoding = 4; lastKnownFileType = sourcecode.c.h; path = RENSString.h; sourceTree = "<group>"; };
		309E25791643BEB200492896 /* RENSString.m */ = {isa = PBXFileReference; fileEncoding = 4; lastKnownFileType = sourcecode.c.objc; path = RENSString.m; sourceTree = "<group>"; };
		309E257A1643BEB200492896 /* RENSTimer.h */ = {isa = PBXFileReference; fileEncoding = 4; lastKnownFileType = sourcecode.c.h; path = RENSTimer.h; sourceTree = "<group>"; };
		309E257B1643BEB200492896 /* RENSTimer.m */ = {isa = PBXFileReference; fileEncoding = 4; lastKnownFileType = sourcecode.c.objc; path = RENSTimer.m; sourceTree = "<group>"; };
		309E257C1643BEB200492896 /* RERFC822.h */ = {isa = PBXFileReference; fileEncoding = 4; lastKnownFileType = sourcecode.c.h; path = RERFC822.h; sourceTree = "<group>"; };
		309E257D1643BEB200492896 /* RERFC822.m */ = {isa = PBXFileReference; fileEncoding = 4; lastKnownFileType = sourcecode.c.objc; path = RERFC822.m; sourceTree = "<group>"; };
		309E257F1643BEB200492896 /* REExtendedUIKit.h */ = {isa = PBXFileReference; fileEncoding = 4; lastKnownFileType = sourcecode.c.h; path = REExtendedUIKit.h; sourceTree = "<group>"; };
		309E25801643BEB200492896 /* REExtendedUIKit.m */ = {isa = PBXFileReference; fileEncoding = 4; lastKnownFileType = sourcecode.c.objc; path = REExtendedUIKit.m; sourceTree = "<group>"; };
		309E25811643BEB200492896 /* REUIApplication.h */ = {isa = PBXFileReference; fileEncoding = 4; lastKnownFileType = sourcecode.c.h; path = REUIApplication.h; sourceTree = "<group>"; };
		309E25821643BEB200492896 /* REUIApplication.m */ = {isa = PBXFileReference; fileEncoding = 4; lastKnownFileType = sourcecode.c.objc; path = REUIApplication.m; sourceTree = "<group>"; };
		309E25831643BEB200492896 /* REUIColor.h */ = {isa = PBXFileReference; fileEncoding = 4; lastKnownFileType = sourcecode.c.h; path = REUIColor.h; sourceTree = "<group>"; };
		309E25841643BEB200492896 /* REUIColor.m */ = {isa = PBXFileReference; fileEncoding = 4; lastKnownFileType = sourcecode.c.objc; path = REUIColor.m; sourceTree = "<group>"; };
		309E25851643BEB200492896 /* REUIGeometry.h */ = {isa = PBXFileReference; fileEncoding = 4; lastKnownFileType = sourcecode.c.h; path = REUIGeometry.h; sourceTree = "<group>"; };
		309E25861643BEB200492896 /* REUIGeometry.m */ = {isa = PBXFileReference; fileEncoding = 4; lastKnownFileType = sourcecode.c.objc; path = REUIGeometry.m; sourceTree = "<group>"; };
		309E25871643BEB200492896 /* REUIImage.h */ = {isa = PBXFileReference; fileEncoding = 4; lastKnownFileType = sourcecode.c.h; path = REUIImage.h; sourceTree = "<group>"; };
		309E25881643BEB200492896 /* REUIImage.m */ = {isa = PBXFileReference; fileEncoding = 4; lastKnownFileType = sourcecode.c.objc; path = REUIImage.m; sourceTree = "<group>"; };
		309E25891643BEB200492896 /* REUILabel.h */ = {isa = PBXFileReference; fileEncoding = 4; lastKnownFileType = sourcecode.c.h; path = REUILabel.h; sourceTree = "<group>"; };
		309E258A1643BEB200492896 /* REUILabel.m */ = {isa = PBXFileReference; fileEncoding = 4; lastKnownFileType = sourcecode.c.objc; path = REUILabel.m; sourceTree = "<group>"; };
		309E258B1643BEB200492896 /* REUINavigationBar.h */ = {isa = PBXFileReference; fileEncoding = 4; lastKnownFileType = sourcecode.c.h; path = REUINavigationBar.h; sourceTree = "<group>"; };
		309E258C1643BEB200492896 /* REUINavigationBar.m */ = {isa = PBXFileReference; fileEncoding = 4; lastKnownFileType = sourcecode.c.objc; path = REUINavigationBar.m; sourceTree = "<group>"; };
		309E258D1643BEB200492896 /* REUINavigationController.h */ = {isa = PBXFileReference; fileEncoding = 4; lastKnownFileType = sourcecode.c.h; path = REUINavigationController.h; sourceTree = "<group>"; };
		309E258E1643BEB200492896 /* REUINavigationController.m */ = {isa = PBXFileReference; fileEncoding = 4; lastKnownFileType = sourcecode.c.objc; path = REUINavigationController.m; sourceTree = "<group>"; };
		309E258F1643BEB200492896 /* REUIScreen.h */ = {isa = PBXFileReference; fileEncoding = 4; lastKnownFileType = sourcecode.c.h; path = REUIScreen.h; sourceTree = "<group>"; };
		309E25901643BEB200492896 /* REUIScreen.m */ = {isa = PBXFileReference; fileEncoding = 4; lastKnownFileType = sourcecode.c.objc; path = REUIScreen.m; sourceTree = "<group>"; };
		309E25911643BEB200492896 /* REUIScrollView.h */ = {isa = PBXFileReference; fileEncoding = 4; lastKnownFileType = sourcecode.c.h; path = REUIScrollView.h; sourceTree = "<group>"; };
		309E25921643BEB200492896 /* REUIScrollView.m */ = {isa = PBXFileReference; fileEncoding = 4; lastKnownFileType = sourcecode.c.objc; path = REUIScrollView.m; sourceTree = "<group>"; };
		309E25931643BEB200492896 /* REUITableViewCell.h */ = {isa = PBXFileReference; fileEncoding = 4; lastKnownFileType = sourcecode.c.h; path = REUITableViewCell.h; sourceTree = "<group>"; };
		309E25941643BEB200492896 /* REUITableViewCell.m */ = {isa = PBXFileReference; fileEncoding = 4; lastKnownFileType = sourcecode.c.objc; path = REUITableViewCell.m; sourceTree = "<group>"; };
		309E25951643BEB200492896 /* REUIToolbar.h */ = {isa = PBXFileReference; fileEncoding = 4; lastKnownFileType = sourcecode.c.h; path = REUIToolbar.h; sourceTree = "<group>"; };
		309E25961643BEB200492896 /* REUIToolbar.m */ = {isa = PBXFileReference; fileEncoding = 4; lastKnownFileType = sourcecode.c.objc; path = REUIToolbar.m; sourceTree = "<group>"; };
		309E25971643BEB200492896 /* REUIView.h */ = {isa = PBXFileReference; fileEncoding = 4; lastKnownFileType = sourcecode.c.h; path = REUIView.h; sourceTree = "<group>"; };
		309E25981643BEB200492896 /* REUIView.m */ = {isa = PBXFileReference; fileEncoding = 4; lastKnownFileType = sourcecode.c.objc; path = REUIView.m; sourceTree = "<group>"; };
		309E25991643BEB200492896 /* REUIViewController.h */ = {isa = PBXFileReference; fileEncoding = 4; lastKnownFileType = sourcecode.c.h; path = REUIViewController.h; sourceTree = "<group>"; };
		309E259A1643BEB200492896 /* REUIViewController.m */ = {isa = PBXFileReference; fileEncoding = 4; lastKnownFileType = sourcecode.c.objc; path = REUIViewController.m; sourceTree = "<group>"; };
		309E259C1643BEB200492896 /* RWObjC.h */ = {isa = PBXFileReference; fileEncoding = 4; lastKnownFileType = sourcecode.c.h; path = RWObjC.h; sourceTree = "<group>"; };
		309E259D1643BEB200492896 /* RWObjC.m */ = {isa = PBXFileReference; fileEncoding = 4; lastKnownFileType = sourcecode.c.objc; path = RWObjC.m; sourceTree = "<group>"; };
		309E259E1643BEB200492896 /* RWObjCWrapper.h */ = {isa = PBXFileReference; fileEncoding = 4; lastKnownFileType = sourcecode.c.h; path = RWObjCWrapper.h; sourceTree = "<group>"; };
		309E259F1643BEB200492896 /* RWObjCWrapper.m */ = {isa = PBXFileReference; fileEncoding = 4; lastKnownFileType = sourcecode.c.objc; path = RWObjCWrapper.m; sourceTree = "<group>"; };
		30E21AF01599B76C00DDE278 /* RFUIKitFramework.app */ = {isa = PBXFileReference; explicitFileType = wrapper.application; includeInIndex = 0; path = RFUIKitFramework.app; sourceTree = BUILT_PRODUCTS_DIR; };
		30E21AF41599B76C00DDE278 /* UIKit.framework */ = {isa = PBXFileReference; lastKnownFileType = wrapper.framework; name = UIKit.framework; path = System/Library/Frameworks/UIKit.framework; sourceTree = SDKROOT; };
		30E21AF61599B76C00DDE278 /* Foundation.framework */ = {isa = PBXFileReference; lastKnownFileType = wrapper.framework; name = Foundation.framework; path = System/Library/Frameworks/Foundation.framework; sourceTree = SDKROOT; };
		30E21AF81599B76C00DDE278 /* CoreGraphics.framework */ = {isa = PBXFileReference; lastKnownFileType = wrapper.framework; name = CoreGraphics.framework; path = System/Library/Frameworks/CoreGraphics.framework; sourceTree = SDKROOT; };
		30E21AFC1599B76C00DDE278 /* RFUIKitFramework-Info.plist */ = {isa = PBXFileReference; lastKnownFileType = text.plist.xml; path = "RFUIKitFramework-Info.plist"; sourceTree = "<group>"; };
		30E21B001599B76C00DDE278 /* main.m */ = {isa = PBXFileReference; lastKnownFileType = sourcecode.c.objc; path = main.m; sourceTree = "<group>"; };
		30E21B021599B76C00DDE278 /* RFUIKitFramework-Prefix.pch */ = {isa = PBXFileReference; lastKnownFileType = sourcecode.c.h; path = "RFUIKitFramework-Prefix.pch"; sourceTree = "<group>"; };
		30E21B031599B76C00DDE278 /* RFAppDelegate.h */ = {isa = PBXFileReference; lastKnownFileType = sourcecode.c.h; path = RFAppDelegate.h; sourceTree = "<group>"; };
		30E21B041599B76C00DDE278 /* RFAppDelegate.m */ = {isa = PBXFileReference; lastKnownFileType = sourcecode.c.objc; path = RFAppDelegate.m; sourceTree = "<group>"; };
		30E21B2A1599B7E600DDE278 /* CoreFoundation.framework */ = {isa = PBXFileReference; lastKnownFileType = wrapper.framework; name = CoreFoundation.framework; path = System/Library/Frameworks/CoreFoundation.framework; sourceTree = SDKROOT; };
/* End PBXFileReference section */

/* Begin PBXFrameworksBuildPhase section */
		30E21AED1599B76C00DDE278 /* Frameworks */ = {
			isa = PBXFrameworksBuildPhase;
			buildActionMask = 2147483647;
			files = (
				30E21B2B1599B7E600DDE278 /* CoreFoundation.framework in Frameworks */,
				30E21AF91599B76C00DDE278 /* CoreGraphics.framework in Frameworks */,
				30E21AF71599B76C00DDE278 /* Foundation.framework in Frameworks */,
				30E21AF51599B76C00DDE278 /* UIKit.framework in Frameworks */,
			);
			runOnlyForDeploymentPostprocessing = 0;
		};
/* End PBXFrameworksBuildPhase section */

/* Begin PBXGroup section */
		3039D06315CA5DED005D1E2B /* UserInterface */ = {
			isa = PBXGroup;
			children = (
				3039D06415CA5E23005D1E2B /* Test */,
				3039D06B15CA6E52005D1E2B /* TreeView */,
			);
			path = UserInterface;
			sourceTree = "<group>";
		};
		3039D06415CA5E23005D1E2B /* Test */ = {
			isa = PBXGroup;
			children = (
				3039D06515CA5E38005D1E2B /* RFTestView.h */,
				3039D06615CA5E38005D1E2B /* RFTestView.m */,
				3039D06815CA5E51005D1E2B /* RFTestViewController.h */,
				3039D06915CA5E51005D1E2B /* RFTestViewController.m */,
			);
			path = Test;
			sourceTree = "<group>";
		};
		3039D06B15CA6E52005D1E2B /* TreeView */ = {
			isa = PBXGroup;
			children = (
			);
			path = TreeView;
			sourceTree = "<group>";
		};
		306FD11115D699AB003102D6 /* External */ = {
			isa = PBXGroup;
			children = (
				309E25551643BEB200492896 /* REExtendedFoundation */,
				309E257E1643BEB200492896 /* REExtendedUIKit */,
				309E259B1643BEB200492896 /* RWObjCWrapper */,
			);
			path = External;
			sourceTree = "<group>";
		};
		307BD62A1634B2EF00178FC2 /* Resources */ = {
			isa = PBXGroup;
			children = (
				307BD62B1634B2EF00178FC2 /* System */,
			);
			path = Resources;
			sourceTree = "<group>";
		};
		307BD62B1634B2EF00178FC2 /* System */ = {
			isa = PBXGroup;
			children = (
				307BD62C1634B2EF00178FC2 /* Default-568h@2x.png */,
			);
			path = System;
			sourceTree = "<group>";
		};
		309E25551643BEB200492896 /* REExtendedFoundation */ = {
			isa = PBXGroup;
			children = (
				309E25561643BEB200492896 /* REBase256.h */,
				309E25571643BEB200492896 /* REBase256.m */,
				309E25581643BEB200492896 /* REExtendedFoundation.h */,
				309E25591643BEB200492896 /* REExtendedFoundation.m */,
				309E255A1643BEB200492896 /* RENSArray.h */,
				309E255B1643BEB200492896 /* RENSArray.m */,
				309E255C1643BEB200492896 /* RENSDateFormatter.h */,
				309E255D1643BEB200492896 /* RENSDateFormatter.m */,
				309E255E1643BEB200492896 /* RENSDictionary.h */,
				309E255F1643BEB200492896 /* RENSDictionary.m */,
				309E25601643BEB200492896 /* RENSFileManager.h */,
				309E25611643BEB200492896 /* RENSFileManager.m */,
				309E25621643BEB200492896 /* RENSIndexPath.h */,
				309E25631643BEB200492896 /* RENSIndexPath.m */,
				309E25641643BEB200492896 /* RENSInvocation.h */,
				309E25651643BEB200492896 /* RENSInvocation.m */,
				309E25661643BEB200492896 /* RENSLocale.h */,
				309E25671643BEB200492896 /* RENSLocale.m */,
				309E25681643BEB200492896 /* RENSNotification.h */,
				309E25691643BEB200492896 /* RENSNotification.m */,
				309E256A1643BEB200492896 /* RENSNotificationQueue.h */,
				309E256B1643BEB200492896 /* RENSNotificationQueue.m */,
				309E256C1643BEB200492896 /* RENSNumber.h */,
				309E256D1643BEB200492896 /* RENSNumber.m */,
				309E256E1643BEB200492896 /* RENSObjCRuntime.h */,
				309E256F1643BEB200492896 /* RENSObjCRuntime.m */,
				309E25701643BEB200492896 /* RENSObject.h */,
				309E25711643BEB200492896 /* RENSObject.m */,
				309E25721643BEB200492896 /* RENSPropertyList.h */,
				309E25731643BEB200492896 /* RENSPropertyList.m */,
				309E25741643BEB200492896 /* RENSRange.h */,
				309E25751643BEB200492896 /* RENSRange.m */,
				309E25761643BEB200492896 /* RENSStream.h */,
				309E25771643BEB200492896 /* RENSStream.m */,
				309E25781643BEB200492896 /* RENSString.h */,
				309E25791643BEB200492896 /* RENSString.m */,
				309E257A1643BEB200492896 /* RENSTimer.h */,
				309E257B1643BEB200492896 /* RENSTimer.m */,
				309E257C1643BEB200492896 /* RERFC822.h */,
				309E257D1643BEB200492896 /* RERFC822.m */,
			);
			path = REExtendedFoundation;
			sourceTree = "<group>";
		};
		309E257E1643BEB200492896 /* REExtendedUIKit */ = {
			isa = PBXGroup;
			children = (
				309E257F1643BEB200492896 /* REExtendedUIKit.h */,
				309E25801643BEB200492896 /* REExtendedUIKit.m */,
				309E25811643BEB200492896 /* REUIApplication.h */,
				309E25821643BEB200492896 /* REUIApplication.m */,
				309E25831643BEB200492896 /* REUIColor.h */,
				309E25841643BEB200492896 /* REUIColor.m */,
				309E25851643BEB200492896 /* REUIGeometry.h */,
				309E25861643BEB200492896 /* REUIGeometry.m */,
				309E25871643BEB200492896 /* REUIImage.h */,
				309E25881643BEB200492896 /* REUIImage.m */,
				309E25891643BEB200492896 /* REUILabel.h */,
				309E258A1643BEB200492896 /* REUILabel.m */,
				309E258B1643BEB200492896 /* REUINavigationBar.h */,
				309E258C1643BEB200492896 /* REUINavigationBar.m */,
				309E258D1643BEB200492896 /* REUINavigationController.h */,
				309E258E1643BEB200492896 /* REUINavigationController.m */,
				309E258F1643BEB200492896 /* REUIScreen.h */,
				309E25901643BEB200492896 /* REUIScreen.m */,
				309E25911643BEB200492896 /* REUIScrollView.h */,
				309E25921643BEB200492896 /* REUIScrollView.m */,
				309E25931643BEB200492896 /* REUITableViewCell.h */,
				309E25941643BEB200492896 /* REUITableViewCell.m */,
				309E25951643BEB200492896 /* REUIToolbar.h */,
				309E25961643BEB200492896 /* REUIToolbar.m */,
				309E25971643BEB200492896 /* REUIView.h */,
				309E25981643BEB200492896 /* REUIView.m */,
				309E25991643BEB200492896 /* REUIViewController.h */,
				309E259A1643BEB200492896 /* REUIViewController.m */,
			);
			path = REExtendedUIKit;
			sourceTree = "<group>";
		};
		309E259B1643BEB200492896 /* RWObjCWrapper */ = {
			isa = PBXGroup;
			children = (
				309E259C1643BEB200492896 /* RWObjC.h */,
				309E259D1643BEB200492896 /* RWObjC.m */,
				309E259E1643BEB200492896 /* RWObjCWrapper.h */,
				309E259F1643BEB200492896 /* RWObjCWrapper.m */,
			);
			path = RWObjCWrapper;
			sourceTree = "<group>";
		};
		30E21AE51599B76C00DDE278 = {
			isa = PBXGroup;
			children = (
				30E21AFA1599B76C00DDE278 /* RFUIKitFramework */,
				30E21AF31599B76C00DDE278 /* Frameworks */,
				30E21AF11599B76C00DDE278 /* Products */,
			);
			sourceTree = "<group>";
		};
		30E21AF11599B76C00DDE278 /* Products */ = {
			isa = PBXGroup;
			children = (
				30E21AF01599B76C00DDE278 /* RFUIKitFramework.app */,
			);
			name = Products;
			sourceTree = "<group>";
		};
		30E21AF31599B76C00DDE278 /* Frameworks */ = {
			isa = PBXGroup;
			children = (
				30E21B2A1599B7E600DDE278 /* CoreFoundation.framework */,
				30E21AF81599B76C00DDE278 /* CoreGraphics.framework */,
				30E21AF61599B76C00DDE278 /* Foundation.framework */,
				30E21AF41599B76C00DDE278 /* UIKit.framework */,
			);
			name = Frameworks;
			sourceTree = "<group>";
		};
		30E21AFA1599B76C00DDE278 /* RFUIKitFramework */ = {
			isa = PBXGroup;
			children = (
				306FD11115D699AB003102D6 /* External */,
				30E21B541599BA2800DDE278 /* RFUIKitFramework */,
				3039D06315CA5DED005D1E2B /* UserInterface */,
				30E21B031599B76C00DDE278 /* RFAppDelegate.h */,
				30E21B041599B76C00DDE278 /* RFAppDelegate.m */,
				30E21AFB1599B76C00DDE278 /* Supporting Files */,
				307BD62A1634B2EF00178FC2 /* Resources */,
			);
			path = RFUIKitFramework;
			sourceTree = "<group>";
		};
		30E21AFB1599B76C00DDE278 /* Supporting Files */ = {
			isa = PBXGroup;
			children = (
				30E21AFC1599B76C00DDE278 /* RFUIKitFramework-Info.plist */,
				30E21B001599B76C00DDE278 /* main.m */,
				30E21B021599B76C00DDE278 /* RFUIKitFramework-Prefix.pch */,
			);
			name = "Supporting Files";
			sourceTree = "<group>";
		};
		30E21B541599BA2800DDE278 /* RFUIKitFramework */ = {
			isa = PBXGroup;
			children = (
				309E250D1643BD6200492896 /* RFUIButton.h */,
				309E250E1643BD6200492896 /* RFUIButton.m */,
				309E250F1643BD6200492896 /* RFUICheckView.h */,
				309E25101643BD6200492896 /* RFUICheckView.m */,
				309E25111643BD6200492896 /* RFUIForwardView.h */,
				309E25121643BD6200492896 /* RFUIForwardView.m */,
				309E25131643BD6200492896 /* RFUIImageCheckView.h */,
				309E25141643BD6200492896 /* RFUIImageCheckView.m */,
				309E25151643BD6200492896 /* RFUIImageSplitBackgoundView.h */,
				309E25161643BD6200492896 /* RFUIImageSplitBackgoundView.m */,
				309E25171643BD6200492896 /* RFUIKeyboardCenter.h */,
				309E25181643BD6200492896 /* RFUIKeyboardCenter.m */,
				309E25191643BD6200492896 /* RFUIKeyboardLayoutView.h */,
				309E251A1643BD6200492896 /* RFUIKeyboardLayoutView.m */,
				309E251B1643BD6200492896 /* RFUIKitFramework.h */,
				309E251C1643BD6200492896 /* RFUIKitFramework.m */,
				309E251D1643BD6200492896 /* RFUINavigationController.h */,
				309E251E1643BD6200492896 /* RFUINavigationController.m */,
				309E251F1643BD6200492896 /* RFUIPageScrollView.h */,
				309E25201643BD6200492896 /* RFUIPageScrollView.m */,
				309E25211643BD6200492896 /* RFUIPageScrollViewCell.h */,
				309E25221643BD6200492896 /* RFUIPageScrollViewCell.m */,
				309E25231643BD6200492896 /* RFUIScrollLabel.h */,
				309E25241643BD6200492896 /* RFUIScrollLabel.m */,
				309E25251643BD6200492896 /* RFUISplitBackgoundView.h */,
				309E25261643BD6200492896 /* RFUISplitBackgoundView.m */,
				309E25271643BD6200492896 /* RFUISplitViewController.h */,
				309E25281643BD6200492896 /* RFUISplitViewController.m */,
				309E25291643BD6200492896 /* RFUIStatusBarCenter.h */,
				309E252A1643BD6200492896 /* RFUIStatusBarCenter.m */,
				309E252B1643BD6200492896 /* RFUIStatusBarLayoutView.h */,
				309E252C1643BD6200492896 /* RFUIStatusBarLayoutView.m */,
				309E252D1643BD6200492896 /* RFUITabBarController.h */,
				309E252E1643BD6200492896 /* RFUITabBarController.m */,
				309E252F1643BD6200492896 /* RFUITableViewController.h */,
				309E25301643BD6200492896 /* RFUITableViewController.m */,
				309E25311643BD6200492896 /* RFUITextField.h */,
				309E25321643BD6200492896 /* RFUITextField.m */,
				309E25331643BD6200492896 /* RFUITreeView.h */,
				309E25341643BD6200492896 /* RFUITreeView.m */,
				309E25351643BD6200492896 /* RFUITreeViewCell.h */,
				309E25361643BD6200492896 /* RFUITreeViewCell.m */,
				309E25371643BD6200492896 /* RFUITreeViewNode.h */,
				309E25381643BD6200492896 /* RFUITreeViewNode.m */,
				309E25391643BD6200492896 /* RFUITreeViewRowAnimation.h */,
				309E253A1643BD6200492896 /* RFUITreeViewRowAnimation.m */,
				309E253B1643BD6200492896 /* RFUIViewController.h */,
				309E253C1643BD6200492896 /* RFUIViewController.m */,
			);
			path = RFUIKitFramework;
			sourceTree = "<group>";
		};
/* End PBXGroup section */

/* Begin PBXNativeTarget section */
		30E21AEF1599B76C00DDE278 /* RFUIKitFramework */ = {
			isa = PBXNativeTarget;
			buildConfigurationList = 30E21B221599B76C00DDE278 /* Build configuration list for PBXNativeTarget "RFUIKitFramework" */;
			buildPhases = (
				30E21AEC1599B76C00DDE278 /* Sources */,
				30E21AED1599B76C00DDE278 /* Frameworks */,
				30E21AEE1599B76C00DDE278 /* Resources */,
				3061A7DD15D0E969009F3E99 /* Enable Comment Tags */,
			);
			buildRules = (
			);
			dependencies = (
			);
			name = RFUIKitFramework;
			productName = RFUIKitFramework;
			productReference = 30E21AF01599B76C00DDE278 /* RFUIKitFramework.app */;
			productType = "com.apple.product-type.application";
		};
/* End PBXNativeTarget section */

/* Begin PBXProject section */
		30E21AE71599B76C00DDE278 /* Project object */ = {
			isa = PBXProject;
			attributes = {
				CLASSPREFIX = RF;
				LastUpgradeCheck = 0430;
				ORGANIZATIONNAME = Oliromole;
			};
			buildConfigurationList = 30E21AEA1599B76C00DDE278 /* Build configuration list for PBXProject "RFUIKitFramework" */;
			compatibilityVersion = "Xcode 3.2";
			developmentRegion = English;
			hasScannedForEncodings = 0;
			knownRegions = (
				en,
			);
			mainGroup = 30E21AE51599B76C00DDE278;
			productRefGroup = 30E21AF11599B76C00DDE278 /* Products */;
			projectDirPath = "";
			projectRoot = "";
			targets = (
				30E21AEF1599B76C00DDE278 /* RFUIKitFramework */,
			);
		};
/* End PBXProject section */

/* Begin PBXResourcesBuildPhase section */
		30E21AEE1599B76C00DDE278 /* Resources */ = {
			isa = PBXResourcesBuildPhase;
			buildActionMask = 2147483647;
			files = (
				307BD62D1634B2EF00178FC2 /* Default-568h@2x.png in Resources */,
			);
			runOnlyForDeploymentPostprocessing = 0;
		};
/* End PBXResourcesBuildPhase section */

/* Begin PBXShellScriptBuildPhase section */
		3061A7DD15D0E969009F3E99 /* Enable Comment Tags */ = {
			isa = PBXShellScriptBuildPhase;
			buildActionMask = 2147483647;
			files = (
			);
			inputPaths = (
			);
			name = "Enable Comment Tags";
			outputPaths = (
			);
			runOnlyForDeploymentPostprocessing = 0;
			shellPath = /bin/sh;
			shellScript = "KEYWORDS=\"\\/\\/ RFUIKITFRAMEWORKTODO:|\\/\\/ TODO:|\\/\\/ FIXME:|\\/\\/ \\?\\?\\?:|\\/\\/ \\!\\!\\!:\"\nfind \"${SRCROOT}\" \\( -name \"*.h\" -or -name \"*.m\" \\) -print0 | xargs -0 egrep --with-filename --line-number --only-matching \"($KEYWORDS).*\\$\" | perl -p -e \"s/($KEYWORDS)/ warning: \\$1/\"";
		};
/* End PBXShellScriptBuildPhase section */

/* Begin PBXSourcesBuildPhase section */
		30E21AEC1599B76C00DDE278 /* Sources */ = {
			isa = PBXSourcesBuildPhase;
			buildActionMask = 2147483647;
			files = (
				30E21B011599B76C00DDE278 /* main.m in Sources */,
				30E21B051599B76C00DDE278 /* RFAppDelegate.m in Sources */,
				3039D06715CA5E38005D1E2B /* RFTestView.m in Sources */,
				3039D06A15CA5E51005D1E2B /* RFTestViewController.m in Sources */,
				309E253D1643BD6200492896 /* RFUIButton.m in Sources */,
				309E253E1643BD6200492896 /* RFUICheckView.m in Sources */,
				309E253F1643BD6200492896 /* RFUIForwardView.m in Sources */,
				309E25401643BD6200492896 /* RFUIImageCheckView.m in Sources */,
				309E25411643BD6200492896 /* RFUIImageSplitBackgoundView.m in Sources */,
				309E25421643BD6200492896 /* RFUIKeyboardCenter.m in Sources */,
				309E25431643BD6200492896 /* RFUIKeyboardLayoutView.m in Sources */,
				309E25441643BD6200492896 /* RFUIKitFramework.m in Sources */,
				309E25451643BD6200492896 /* RFUINavigationController.m in Sources */,
				309E25461643BD6200492896 /* RFUIPageScrollView.m in Sources */,
				309E25471643BD6200492896 /* RFUIPageScrollViewCell.m in Sources */,
				309E25481643BD6200492896 /* RFUIScrollLabel.m in Sources */,
				309E25491643BD6200492896 /* RFUISplitBackgoundView.m in Sources */,
				309E254A1643BD6200492896 /* RFUISplitViewController.m in Sources */,
				309E254B1643BD6200492896 /* RFUIStatusBarCenter.m in Sources */,
				309E254C1643BD6200492896 /* RFUIStatusBarLayoutView.m in Sources */,
				309E254D1643BD6200492896 /* RFUITabBarController.m in Sources */,
				309E254E1643BD6200492896 /* RFUITableViewController.m in Sources */,
				309E254F1643BD6200492896 /* RFUITextField.m in Sources */,
				309E25501643BD6200492896 /* RFUITreeView.m in Sources */,
				309E25511643BD6200492896 /* RFUITreeViewCell.m in Sources */,
				309E25521643BD6200492896 /* RFUITreeViewNode.m in Sources */,
				309E25531643BD6200492896 /* RFUITreeViewRowAnimation.m in Sources */,
				309E25541643BD6200492896 /* RFUIViewController.m in Sources */,
				309E25A01643BEB200492896 /* REBase256.m in Sources */,
				309E25A11643BEB200492896 /* REExtendedFoundation.m in Sources */,
				309E25A21643BEB200492896 /* RENSArray.m in Sources */,
				309E25A31643BEB200492896 /* RENSDateFormatter.m in Sources */,
				309E25A41643BEB200492896 /* RENSDictionary.m in Sources */,
				309E25A51643BEB200492896 /* RENSFileManager.m in Sources */,
				309E25A61643BEB200492896 /* RENSIndexPath.m in Sources */,
				309E25A71643BEB200492896 /* RENSInvocation.m in Sources */,
				309E25A81643BEB200492896 /* RENSLocale.m in Sources */,
				309E25A91643BEB200492896 /* RENSNotification.m in Sources */,
				309E25AA1643BEB200492896 /* RENSNotificationQueue.m in Sources */,
				309E25AB1643BEB200492896 /* RENSNumber.m in Sources */,
				309E25AC1643BEB200492896 /* RENSObjCRuntime.m in Sources */,
				309E25AD1643BEB200492896 /* RENSObject.m in Sources */,
				309E25AE1643BEB200492896 /* RENSPropertyList.m in Sources */,
				309E25AF1643BEB200492896 /* RENSRange.m in Sources */,
				309E25B01643BEB200492896 /* RENSStream.m in Sources */,
				309E25B11643BEB200492896 /* RENSString.m in Sources */,
				309E25B21643BEB200492896 /* RENSTimer.m in Sources */,
				309E25B31643BEB200492896 /* RERFC822.m in Sources */,
				309E25B41643BEB200492896 /* REExtendedUIKit.m in Sources */,
				309E25B51643BEB200492896 /* REUIApplication.m in Sources */,
				309E25B61643BEB200492896 /* REUIColor.m in Sources */,
				309E25B71643BEB200492896 /* REUIGeometry.m in Sources */,
				309E25B81643BEB200492896 /* REUIImage.m in Sources */,
				309E25B91643BEB200492896 /* REUILabel.m in Sources */,
				309E25BA1643BEB200492896 /* REUINavigationBar.m in Sources */,
				309E25BB1643BEB200492896 /* REUINavigationController.m in Sources */,
				309E25BC1643BEB200492896 /* REUIScreen.m in Sources */,
				309E25BD1643BEB200492896 /* REUIScrollView.m in Sources */,
				309E25BE1643BEB200492896 /* REUITableViewCell.m in Sources */,
				309E25BF1643BEB200492896 /* REUIToolbar.m in Sources */,
				309E25C01643BEB200492896 /* REUIView.m in Sources */,
				309E25C11643BEB200492896 /* REUIViewController.m in Sources */,
				309E25C21643BEB200492896 /* RWObjC.m in Sources */,
				309E25C31643BEB200492896 /* RWObjCWrapper.m in Sources */,
			);
			runOnlyForDeploymentPostprocessing = 0;
		};
/* End PBXSourcesBuildPhase section */

/* Begin XCBuildConfiguration section */
		30E21B201599B76C00DDE278 /* Debug */ = {
			isa = XCBuildConfiguration;
			buildSettings = {
				ALWAYS_SEARCH_USER_PATHS = NO;
				ARCHS = "$(ARCHS_STANDARD_32_BIT)";
				CLANG_WARN_OBJC_MISSING_PROPERTY_SYNTHESIS = YES;
				"CODE_SIGN_IDENTITY[sdk=iphoneos*]" = "iPhone Developer";
				COPY_PHASE_STRIP = NO;
				GCC_C_LANGUAGE_STANDARD = gnu99;
				GCC_DYNAMIC_NO_PIC = NO;
				GCC_OPTIMIZATION_LEVEL = 0;
				GCC_PREPROCESSOR_DEFINITIONS = (
					"DEBUG=1",
					"$(inherited)",
				);
				GCC_SYMBOLS_PRIVATE_EXTERN = NO;
				GCC_VERSION = com.apple.compilers.llvm.clang.1_0;
				GCC_WARN_ABOUT_MISSING_NEWLINE = YES;
				GCC_WARN_ABOUT_RETURN_TYPE = YES;
				GCC_WARN_UNINITIALIZED_AUTOS = YES;
				GCC_WARN_UNKNOWN_PRAGMAS = YES;
				GCC_WARN_UNUSED_VARIABLE = YES;
				IPHONEOS_DEPLOYMENT_TARGET = 4.0;
				SDKROOT = iphoneos;
				TARGETED_DEVICE_FAMILY = "1,2";
			};
			name = Debug;
		};
		30E21B211599B76C00DDE278 /* Release */ = {
			isa = XCBuildConfiguration;
			buildSettings = {
				ALWAYS_SEARCH_USER_PATHS = NO;
				ARCHS = "$(ARCHS_STANDARD_32_BIT)";
				CLANG_WARN_OBJC_MISSING_PROPERTY_SYNTHESIS = YES;
				"CODE_SIGN_IDENTITY[sdk=iphoneos*]" = "iPhone Developer";
				COPY_PHASE_STRIP = YES;
				GCC_C_LANGUAGE_STANDARD = gnu99;
				GCC_VERSION = com.apple.compilers.llvm.clang.1_0;
				GCC_WARN_ABOUT_MISSING_NEWLINE = YES;
				GCC_WARN_ABOUT_RETURN_TYPE = YES;
				GCC_WARN_UNINITIALIZED_AUTOS = YES;
				GCC_WARN_UNKNOWN_PRAGMAS = YES;
				GCC_WARN_UNUSED_VARIABLE = YES;
				IPHONEOS_DEPLOYMENT_TARGET = 4.0;
				OTHER_CFLAGS = "-DNS_BLOCK_ASSERTIONS=1";
				SDKROOT = iphoneos;
				TARGETED_DEVICE_FAMILY = "1,2";
				VALIDATE_PRODUCT = YES;
			};
			name = Release;
		};
		30E21B231599B76C00DDE278 /* Debug */ = {
			isa = XCBuildConfiguration;
			buildSettings = {
				GCC_PRECOMPILE_PREFIX_HEADER = YES;
				GCC_PREFIX_HEADER = "RFUIKitFramework/RFUIKitFramework-Prefix.pch";
				INFOPLIST_FILE = "RFUIKitFramework/RFUIKitFramework-Info.plist";
				PRODUCT_NAME = "$(TARGET_NAME)";
				WRAPPER_EXTENSION = app;
			};
			name = Debug;
		};
		30E21B241599B76C00DDE278 /* Release */ = {
			isa = XCBuildConfiguration;
			buildSettings = {
				GCC_PRECOMPILE_PREFIX_HEADER = YES;
				GCC_PREFIX_HEADER = "RFUIKitFramework/RFUIKitFramework-Prefix.pch";
				INFOPLIST_FILE = "RFUIKitFramework/RFUIKitFramework-Info.plist";
				PRODUCT_NAME = "$(TARGET_NAME)";
				WRAPPER_EXTENSION = app;
			};
			name = Release;
		};
/* End XCBuildConfiguration section */

/* Begin XCConfigurationList section */
		30E21AEA1599B76C00DDE278 /* Build configuration list for PBXProject "RFUIKitFramework" */ = {
			isa = XCConfigurationList;
			buildConfigurations = (
				30E21B201599B76C00DDE278 /* Debug */,
				30E21B211599B76C00DDE278 /* Release */,
			);
			defaultConfigurationIsVisible = 0;
			defaultConfigurationName = Release;
		};
		30E21B221599B76C00DDE278 /* Build configuration list for PBXNativeTarget "RFUIKitFramework" */ = {
			isa = XCConfigurationList;
			buildConfigurations = (
				30E21B231599B76C00DDE278 /* Debug */,
				30E21B241599B76C00DDE278 /* Release */,
			);
			defaultConfigurationIsVisible = 0;
			defaultConfigurationName = Release;
		};
/* End XCConfigurationList section */
	};
	rootObject = 30E21AE71599B76C00DDE278 /* Project object */;
}
