// !$*UTF8*$!
{
	archiveVersion = 1;
	classes = {
	};
	objectVersion = 46;
	objects = {

/* Begin PBXBuildFile section */
		30046B4415AE0FC300B8AF5C /* RFUINavigationController.m in Sources */ = {isa = PBXBuildFile; fileRef = 30046B4315AE0FC300B8AF5C /* RFUINavigationController.m */; };
		30046B4815AE10A500B8AF5C /* RFUITableViewController.m in Sources */ = {isa = PBXBuildFile; fileRef = 30046B4715AE10A500B8AF5C /* RFUITableViewController.m */; };
		30046B4B15AE117900B8AF5C /* RFUISplitViewController.m in Sources */ = {isa = PBXBuildFile; fileRef = 30046B4A15AE117900B8AF5C /* RFUISplitViewController.m */; };
		30046B5215AE128F00B8AF5C /* RFUITabBarController.m in Sources */ = {isa = PBXBuildFile; fileRef = 30046B5115AE128F00B8AF5C /* RFUITabBarController.m */; };
		3013E04C15AE0868002045FB /* RFUIViewController.m in Sources */ = {isa = PBXBuildFile; fileRef = 3013E04B15AE0868002045FB /* RFUIViewController.m */; };
		301A2531159F2B7C00B906C6 /* RFUITextField.m in Sources */ = {isa = PBXBuildFile; fileRef = 301A2530159F2B7C00B906C6 /* RFUITextField.m */; };
		301A2540159F2BA900B906C6 /* REExtendedUIKit.m in Sources */ = {isa = PBXBuildFile; fileRef = 301A2535159F2BA900B906C6 /* REExtendedUIKit.m */; };
		301A2541159F2BA900B906C6 /* REUIColor.m in Sources */ = {isa = PBXBuildFile; fileRef = 301A2537159F2BA900B906C6 /* REUIColor.m */; };
		301A2542159F2BA900B906C6 /* REUIGeometry.m in Sources */ = {isa = PBXBuildFile; fileRef = 301A2539159F2BA900B906C6 /* REUIGeometry.m */; };
		301A2543159F2BA900B906C6 /* REUILabel.m in Sources */ = {isa = PBXBuildFile; fileRef = 301A253B159F2BA900B906C6 /* REUILabel.m */; };
		301A2544159F2BA900B906C6 /* REUIScrollView.m in Sources */ = {isa = PBXBuildFile; fileRef = 301A253D159F2BA900B906C6 /* REUIScrollView.m */; };
		301A2545159F2BA900B906C6 /* REUIView.m in Sources */ = {isa = PBXBuildFile; fileRef = 301A253F159F2BA900B906C6 /* REUIView.m */; };
		301AB46215C6F92000E91822 /* RFUIForwardView.m in Sources */ = {isa = PBXBuildFile; fileRef = 301AB46115C6F92000E91822 /* RFUIForwardView.m */; };
		30682A62159A477900D050CA /* RFUIKeyboardCenter.m in Sources */ = {isa = PBXBuildFile; fileRef = 30682A5F159A477900D050CA /* RFUIKeyboardCenter.m */; };
		30682A63159A477900D050CA /* RFUIKeyboardLayoutView.m in Sources */ = {isa = PBXBuildFile; fileRef = 30682A61159A477900D050CA /* RFUIKeyboardLayoutView.m */; };
		30972E26159B1BCE005D9B17 /* RFUISplitBackgoundView.m in Sources */ = {isa = PBXBuildFile; fileRef = 30972E25159B1BCE005D9B17 /* RFUISplitBackgoundView.m */; };
		30E13D3C15AC15C5007998D6 /* RFUIButton.m in Sources */ = {isa = PBXBuildFile; fileRef = 30E13D3B15AC15C5007998D6 /* RFUIButton.m */; };
		30E21AF51599B76C00DDE278 /* UIKit.framework in Frameworks */ = {isa = PBXBuildFile; fileRef = 30E21AF41599B76C00DDE278 /* UIKit.framework */; };
		30E21AF71599B76C00DDE278 /* Foundation.framework in Frameworks */ = {isa = PBXBuildFile; fileRef = 30E21AF61599B76C00DDE278 /* Foundation.framework */; };
		30E21AF91599B76C00DDE278 /* CoreGraphics.framework in Frameworks */ = {isa = PBXBuildFile; fileRef = 30E21AF81599B76C00DDE278 /* CoreGraphics.framework */; };
		30E21B011599B76C00DDE278 /* main.m in Sources */ = {isa = PBXBuildFile; fileRef = 30E21B001599B76C00DDE278 /* main.m */; };
		30E21B051599B76C00DDE278 /* RFAppDelegate.m in Sources */ = {isa = PBXBuildFile; fileRef = 30E21B041599B76C00DDE278 /* RFAppDelegate.m */; };
		30E21B2B1599B7E600DDE278 /* CoreFoundation.framework in Frameworks */ = {isa = PBXBuildFile; fileRef = 30E21B2A1599B7E600DDE278 /* CoreFoundation.framework */; };
		30E21B571599BA6300DDE278 /* RFUIKitFramework.m in Sources */ = {isa = PBXBuildFile; fileRef = 30E21B561599BA6300DDE278 /* RFUIKitFramework.m */; };
		30F7725015AD4342006D925F /* RFUIImageSplitBackgoundView.m in Sources */ = {isa = PBXBuildFile; fileRef = 30F7724F15AD4342006D925F /* RFUIImageSplitBackgoundView.m */; };
		30F772F915AD5736006D925F /* RFUICheckView.m in Sources */ = {isa = PBXBuildFile; fileRef = 30F772F815AD5736006D925F /* RFUICheckView.m */; };
		30F772FC15AD8930006D925F /* RFUIImageCheckView.m in Sources */ = {isa = PBXBuildFile; fileRef = 30F772FB15AD8930006D925F /* RFUIImageCheckView.m */; };
/* End PBXBuildFile section */

/* Begin PBXFileReference section */
		30046B4215AE0FC300B8AF5C /* RFUINavigationController.h */ = {isa = PBXFileReference; fileEncoding = 4; lastKnownFileType = sourcecode.c.h; path = RFUINavigationController.h; sourceTree = "<group>"; };
		30046B4315AE0FC300B8AF5C /* RFUINavigationController.m */ = {isa = PBXFileReference; fileEncoding = 4; lastKnownFileType = sourcecode.c.objc; path = RFUINavigationController.m; sourceTree = "<group>"; };
		30046B4615AE10A500B8AF5C /* RFUITableViewController.h */ = {isa = PBXFileReference; fileEncoding = 4; lastKnownFileType = sourcecode.c.h; path = RFUITableViewController.h; sourceTree = "<group>"; };
		30046B4715AE10A500B8AF5C /* RFUITableViewController.m */ = {isa = PBXFileReference; fileEncoding = 4; lastKnownFileType = sourcecode.c.objc; path = RFUITableViewController.m; sourceTree = "<group>"; };
		30046B4915AE117900B8AF5C /* RFUISplitViewController.h */ = {isa = PBXFileReference; fileEncoding = 4; lastKnownFileType = sourcecode.c.h; path = RFUISplitViewController.h; sourceTree = "<group>"; };
		30046B4A15AE117900B8AF5C /* RFUISplitViewController.m */ = {isa = PBXFileReference; fileEncoding = 4; lastKnownFileType = sourcecode.c.objc; path = RFUISplitViewController.m; sourceTree = "<group>"; };
		30046B5015AE128F00B8AF5C /* RFUITabBarController.h */ = {isa = PBXFileReference; fileEncoding = 4; lastKnownFileType = sourcecode.c.h; path = RFUITabBarController.h; sourceTree = "<group>"; };
		30046B5115AE128F00B8AF5C /* RFUITabBarController.m */ = {isa = PBXFileReference; fileEncoding = 4; lastKnownFileType = sourcecode.c.objc; path = RFUITabBarController.m; sourceTree = "<group>"; };
		3013E04A15AE0868002045FB /* RFUIViewController.h */ = {isa = PBXFileReference; fileEncoding = 4; lastKnownFileType = sourcecode.c.h; path = RFUIViewController.h; sourceTree = "<group>"; };
		3013E04B15AE0868002045FB /* RFUIViewController.m */ = {isa = PBXFileReference; fileEncoding = 4; lastKnownFileType = sourcecode.c.objc; path = RFUIViewController.m; sourceTree = "<group>"; };
		301A252F159F2B7C00B906C6 /* RFUITextField.h */ = {isa = PBXFileReference; fileEncoding = 4; lastKnownFileType = sourcecode.c.h; path = RFUITextField.h; sourceTree = "<group>"; };
		301A2530159F2B7C00B906C6 /* RFUITextField.m */ = {isa = PBXFileReference; fileEncoding = 4; lastKnownFileType = sourcecode.c.objc; path = RFUITextField.m; sourceTree = "<group>"; };
		301A2534159F2BA900B906C6 /* REExtendedUIKit.h */ = {isa = PBXFileReference; fileEncoding = 4; lastKnownFileType = sourcecode.c.h; path = REExtendedUIKit.h; sourceTree = "<group>"; };
		301A2535159F2BA900B906C6 /* REExtendedUIKit.m */ = {isa = PBXFileReference; fileEncoding = 4; lastKnownFileType = sourcecode.c.objc; path = REExtendedUIKit.m; sourceTree = "<group>"; };
		301A2536159F2BA900B906C6 /* REUIColor.h */ = {isa = PBXFileReference; fileEncoding = 4; lastKnownFileType = sourcecode.c.h; path = REUIColor.h; sourceTree = "<group>"; };
		301A2537159F2BA900B906C6 /* REUIColor.m */ = {isa = PBXFileReference; fileEncoding = 4; lastKnownFileType = sourcecode.c.objc; path = REUIColor.m; sourceTree = "<group>"; };
		301A2538159F2BA900B906C6 /* REUIGeometry.h */ = {isa = PBXFileReference; fileEncoding = 4; lastKnownFileType = sourcecode.c.h; path = REUIGeometry.h; sourceTree = "<group>"; };
		301A2539159F2BA900B906C6 /* REUIGeometry.m */ = {isa = PBXFileReference; fileEncoding = 4; lastKnownFileType = sourcecode.c.objc; path = REUIGeometry.m; sourceTree = "<group>"; };
		301A253A159F2BA900B906C6 /* REUILabel.h */ = {isa = PBXFileReference; fileEncoding = 4; lastKnownFileType = sourcecode.c.h; path = REUILabel.h; sourceTree = "<group>"; };
		301A253B159F2BA900B906C6 /* REUILabel.m */ = {isa = PBXFileReference; fileEncoding = 4; lastKnownFileType = sourcecode.c.objc; path = REUILabel.m; sourceTree = "<group>"; };
		301A253C159F2BA900B906C6 /* REUIScrollView.h */ = {isa = PBXFileReference; fileEncoding = 4; lastKnownFileType = sourcecode.c.h; path = REUIScrollView.h; sourceTree = "<group>"; };
		301A253D159F2BA900B906C6 /* REUIScrollView.m */ = {isa = PBXFileReference; fileEncoding = 4; lastKnownFileType = sourcecode.c.objc; path = REUIScrollView.m; sourceTree = "<group>"; };
		301A253E159F2BA900B906C6 /* REUIView.h */ = {isa = PBXFileReference; fileEncoding = 4; lastKnownFileType = sourcecode.c.h; path = REUIView.h; sourceTree = "<group>"; };
		301A253F159F2BA900B906C6 /* REUIView.m */ = {isa = PBXFileReference; fileEncoding = 4; lastKnownFileType = sourcecode.c.objc; path = REUIView.m; sourceTree = "<group>"; };
		301AB46015C6F92000E91822 /* RFUIForwardView.h */ = {isa = PBXFileReference; fileEncoding = 4; lastKnownFileType = sourcecode.c.h; path = RFUIForwardView.h; sourceTree = "<group>"; };
		301AB46115C6F92000E91822 /* RFUIForwardView.m */ = {isa = PBXFileReference; fileEncoding = 4; lastKnownFileType = sourcecode.c.objc; path = RFUIForwardView.m; sourceTree = "<group>"; };
		30682A5E159A477900D050CA /* RFUIKeyboardCenter.h */ = {isa = PBXFileReference; fileEncoding = 4; lastKnownFileType = sourcecode.c.h; path = RFUIKeyboardCenter.h; sourceTree = "<group>"; };
		30682A5F159A477900D050CA /* RFUIKeyboardCenter.m */ = {isa = PBXFileReference; fileEncoding = 4; lastKnownFileType = sourcecode.c.objc; path = RFUIKeyboardCenter.m; sourceTree = "<group>"; };
		30682A60159A477900D050CA /* RFUIKeyboardLayoutView.h */ = {isa = PBXFileReference; fileEncoding = 4; lastKnownFileType = sourcecode.c.h; path = RFUIKeyboardLayoutView.h; sourceTree = "<group>"; };
		30682A61159A477900D050CA /* RFUIKeyboardLayoutView.m */ = {isa = PBXFileReference; fileEncoding = 4; lastKnownFileType = sourcecode.c.objc; path = RFUIKeyboardLayoutView.m; sourceTree = "<group>"; };
		30972E24159B1BCE005D9B17 /* RFUISplitBackgoundView.h */ = {isa = PBXFileReference; fileEncoding = 4; lastKnownFileType = sourcecode.c.h; path = RFUISplitBackgoundView.h; sourceTree = "<group>"; };
		30972E25159B1BCE005D9B17 /* RFUISplitBackgoundView.m */ = {isa = PBXFileReference; fileEncoding = 4; lastKnownFileType = sourcecode.c.objc; path = RFUISplitBackgoundView.m; sourceTree = "<group>"; };
		30E13D3A15AC15C5007998D6 /* RFUIButton.h */ = {isa = PBXFileReference; fileEncoding = 4; lastKnownFileType = sourcecode.c.h; path = RFUIButton.h; sourceTree = "<group>"; };
		30E13D3B15AC15C5007998D6 /* RFUIButton.m */ = {isa = PBXFileReference; fileEncoding = 4; lastKnownFileType = sourcecode.c.objc; path = RFUIButton.m; sourceTree = "<group>"; };
		30E21AF01599B76C00DDE278 /* RFUIKitFramework.app */ = {isa = PBXFileReference; explicitFileType = wrapper.application; includeInIndex = 0; path = RFUIKitFramework.app; sourceTree = BUILT_PRODUCTS_DIR; };
		30E21AF41599B76C00DDE278 /* UIKit.framework */ = {isa = PBXFileReference; lastKnownFileType = wrapper.framework; name = UIKit.framework; path = System/Library/Frameworks/UIKit.framework; sourceTree = SDKROOT; };
		30E21AF61599B76C00DDE278 /* Foundation.framework */ = {isa = PBXFileReference; lastKnownFileType = wrapper.framework; name = Foundation.framework; path = System/Library/Frameworks/Foundation.framework; sourceTree = SDKROOT; };
		30E21AF81599B76C00DDE278 /* CoreGraphics.framework */ = {isa = PBXFileReference; lastKnownFileType = wrapper.framework; name = CoreGraphics.framework; path = System/Library/Frameworks/CoreGraphics.framework; sourceTree = SDKROOT; };
		30E21AFC1599B76C00DDE278 /* RFUIKitFramework-Info.plist */ = {isa = PBXFileReference; lastKnownFileType = text.plist.xml; path = "RFUIKitFramework-Info.plist"; sourceTree = "<group>"; };
		30E21B001599B76C00DDE278 /* main.m */ = {isa = PBXFileReference; lastKnownFileType = sourcecode.c.objc; path = main.m; sourceTree = "<group>"; };
		30E21B021599B76C00DDE278 /* RFUIKitFramework-Prefix.pch */ = {isa = PBXFileReference; lastKnownFileType = sourcecode.c.h; path = "RFUIKitFramework-Prefix.pch"; sourceTree = "<group>"; };
		30E21B031599B76C00DDE278 /* RFAppDelegate.h */ = {isa = PBXFileReference; lastKnownFileType = sourcecode.c.h; path = RFAppDelegate.h; sourceTree = "<group>"; };
		30E21B041599B76C00DDE278 /* RFAppDelegate.m */ = {isa = PBXFileReference; lastKnownFileType = sourcecode.c.objc; path = RFAppDelegate.m; sourceTree = "<group>"; };
		30E21B2A1599B7E600DDE278 /* CoreFoundation.framework */ = {isa = PBXFileReference; lastKnownFileType = wrapper.framework; name = CoreFoundation.framework; path = System/Library/Frameworks/CoreFoundation.framework; sourceTree = SDKROOT; };
		30E21B551599BA6300DDE278 /* RFUIKitFramework.h */ = {isa = PBXFileReference; fileEncoding = 4; lastKnownFileType = sourcecode.c.h; path = RFUIKitFramework.h; sourceTree = "<group>"; };
		30E21B561599BA6300DDE278 /* RFUIKitFramework.m */ = {isa = PBXFileReference; fileEncoding = 4; lastKnownFileType = sourcecode.c.objc; path = RFUIKitFramework.m; sourceTree = "<group>"; };
		30F7724E15AD4342006D925F /* RFUIImageSplitBackgoundView.h */ = {isa = PBXFileReference; fileEncoding = 4; lastKnownFileType = sourcecode.c.h; path = RFUIImageSplitBackgoundView.h; sourceTree = "<group>"; };
		30F7724F15AD4342006D925F /* RFUIImageSplitBackgoundView.m */ = {isa = PBXFileReference; fileEncoding = 4; lastKnownFileType = sourcecode.c.objc; path = RFUIImageSplitBackgoundView.m; sourceTree = "<group>"; };
		30F772F715AD5736006D925F /* RFUICheckView.h */ = {isa = PBXFileReference; fileEncoding = 4; lastKnownFileType = sourcecode.c.h; path = RFUICheckView.h; sourceTree = "<group>"; };
		30F772F815AD5736006D925F /* RFUICheckView.m */ = {isa = PBXFileReference; fileEncoding = 4; lastKnownFileType = sourcecode.c.objc; path = RFUICheckView.m; sourceTree = "<group>"; };
		30F772FA15AD8930006D925F /* RFUIImageCheckView.h */ = {isa = PBXFileReference; fileEncoding = 4; lastKnownFileType = sourcecode.c.h; path = RFUIImageCheckView.h; sourceTree = "<group>"; };
		30F772FB15AD8930006D925F /* RFUIImageCheckView.m */ = {isa = PBXFileReference; fileEncoding = 4; lastKnownFileType = sourcecode.c.objc; path = RFUIImageCheckView.m; sourceTree = "<group>"; };
/* End PBXFileReference section */

/* Begin PBXFrameworksBuildPhase section */
		30E21AED1599B76C00DDE278 /* Frameworks */ = {
			isa = PBXFrameworksBuildPhase;
			buildActionMask = 2147483647;
			files = (
				30E21B2B1599B7E600DDE278 /* CoreFoundation.framework in Frameworks */,
				30E21AF91599B76C00DDE278 /* CoreGraphics.framework in Frameworks */,
				30E21AF71599B76C00DDE278 /* Foundation.framework in Frameworks */,
				30E21AF51599B76C00DDE278 /* UIKit.framework in Frameworks */,
			);
			runOnlyForDeploymentPostprocessing = 0;
		};
/* End PBXFrameworksBuildPhase section */

/* Begin PBXGroup section */
		301A2533159F2BA900B906C6 /* REExtendedUIKit */ = {
			isa = PBXGroup;
			children = (
				301A2534159F2BA900B906C6 /* REExtendedUIKit.h */,
				301A2535159F2BA900B906C6 /* REExtendedUIKit.m */,
				301A2536159F2BA900B906C6 /* REUIColor.h */,
				301A2537159F2BA900B906C6 /* REUIColor.m */,
				301A2538159F2BA900B906C6 /* REUIGeometry.h */,
				301A2539159F2BA900B906C6 /* REUIGeometry.m */,
				301A253A159F2BA900B906C6 /* REUILabel.h */,
				301A253B159F2BA900B906C6 /* REUILabel.m */,
				301A253C159F2BA900B906C6 /* REUIScrollView.h */,
				301A253D159F2BA900B906C6 /* REUIScrollView.m */,
				301A253E159F2BA900B906C6 /* REUIView.h */,
				301A253F159F2BA900B906C6 /* REUIView.m */,
			);
			path = REExtendedUIKit;
			sourceTree = "<group>";
		};
		30682A75159A6F9300D050CA /* External */ = {
			isa = PBXGroup;
			children = (
				301A2533159F2BA900B906C6 /* REExtendedUIKit */,
			);
			path = External;
			sourceTree = "<group>";
		};
		30E21AE51599B76C00DDE278 = {
			isa = PBXGroup;
			children = (
				30E21AFA1599B76C00DDE278 /* RFUIKitFramework */,
				30E21AF31599B76C00DDE278 /* Frameworks */,
				30E21AF11599B76C00DDE278 /* Products */,
			);
			sourceTree = "<group>";
		};
		30E21AF11599B76C00DDE278 /* Products */ = {
			isa = PBXGroup;
			children = (
				30E21AF01599B76C00DDE278 /* RFUIKitFramework.app */,
			);
			name = Products;
			sourceTree = "<group>";
		};
		30E21AF31599B76C00DDE278 /* Frameworks */ = {
			isa = PBXGroup;
			children = (
				30E21B2A1599B7E600DDE278 /* CoreFoundation.framework */,
				30E21AF81599B76C00DDE278 /* CoreGraphics.framework */,
				30E21AF61599B76C00DDE278 /* Foundation.framework */,
				30E21AF41599B76C00DDE278 /* UIKit.framework */,
			);
			name = Frameworks;
			sourceTree = "<group>";
		};
		30E21AFA1599B76C00DDE278 /* RFUIKitFramework */ = {
			isa = PBXGroup;
			children = (
				30682A75159A6F9300D050CA /* External */,
				30E21B541599BA2800DDE278 /* RFUIKitFramework */,
				30E21B031599B76C00DDE278 /* RFAppDelegate.h */,
				30E21B041599B76C00DDE278 /* RFAppDelegate.m */,
				30E21AFB1599B76C00DDE278 /* Supporting Files */,
			);
			path = RFUIKitFramework;
			sourceTree = "<group>";
		};
		30E21AFB1599B76C00DDE278 /* Supporting Files */ = {
			isa = PBXGroup;
			children = (
				30E21AFC1599B76C00DDE278 /* RFUIKitFramework-Info.plist */,
				30E21B001599B76C00DDE278 /* main.m */,
				30E21B021599B76C00DDE278 /* RFUIKitFramework-Prefix.pch */,
			);
			name = "Supporting Files";
			sourceTree = "<group>";
		};
		30E21B541599BA2800DDE278 /* RFUIKitFramework */ = {
			isa = PBXGroup;
			children = (
				30E13D3A15AC15C5007998D6 /* RFUIButton.h */,
				30E13D3B15AC15C5007998D6 /* RFUIButton.m */,
				30F772F715AD5736006D925F /* RFUICheckView.h */,
				30F772F815AD5736006D925F /* RFUICheckView.m */,
				301AB46015C6F92000E91822 /* RFUIForwardView.h */,
				301AB46115C6F92000E91822 /* RFUIForwardView.m */,
				30F772FA15AD8930006D925F /* RFUIImageCheckView.h */,
				30F772FB15AD8930006D925F /* RFUIImageCheckView.m */,
				30F7724E15AD4342006D925F /* RFUIImageSplitBackgoundView.h */,
				30F7724F15AD4342006D925F /* RFUIImageSplitBackgoundView.m */,
				30682A5E159A477900D050CA /* RFUIKeyboardCenter.h */,
				30682A5F159A477900D050CA /* RFUIKeyboardCenter.m */,
				30682A60159A477900D050CA /* RFUIKeyboardLayoutView.h */,
				30682A61159A477900D050CA /* RFUIKeyboardLayoutView.m */,
				30046B4215AE0FC300B8AF5C /* RFUINavigationController.h */,
				30046B4315AE0FC300B8AF5C /* RFUINavigationController.m */,
				30972E24159B1BCE005D9B17 /* RFUISplitBackgoundView.h */,
				30972E25159B1BCE005D9B17 /* RFUISplitBackgoundView.m */,
				30046B4915AE117900B8AF5C /* RFUISplitViewController.h */,
				30046B4A15AE117900B8AF5C /* RFUISplitViewController.m */,
				30046B5015AE128F00B8AF5C /* RFUITabBarController.h */,
				30046B5115AE128F00B8AF5C /* RFUITabBarController.m */,
				30046B4615AE10A500B8AF5C /* RFUITableViewController.h */,
				30046B4715AE10A500B8AF5C /* RFUITableViewController.m */,
				301A252F159F2B7C00B906C6 /* RFUITextField.h */,
				301A2530159F2B7C00B906C6 /* RFUITextField.m */,
				3013E04A15AE0868002045FB /* RFUIViewController.h */,
				3013E04B15AE0868002045FB /* RFUIViewController.m */,
				30E21B551599BA6300DDE278 /* RFUIKitFramework.h */,
				30E21B561599BA6300DDE278 /* RFUIKitFramework.m */,
			);
			path = RFUIKitFramework;
			sourceTree = "<group>";
		};
/* End PBXGroup section */

/* Begin PBXNativeTarget section */
		30E21AEF1599B76C00DDE278 /* RFUIKitFramework */ = {
			isa = PBXNativeTarget;
			buildConfigurationList = 30E21B221599B76C00DDE278 /* Build configuration list for PBXNativeTarget "RFUIKitFramework" */;
			buildPhases = (
				30E21AEC1599B76C00DDE278 /* Sources */,
				30E21AED1599B76C00DDE278 /* Frameworks */,
				30E21AEE1599B76C00DDE278 /* Resources */,
			);
			buildRules = (
			);
			dependencies = (
			);
			name = RFUIKitFramework;
			productName = RFUIKitFramework;
			productReference = 30E21AF01599B76C00DDE278 /* RFUIKitFramework.app */;
			productType = "com.apple.product-type.application";
		};
/* End PBXNativeTarget section */

/* Begin PBXProject section */
		30E21AE71599B76C00DDE278 /* Project object */ = {
			isa = PBXProject;
			attributes = {
				CLASSPREFIX = RF;
				LastUpgradeCheck = 0430;
				ORGANIZATIONNAME = Oliromole;
			};
			buildConfigurationList = 30E21AEA1599B76C00DDE278 /* Build configuration list for PBXProject "RFUIKitFramework" */;
			compatibilityVersion = "Xcode 3.2";
			developmentRegion = English;
			hasScannedForEncodings = 0;
			knownRegions = (
				en,
			);
			mainGroup = 30E21AE51599B76C00DDE278;
			productRefGroup = 30E21AF11599B76C00DDE278 /* Products */;
			projectDirPath = "";
			projectRoot = "";
			targets = (
				30E21AEF1599B76C00DDE278 /* RFUIKitFramework */,
			);
		};
/* End PBXProject section */

/* Begin PBXResourcesBuildPhase section */
		30E21AEE1599B76C00DDE278 /* Resources */ = {
			isa = PBXResourcesBuildPhase;
			buildActionMask = 2147483647;
			files = (
			);
			runOnlyForDeploymentPostprocessing = 0;
		};
/* End PBXResourcesBuildPhase section */

/* Begin PBXSourcesBuildPhase section */
		30E21AEC1599B76C00DDE278 /* Sources */ = {
			isa = PBXSourcesBuildPhase;
			buildActionMask = 2147483647;
			files = (
				30E21B011599B76C00DDE278 /* main.m in Sources */,
				30E21B051599B76C00DDE278 /* RFAppDelegate.m in Sources */,
				30E21B571599BA6300DDE278 /* RFUIKitFramework.m in Sources */,
				30682A62159A477900D050CA /* RFUIKeyboardCenter.m in Sources */,
				30682A63159A477900D050CA /* RFUIKeyboardLayoutView.m in Sources */,
				30972E26159B1BCE005D9B17 /* RFUISplitBackgoundView.m in Sources */,
				301A2531159F2B7C00B906C6 /* RFUITextField.m in Sources */,
				301A2540159F2BA900B906C6 /* REExtendedUIKit.m in Sources */,
				301A2541159F2BA900B906C6 /* REUIColor.m in Sources */,
				301A2542159F2BA900B906C6 /* REUIGeometry.m in Sources */,
				301A2543159F2BA900B906C6 /* REUILabel.m in Sources */,
				301A2544159F2BA900B906C6 /* REUIScrollView.m in Sources */,
				301A2545159F2BA900B906C6 /* REUIView.m in Sources */,
				30E13D3C15AC15C5007998D6 /* RFUIButton.m in Sources */,
				30F7725015AD4342006D925F /* RFUIImageSplitBackgoundView.m in Sources */,
				30F772F915AD5736006D925F /* RFUICheckView.m in Sources */,
				30F772FC15AD8930006D925F /* RFUIImageCheckView.m in Sources */,
				3013E04C15AE0868002045FB /* RFUIViewController.m in Sources */,
				30046B4415AE0FC300B8AF5C /* RFUINavigationController.m in Sources */,
				30046B4815AE10A500B8AF5C /* RFUITableViewController.m in Sources */,
				30046B4B15AE117900B8AF5C /* RFUISplitViewController.m in Sources */,
				30046B5215AE128F00B8AF5C /* RFUITabBarController.m in Sources */,
				301AB46215C6F92000E91822 /* RFUIForwardView.m in Sources */,
			);
			runOnlyForDeploymentPostprocessing = 0;
		};
/* End PBXSourcesBuildPhase section */

/* Begin XCBuildConfiguration section */
		30E21B201599B76C00DDE278 /* Debug */ = {
			isa = XCBuildConfiguration;
			buildSettings = {
				ALWAYS_SEARCH_USER_PATHS = NO;
				ARCHS = "$(ARCHS_STANDARD_32_BIT)";
				"CODE_SIGN_IDENTITY[sdk=iphoneos*]" = "iPhone Developer";
				COPY_PHASE_STRIP = NO;
				GCC_C_LANGUAGE_STANDARD = gnu99;
				GCC_DYNAMIC_NO_PIC = NO;
				GCC_OPTIMIZATION_LEVEL = 0;
				GCC_PREPROCESSOR_DEFINITIONS = (
					"DEBUG=1",
					"$(inherited)",
				);
				GCC_SYMBOLS_PRIVATE_EXTERN = NO;
				GCC_VERSION = com.apple.compilers.llvm.clang.1_0;
				GCC_WARN_ABOUT_RETURN_TYPE = YES;
				GCC_WARN_UNINITIALIZED_AUTOS = YES;
				GCC_WARN_UNUSED_VARIABLE = YES;
				IPHONEOS_DEPLOYMENT_TARGET = 4.0;
				SDKROOT = iphoneos;
				TARGETED_DEVICE_FAMILY = "1,2";
			};
			name = Debug;
		};
		30E21B211599B76C00DDE278 /* Release */ = {
			isa = XCBuildConfiguration;
			buildSettings = {
				ALWAYS_SEARCH_USER_PATHS = NO;
				ARCHS = "$(ARCHS_STANDARD_32_BIT)";
				"CODE_SIGN_IDENTITY[sdk=iphoneos*]" = "iPhone Developer";
				COPY_PHASE_STRIP = YES;
				GCC_C_LANGUAGE_STANDARD = gnu99;
				GCC_VERSION = com.apple.compilers.llvm.clang.1_0;
				GCC_WARN_ABOUT_RETURN_TYPE = YES;
				GCC_WARN_UNINITIALIZED_AUTOS = YES;
				GCC_WARN_UNUSED_VARIABLE = YES;
				IPHONEOS_DEPLOYMENT_TARGET = 4.0;
				OTHER_CFLAGS = "-DNS_BLOCK_ASSERTIONS=1";
				SDKROOT = iphoneos;
				TARGETED_DEVICE_FAMILY = "1,2";
				VALIDATE_PRODUCT = YES;
			};
			name = Release;
		};
		30E21B231599B76C00DDE278 /* Debug */ = {
			isa = XCBuildConfiguration;
			buildSettings = {
				GCC_PRECOMPILE_PREFIX_HEADER = YES;
				GCC_PREFIX_HEADER = "RFUIKitFramework/RFUIKitFramework-Prefix.pch";
				INFOPLIST_FILE = "RFUIKitFramework/RFUIKitFramework-Info.plist";
				PRODUCT_NAME = "$(TARGET_NAME)";
				WRAPPER_EXTENSION = app;
			};
			name = Debug;
		};
		30E21B241599B76C00DDE278 /* Release */ = {
			isa = XCBuildConfiguration;
			buildSettings = {
				GCC_PRECOMPILE_PREFIX_HEADER = YES;
				GCC_PREFIX_HEADER = "RFUIKitFramework/RFUIKitFramework-Prefix.pch";
				INFOPLIST_FILE = "RFUIKitFramework/RFUIKitFramework-Info.plist";
				PRODUCT_NAME = "$(TARGET_NAME)";
				WRAPPER_EXTENSION = app;
			};
			name = Release;
		};
/* End XCBuildConfiguration section */

/* Begin XCConfigurationList section */
		30E21AEA1599B76C00DDE278 /* Build configuration list for PBXProject "RFUIKitFramework" */ = {
			isa = XCConfigurationList;
			buildConfigurations = (
				30E21B201599B76C00DDE278 /* Debug */,
				30E21B211599B76C00DDE278 /* Release */,
			);
			defaultConfigurationIsVisible = 0;
			defaultConfigurationName = Release;
		};
		30E21B221599B76C00DDE278 /* Build configuration list for PBXNativeTarget "RFUIKitFramework" */ = {
			isa = XCConfigurationList;
			buildConfigurations = (
				30E21B231599B76C00DDE278 /* Debug */,
				30E21B241599B76C00DDE278 /* Release */,
			);
			defaultConfigurationIsVisible = 0;
			defaultConfigurationName = Release;
		};
/* End XCConfigurationList section */
	};
	rootObject = 30E21AE71599B76C00DDE278 /* Project object */;
}
