// !$*UTF8*$!
{
	archiveVersion = 1;
	classes = {
	};
	objectVersion = 46;
	objects = {

/* Begin PBXBuildFile section */
		3039D06715CA5E38005D1E2B /* RFTestView.m in Sources */ = {isa = PBXBuildFile; fileRef = 3039D06615CA5E38005D1E2B /* RFTestView.m */; };
		3039D06A15CA5E51005D1E2B /* RFTestViewController.m in Sources */ = {isa = PBXBuildFile; fileRef = 3039D06915CA5E51005D1E2B /* RFTestViewController.m */; };
		304B430116645A0B000E2C38 /* REBase256.m in Sources */ = {isa = PBXBuildFile; fileRef = 304B427916645A0B000E2C38 /* REBase256.m */; };
		304B430216645A0B000E2C38 /* REExtendedFoundation.m in Sources */ = {isa = PBXBuildFile; fileRef = 304B427B16645A0B000E2C38 /* REExtendedFoundation.m */; };
		304B430316645A0B000E2C38 /* RENSArray.m in Sources */ = {isa = PBXBuildFile; fileRef = 304B427D16645A0B000E2C38 /* RENSArray.m */; };
		304B430416645A0B000E2C38 /* RENSDateFormatter.m in Sources */ = {isa = PBXBuildFile; fileRef = 304B427F16645A0B000E2C38 /* RENSDateFormatter.m */; };
		304B430516645A0B000E2C38 /* RENSDictionary.m in Sources */ = {isa = PBXBuildFile; fileRef = 304B428116645A0B000E2C38 /* RENSDictionary.m */; };
		304B430616645A0B000E2C38 /* RENSFileManager.m in Sources */ = {isa = PBXBuildFile; fileRef = 304B428316645A0B000E2C38 /* RENSFileManager.m */; };
		304B430716645A0B000E2C38 /* RENSIndexPath.m in Sources */ = {isa = PBXBuildFile; fileRef = 304B428516645A0B000E2C38 /* RENSIndexPath.m */; };
		304B430816645A0B000E2C38 /* RENSInvocation.m in Sources */ = {isa = PBXBuildFile; fileRef = 304B428716645A0B000E2C38 /* RENSInvocation.m */; };
		304B430916645A0B000E2C38 /* RENSLocale.m in Sources */ = {isa = PBXBuildFile; fileRef = 304B428916645A0B000E2C38 /* RENSLocale.m */; };
		304B430A16645A0B000E2C38 /* RENSNotification.m in Sources */ = {isa = PBXBuildFile; fileRef = 304B428B16645A0B000E2C38 /* RENSNotification.m */; };
		304B430B16645A0B000E2C38 /* RENSNotificationQueue.m in Sources */ = {isa = PBXBuildFile; fileRef = 304B428D16645A0B000E2C38 /* RENSNotificationQueue.m */; };
		304B430C16645A0B000E2C38 /* RENSNumber.m in Sources */ = {isa = PBXBuildFile; fileRef = 304B428F16645A0B000E2C38 /* RENSNumber.m */; };
		304B430D16645A0B000E2C38 /* RENSObjCRuntime.m in Sources */ = {isa = PBXBuildFile; fileRef = 304B429116645A0B000E2C38 /* RENSObjCRuntime.m */; };
		304B430E16645A0B000E2C38 /* RENSObject.m in Sources */ = {isa = PBXBuildFile; fileRef = 304B429316645A0B000E2C38 /* RENSObject.m */; };
		304B430F16645A0B000E2C38 /* RENSPropertyList.m in Sources */ = {isa = PBXBuildFile; fileRef = 304B429516645A0B000E2C38 /* RENSPropertyList.m */; };
		304B431016645A0B000E2C38 /* RENSRange.m in Sources */ = {isa = PBXBuildFile; fileRef = 304B429716645A0B000E2C38 /* RENSRange.m */; };
		304B431116645A0B000E2C38 /* RENSStream.m in Sources */ = {isa = PBXBuildFile; fileRef = 304B429916645A0B000E2C38 /* RENSStream.m */; };
		304B431216645A0B000E2C38 /* RENSString.m in Sources */ = {isa = PBXBuildFile; fileRef = 304B429B16645A0B000E2C38 /* RENSString.m */; };
		304B431316645A0B000E2C38 /* RENSTimer.m in Sources */ = {isa = PBXBuildFile; fileRef = 304B429D16645A0B000E2C38 /* RENSTimer.m */; };
		304B431416645A0B000E2C38 /* RERFC822.m in Sources */ = {isa = PBXBuildFile; fileRef = 304B429F16645A0B000E2C38 /* RERFC822.m */; };
		304B431516645A0B000E2C38 /* REExtendedUIKit.m in Sources */ = {isa = PBXBuildFile; fileRef = 304B42A216645A0B000E2C38 /* REExtendedUIKit.m */; };
		304B431616645A0B000E2C38 /* REUIApplication.m in Sources */ = {isa = PBXBuildFile; fileRef = 304B42A416645A0B000E2C38 /* REUIApplication.m */; };
		304B431716645A0B000E2C38 /* REUIBarButtonItem.m in Sources */ = {isa = PBXBuildFile; fileRef = 304B42A616645A0B000E2C38 /* REUIBarButtonItem.m */; };
		304B431816645A0B000E2C38 /* REUIBlockAction.m in Sources */ = {isa = PBXBuildFile; fileRef = 304B42A816645A0B000E2C38 /* REUIBlockAction.m */; };
		304B431916645A0B000E2C38 /* REUIColor.m in Sources */ = {isa = PBXBuildFile; fileRef = 304B42AA16645A0B000E2C38 /* REUIColor.m */; };
		304B431A16645A0B000E2C38 /* REUIControl.m in Sources */ = {isa = PBXBuildFile; fileRef = 304B42AC16645A0B000E2C38 /* REUIControl.m */; };
		304B431B16645A0B000E2C38 /* REUIControlBlockAction.m in Sources */ = {isa = PBXBuildFile; fileRef = 304B42AE16645A0B000E2C38 /* REUIControlBlockAction.m */; };
		304B431C16645A0B000E2C38 /* REUIGeometry.m in Sources */ = {isa = PBXBuildFile; fileRef = 304B42B016645A0B000E2C38 /* REUIGeometry.m */; };
		304B431D16645A0B000E2C38 /* REUIGestureRecognizer.m in Sources */ = {isa = PBXBuildFile; fileRef = 304B42B216645A0B000E2C38 /* REUIGestureRecognizer.m */; };
		304B431E16645A0B000E2C38 /* REUIImage.m in Sources */ = {isa = PBXBuildFile; fileRef = 304B42B416645A0B000E2C38 /* REUIImage.m */; };
		304B431F16645A0B000E2C38 /* REUILabel.m in Sources */ = {isa = PBXBuildFile; fileRef = 304B42B616645A0B000E2C38 /* REUILabel.m */; };
		304B432016645A0B000E2C38 /* REUINavigationBar.m in Sources */ = {isa = PBXBuildFile; fileRef = 304B42B816645A0B000E2C38 /* REUINavigationBar.m */; };
		304B432116645A0B000E2C38 /* REUINavigationController.m in Sources */ = {isa = PBXBuildFile; fileRef = 304B42BA16645A0B000E2C38 /* REUINavigationController.m */; };
		304B432216645A0B000E2C38 /* REUIScreen.m in Sources */ = {isa = PBXBuildFile; fileRef = 304B42BC16645A0B000E2C38 /* REUIScreen.m */; };
		304B432316645A0B000E2C38 /* REUIScrollView.m in Sources */ = {isa = PBXBuildFile; fileRef = 304B42BE16645A0B000E2C38 /* REUIScrollView.m */; };
		304B432416645A0B000E2C38 /* REUITableViewCell.m in Sources */ = {isa = PBXBuildFile; fileRef = 304B42C016645A0B000E2C38 /* REUITableViewCell.m */; };
		304B432516645A0B000E2C38 /* REUITextField.m in Sources */ = {isa = PBXBuildFile; fileRef = 304B42C216645A0B000E2C38 /* REUITextField.m */; };
		304B432616645A0B000E2C38 /* REUITextView.m in Sources */ = {isa = PBXBuildFile; fileRef = 304B42C416645A0B000E2C38 /* REUITextView.m */; };
		304B432716645A0B000E2C38 /* REUIToolbar.m in Sources */ = {isa = PBXBuildFile; fileRef = 304B42C616645A0B000E2C38 /* REUIToolbar.m */; };
		304B432816645A0B000E2C38 /* REUIView.m in Sources */ = {isa = PBXBuildFile; fileRef = 304B42C816645A0B000E2C38 /* REUIView.m */; };
		304B432916645A0B000E2C38 /* REUIViewController.m in Sources */ = {isa = PBXBuildFile; fileRef = 304B42CA16645A0B000E2C38 /* REUIViewController.m */; };
		304B432A16645A0B000E2C38 /* RWObjC.m in Sources */ = {isa = PBXBuildFile; fileRef = 304B42CD16645A0B000E2C38 /* RWObjC.m */; };
		304B432B16645A0B000E2C38 /* RWObjCWrapper.m in Sources */ = {isa = PBXBuildFile; fileRef = 304B42CF16645A0B000E2C38 /* RWObjCWrapper.m */; };
		304B432C16645A0B000E2C38 /* RFUIButton.m in Sources */ = {isa = PBXBuildFile; fileRef = 304B42D216645A0B000E2C38 /* RFUIButton.m */; };
		304B432D16645A0B000E2C38 /* RFUICheckView.m in Sources */ = {isa = PBXBuildFile; fileRef = 304B42D416645A0B000E2C38 /* RFUICheckView.m */; };
		304B432E16645A0B000E2C38 /* RFUIForwardView.m in Sources */ = {isa = PBXBuildFile; fileRef = 304B42D616645A0B000E2C38 /* RFUIForwardView.m */; };
		304B432F16645A0B000E2C38 /* RFUIImageCheckView.m in Sources */ = {isa = PBXBuildFile; fileRef = 304B42D816645A0B000E2C38 /* RFUIImageCheckView.m */; };
		304B433016645A0B000E2C38 /* RFUIImageSplitBackgoundView.m in Sources */ = {isa = PBXBuildFile; fileRef = 304B42DA16645A0B000E2C38 /* RFUIImageSplitBackgoundView.m */; };
		304B433116645A0B000E2C38 /* RFUIKeyboardCenter.m in Sources */ = {isa = PBXBuildFile; fileRef = 304B42DC16645A0B000E2C38 /* RFUIKeyboardCenter.m */; };
		304B433216645A0B000E2C38 /* RFUIKeyboardLayoutView.m in Sources */ = {isa = PBXBuildFile; fileRef = 304B42DE16645A0B000E2C38 /* RFUIKeyboardLayoutView.m */; };
		304B433316645A0B000E2C38 /* RFUIKitFramework.m in Sources */ = {isa = PBXBuildFile; fileRef = 304B42E016645A0B000E2C38 /* RFUIKitFramework.m */; };
		304B433416645A0B000E2C38 /* RFUINavigationController.m in Sources */ = {isa = PBXBuildFile; fileRef = 304B42E216645A0B000E2C38 /* RFUINavigationController.m */; };
		304B433516645A0B000E2C38 /* RFUIPageScrollView.m in Sources */ = {isa = PBXBuildFile; fileRef = 304B42E416645A0B000E2C38 /* RFUIPageScrollView.m */; };
		304B433616645A0B000E2C38 /* RFUIPageScrollViewCell.m in Sources */ = {isa = PBXBuildFile; fileRef = 304B42E616645A0B000E2C38 /* RFUIPageScrollViewCell.m */; };
		304B433716645A0B000E2C38 /* RFUIScrollLabel.m in Sources */ = {isa = PBXBuildFile; fileRef = 304B42E816645A0B000E2C38 /* RFUIScrollLabel.m */; };
		304B433816645A0B000E2C38 /* RFUISplitBackgoundView.m in Sources */ = {isa = PBXBuildFile; fileRef = 304B42EA16645A0B000E2C38 /* RFUISplitBackgoundView.m */; };
		304B433916645A0B000E2C38 /* RFUISplitViewController.m in Sources */ = {isa = PBXBuildFile; fileRef = 304B42EC16645A0B000E2C38 /* RFUISplitViewController.m */; };
		304B433A16645A0B000E2C38 /* RFUIStatusBarCenter.m in Sources */ = {isa = PBXBuildFile; fileRef = 304B42EE16645A0B000E2C38 /* RFUIStatusBarCenter.m */; };
		304B433B16645A0B000E2C38 /* RFUIStatusBarLayoutView.m in Sources */ = {isa = PBXBuildFile; fileRef = 304B42F016645A0B000E2C38 /* RFUIStatusBarLayoutView.m */; };
		304B433C16645A0B000E2C38 /* RFUITabBarController.m in Sources */ = {isa = PBXBuildFile; fileRef = 304B42F216645A0B000E2C38 /* RFUITabBarController.m */; };
		304B433D16645A0B000E2C38 /* RFUITableViewController.m in Sources */ = {isa = PBXBuildFile; fileRef = 304B42F416645A0B000E2C38 /* RFUITableViewController.m */; };
		304B433E16645A0B000E2C38 /* RFUITextField.m in Sources */ = {isa = PBXBuildFile; fileRef = 304B42F616645A0B000E2C38 /* RFUITextField.m */; };
		304B433F16645A0B000E2C38 /* RFUITreeView.m in Sources */ = {isa = PBXBuildFile; fileRef = 304B42F816645A0B000E2C38 /* RFUITreeView.m */; };
		304B434016645A0B000E2C38 /* RFUITreeViewCell.m in Sources */ = {isa = PBXBuildFile; fileRef = 304B42FA16645A0B000E2C38 /* RFUITreeViewCell.m */; };
		304B434116645A0B000E2C38 /* RFUITreeViewNode.m in Sources */ = {isa = PBXBuildFile; fileRef = 304B42FC16645A0B000E2C38 /* RFUITreeViewNode.m */; };
		304B434216645A0B000E2C38 /* RFUITreeViewRowAnimation.m in Sources */ = {isa = PBXBuildFile; fileRef = 304B42FE16645A0B000E2C38 /* RFUITreeViewRowAnimation.m */; };
		304B434316645A0B000E2C38 /* RFUIViewController.m in Sources */ = {isa = PBXBuildFile; fileRef = 304B430016645A0B000E2C38 /* RFUIViewController.m */; };
		307BD62D1634B2EF00178FC2 /* Default-568h@2x.png in Resources */ = {isa = PBXBuildFile; fileRef = 307BD62C1634B2EF00178FC2 /* Default-568h@2x.png */; };
		307FB9BD1671B61E008AF204 /* RFUIScreenShooter.m in Sources */ = {isa = PBXBuildFile; fileRef = 307FB9BC1671B61E008AF204 /* RFUIScreenShooter.m */; };
		307FB9C41671B64C008AF204 /* RECGContext.m in Sources */ = {isa = PBXBuildFile; fileRef = 307FB9C11671B64C008AF204 /* RECGContext.m */; };
		307FB9C51671B64C008AF204 /* REExtendedCoreGraphics.m in Sources */ = {isa = PBXBuildFile; fileRef = 307FB9C31671B64C008AF204 /* REExtendedCoreGraphics.m */; };
		307FB9D41671B671008AF204 /* RENSAttributedString.m in Sources */ = {isa = PBXBuildFile; fileRef = 307FB9C71671B671008AF204 /* RENSAttributedString.m */; };
		307FB9D51671B671008AF204 /* RENSCharacterSet.m in Sources */ = {isa = PBXBuildFile; fileRef = 307FB9C91671B671008AF204 /* RENSCharacterSet.m */; };
		307FB9D61671B671008AF204 /* RENSData.m in Sources */ = {isa = PBXBuildFile; fileRef = 307FB9CB1671B671008AF204 /* RENSData.m */; };
		307FB9D71671B671008AF204 /* RENSOrderedSet.m in Sources */ = {isa = PBXBuildFile; fileRef = 307FB9CD1671B671008AF204 /* RENSOrderedSet.m */; };
		307FB9D81671B671008AF204 /* RENSSet.m in Sources */ = {isa = PBXBuildFile; fileRef = 307FB9CF1671B671008AF204 /* RENSSet.m */; };
		307FB9D91671B671008AF204 /* RENSThread.m in Sources */ = {isa = PBXBuildFile; fileRef = 307FB9D11671B671008AF204 /* RENSThread.m */; };
		307FB9DA1671B671008AF204 /* RENSURLRequest.m in Sources */ = {isa = PBXBuildFile; fileRef = 307FB9D31671B671008AF204 /* RENSURLRequest.m */; };
		307FB9DF1671B67E008AF204 /* RENSError.m in Sources */ = {isa = PBXBuildFile; fileRef = 307FB9DC1671B67E008AF204 /* RENSError.m */; };
		307FB9E01671B67E008AF204 /* RENSIndexSet.m in Sources */ = {isa = PBXBuildFile; fileRef = 307FB9DE1671B67E008AF204 /* RENSIndexSet.m */; };
		307FBA431671B6E2008AF204 /* RENSParagraphStyle.m in Sources */ = {isa = PBXBuildFile; fileRef = 307FBA3A1671B6E2008AF204 /* RENSParagraphStyle.m */; };
		307FBA441671B6E2008AF204 /* REUIActionSheet.m in Sources */ = {isa = PBXBuildFile; fileRef = 307FBA3C1671B6E2008AF204 /* REUIActionSheet.m */; };
		307FBA451671B6E2008AF204 /* REUIAlertView.m in Sources */ = {isa = PBXBuildFile; fileRef = 307FBA3E1671B6E2008AF204 /* REUIAlertView.m */; };
		307FBA461671B6E2008AF204 /* REUIGraphics.m in Sources */ = {isa = PBXBuildFile; fileRef = 307FBA401671B6E2008AF204 /* REUIGraphics.m */; };
		307FBA471671B6E2008AF204 /* REUIImageView.m in Sources */ = {isa = PBXBuildFile; fileRef = 307FBA421671B6E2008AF204 /* REUIImageView.m */; };
		30B31DFA1678C0CE00CCE51F /* RECMBridge.m in Sources */ = {isa = PBXBuildFile; fileRef = 30B31DF11678C0CE00CCE51F /* RECMBridge.m */; };
		30B31DFB1678C0CE00CCE51F /* RECMDefines.m in Sources */ = {isa = PBXBuildFile; fileRef = 30B31DF31678C0CE00CCE51F /* RECMDefines.m */; };
		30B31DFC1678C0CE00CCE51F /* RECMKeyWord.m in Sources */ = {isa = PBXBuildFile; fileRef = 30B31DF51678C0CE00CCE51F /* RECMKeyWord.m */; };
		30B31DFD1678C0CE00CCE51F /* RECMNSObject.m in Sources */ = {isa = PBXBuildFile; fileRef = 30B31DF71678C0CE00CCE51F /* RECMNSObject.m */; };
		30B31DFE1678C0CE00CCE51F /* REExtendedCompiler.m in Sources */ = {isa = PBXBuildFile; fileRef = 30B31DF91678C0CE00CCE51F /* REExtendedCompiler.m */; };
		30E21AF51599B76C00DDE278 /* UIKit.framework in Frameworks */ = {isa = PBXBuildFile; fileRef = 30E21AF41599B76C00DDE278 /* UIKit.framework */; };
		30E21AF71599B76C00DDE278 /* Foundation.framework in Frameworks */ = {isa = PBXBuildFile; fileRef = 30E21AF61599B76C00DDE278 /* Foundation.framework */; };
		30E21AF91599B76C00DDE278 /* CoreGraphics.framework in Frameworks */ = {isa = PBXBuildFile; fileRef = 30E21AF81599B76C00DDE278 /* CoreGraphics.framework */; };
		30E21B011599B76C00DDE278 /* main.m in Sources */ = {isa = PBXBuildFile; fileRef = 30E21B001599B76C00DDE278 /* main.m */; };
		30E21B051599B76C00DDE278 /* RFAppDelegate.m in Sources */ = {isa = PBXBuildFile; fileRef = 30E21B041599B76C00DDE278 /* RFAppDelegate.m */; };
		30E21B2B1599B7E600DDE278 /* CoreFoundation.framework in Frameworks */ = {isa = PBXBuildFile; fileRef = 30E21B2A1599B7E600DDE278 /* CoreFoundation.framework */; };
/* End PBXBuildFile section */

/* Begin PBXFileReference section */
		3039D06515CA5E38005D1E2B /* RFTestView.h */ = {isa = PBXFileReference; fileEncoding = 4; lastKnownFileType = sourcecode.c.h; path = RFTestView.h; sourceTree = "<group>"; };
		3039D06615CA5E38005D1E2B /* RFTestView.m */ = {isa = PBXFileReference; fileEncoding = 4; lastKnownFileType = sourcecode.c.objc; path = RFTestView.m; sourceTree = "<group>"; };
		3039D06815CA5E51005D1E2B /* RFTestViewController.h */ = {isa = PBXFileReference; fileEncoding = 4; lastKnownFileType = sourcecode.c.h; path = RFTestViewController.h; sourceTree = "<group>"; };
		3039D06915CA5E51005D1E2B /* RFTestViewController.m */ = {isa = PBXFileReference; fileEncoding = 4; lastKnownFileType = sourcecode.c.objc; path = RFTestViewController.m; sourceTree = "<group>"; };
		304B427816645A0B000E2C38 /* REBase256.h */ = {isa = PBXFileReference; fileEncoding = 4; lastKnownFileType = sourcecode.c.h; path = REBase256.h; sourceTree = "<group>"; };
		304B427916645A0B000E2C38 /* REBase256.m */ = {isa = PBXFileReference; fileEncoding = 4; lastKnownFileType = sourcecode.c.objc; path = REBase256.m; sourceTree = "<group>"; };
		304B427A16645A0B000E2C38 /* REExtendedFoundation.h */ = {isa = PBXFileReference; fileEncoding = 4; lastKnownFileType = sourcecode.c.h; path = REExtendedFoundation.h; sourceTree = "<group>"; };
		304B427B16645A0B000E2C38 /* REExtendedFoundation.m */ = {isa = PBXFileReference; fileEncoding = 4; lastKnownFileType = sourcecode.c.objc; path = REExtendedFoundation.m; sourceTree = "<group>"; };
		304B427C16645A0B000E2C38 /* RENSArray.h */ = {isa = PBXFileReference; fileEncoding = 4; lastKnownFileType = sourcecode.c.h; path = RENSArray.h; sourceTree = "<group>"; };
		304B427D16645A0B000E2C38 /* RENSArray.m */ = {isa = PBXFileReference; fileEncoding = 4; lastKnownFileType = sourcecode.c.objc; path = RENSArray.m; sourceTree = "<group>"; };
		304B427E16645A0B000E2C38 /* RENSDateFormatter.h */ = {isa = PBXFileReference; fileEncoding = 4; lastKnownFileType = sourcecode.c.h; path = RENSDateFormatter.h; sourceTree = "<group>"; };
		304B427F16645A0B000E2C38 /* RENSDateFormatter.m */ = {isa = PBXFileReference; fileEncoding = 4; lastKnownFileType = sourcecode.c.objc; path = RENSDateFormatter.m; sourceTree = "<group>"; };
		304B428016645A0B000E2C38 /* RENSDictionary.h */ = {isa = PBXFileReference; fileEncoding = 4; lastKnownFileType = sourcecode.c.h; path = RENSDictionary.h; sourceTree = "<group>"; };
		304B428116645A0B000E2C38 /* RENSDictionary.m */ = {isa = PBXFileReference; fileEncoding = 4; lastKnownFileType = sourcecode.c.objc; path = RENSDictionary.m; sourceTree = "<group>"; };
		304B428216645A0B000E2C38 /* RENSFileManager.h */ = {isa = PBXFileReference; fileEncoding = 4; lastKnownFileType = sourcecode.c.h; path = RENSFileManager.h; sourceTree = "<group>"; };
		304B428316645A0B000E2C38 /* RENSFileManager.m */ = {isa = PBXFileReference; fileEncoding = 4; lastKnownFileType = sourcecode.c.objc; path = RENSFileManager.m; sourceTree = "<group>"; };
		304B428416645A0B000E2C38 /* RENSIndexPath.h */ = {isa = PBXFileReference; fileEncoding = 4; lastKnownFileType = sourcecode.c.h; path = RENSIndexPath.h; sourceTree = "<group>"; };
		304B428516645A0B000E2C38 /* RENSIndexPath.m */ = {isa = PBXFileReference; fileEncoding = 4; lastKnownFileType = sourcecode.c.objc; path = RENSIndexPath.m; sourceTree = "<group>"; };
		304B428616645A0B000E2C38 /* RENSInvocation.h */ = {isa = PBXFileReference; fileEncoding = 4; lastKnownFileType = sourcecode.c.h; path = RENSInvocation.h; sourceTree = "<group>"; };
		304B428716645A0B000E2C38 /* RENSInvocation.m */ = {isa = PBXFileReference; fileEncoding = 4; lastKnownFileType = sourcecode.c.objc; path = RENSInvocation.m; sourceTree = "<group>"; };
		304B428816645A0B000E2C38 /* RENSLocale.h */ = {isa = PBXFileReference; fileEncoding = 4; lastKnownFileType = sourcecode.c.h; path = RENSLocale.h; sourceTree = "<group>"; };
		304B428916645A0B000E2C38 /* RENSLocale.m */ = {isa = PBXFileReference; fileEncoding = 4; lastKnownFileType = sourcecode.c.objc; path = RENSLocale.m; sourceTree = "<group>"; };
		304B428A16645A0B000E2C38 /* RENSNotification.h */ = {isa = PBXFileReference; fileEncoding = 4; lastKnownFileType = sourcecode.c.h; path = RENSNotification.h; sourceTree = "<group>"; };
		304B428B16645A0B000E2C38 /* RENSNotification.m */ = {isa = PBXFileReference; fileEncoding = 4; lastKnownFileType = sourcecode.c.objc; path = RENSNotification.m; sourceTree = "<group>"; };
		304B428C16645A0B000E2C38 /* RENSNotificationQueue.h */ = {isa = PBXFileReference; fileEncoding = 4; lastKnownFileType = sourcecode.c.h; path = RENSNotificationQueue.h; sourceTree = "<group>"; };
		304B428D16645A0B000E2C38 /* RENSNotificationQueue.m */ = {isa = PBXFileReference; fileEncoding = 4; lastKnownFileType = sourcecode.c.objc; path = RENSNotificationQueue.m; sourceTree = "<group>"; };
		304B428E16645A0B000E2C38 /* RENSNumber.h */ = {isa = PBXFileReference; fileEncoding = 4; lastKnownFileType = sourcecode.c.h; path = RENSNumber.h; sourceTree = "<group>"; };
		304B428F16645A0B000E2C38 /* RENSNumber.m */ = {isa = PBXFileReference; fileEncoding = 4; lastKnownFileType = sourcecode.c.objc; path = RENSNumber.m; sourceTree = "<group>"; };
		304B429016645A0B000E2C38 /* RENSObjCRuntime.h */ = {isa = PBXFileReference; fileEncoding = 4; lastKnownFileType = sourcecode.c.h; path = RENSObjCRuntime.h; sourceTree = "<group>"; };
		304B429116645A0B000E2C38 /* RENSObjCRuntime.m */ = {isa = PBXFileReference; fileEncoding = 4; lastKnownFileType = sourcecode.c.objc; path = RENSObjCRuntime.m; sourceTree = "<group>"; };
		304B429216645A0B000E2C38 /* RENSObject.h */ = {isa = PBXFileReference; fileEncoding = 4; lastKnownFileType = sourcecode.c.h; path = RENSObject.h; sourceTree = "<group>"; };
		304B429316645A0B000E2C38 /* RENSObject.m */ = {isa = PBXFileReference; fileEncoding = 4; lastKnownFileType = sourcecode.c.objc; path = RENSObject.m; sourceTree = "<group>"; };
		304B429416645A0B000E2C38 /* RENSPropertyList.h */ = {isa = PBXFileReference; fileEncoding = 4; lastKnownFileType = sourcecode.c.h; path = RENSPropertyList.h; sourceTree = "<group>"; };
		304B429516645A0B000E2C38 /* RENSPropertyList.m */ = {isa = PBXFileReference; fileEncoding = 4; lastKnownFileType = sourcecode.c.objc; path = RENSPropertyList.m; sourceTree = "<group>"; };
		304B429616645A0B000E2C38 /* RENSRange.h */ = {isa = PBXFileReference; fileEncoding = 4; lastKnownFileType = sourcecode.c.h; path = RENSRange.h; sourceTree = "<group>"; };
		304B429716645A0B000E2C38 /* RENSRange.m */ = {isa = PBXFileReference; fileEncoding = 4; lastKnownFileType = sourcecode.c.objc; path = RENSRange.m; sourceTree = "<group>"; };
		304B429816645A0B000E2C38 /* RENSStream.h */ = {isa = PBXFileReference; fileEncoding = 4; lastKnownFileType = sourcecode.c.h; path = RENSStream.h; sourceTree = "<group>"; };
		304B429916645A0B000E2C38 /* RENSStream.m */ = {isa = PBXFileReference; fileEncoding = 4; lastKnownFileType = sourcecode.c.objc; path = RENSStream.m; sourceTree = "<group>"; };
		304B429A16645A0B000E2C38 /* RENSString.h */ = {isa = PBXFileReference; fileEncoding = 4; lastKnownFileType = sourcecode.c.h; path = RENSString.h; sourceTree = "<group>"; };
		304B429B16645A0B000E2C38 /* RENSString.m */ = {isa = PBXFileReference; fileEncoding = 4; lastKnownFileType = sourcecode.c.objc; path = RENSString.m; sourceTree = "<group>"; };
		304B429C16645A0B000E2C38 /* RENSTimer.h */ = {isa = PBXFileReference; fileEncoding = 4; lastKnownFileType = sourcecode.c.h; path = RENSTimer.h; sourceTree = "<group>"; };
		304B429D16645A0B000E2C38 /* RENSTimer.m */ = {isa = PBXFileReference; fileEncoding = 4; lastKnownFileType = sourcecode.c.objc; path = RENSTimer.m; sourceTree = "<group>"; };
		304B429E16645A0B000E2C38 /* RERFC822.h */ = {isa = PBXFileReference; fileEncoding = 4; lastKnownFileType = sourcecode.c.h; path = RERFC822.h; sourceTree = "<group>"; };
		304B429F16645A0B000E2C38 /* RERFC822.m */ = {isa = PBXFileReference; fileEncoding = 4; lastKnownFileType = sourcecode.c.objc; path = RERFC822.m; sourceTree = "<group>"; };
		304B42A116645A0B000E2C38 /* REExtendedUIKit.h */ = {isa = PBXFileReference; fileEncoding = 4; lastKnownFileType = sourcecode.c.h; path = REExtendedUIKit.h; sourceTree = "<group>"; };
		304B42A216645A0B000E2C38 /* REExtendedUIKit.m */ = {isa = PBXFileReference; fileEncoding = 4; lastKnownFileType = sourcecode.c.objc; path = REExtendedUIKit.m; sourceTree = "<group>"; };
		304B42A316645A0B000E2C38 /* REUIApplication.h */ = {isa = PBXFileReference; fileEncoding = 4; lastKnownFileType = sourcecode.c.h; path = REUIApplication.h; sourceTree = "<group>"; };
		304B42A416645A0B000E2C38 /* REUIApplication.m */ = {isa = PBXFileReference; fileEncoding = 4; lastKnownFileType = sourcecode.c.objc; path = REUIApplication.m; sourceTree = "<group>"; };
		304B42A516645A0B000E2C38 /* REUIBarButtonItem.h */ = {isa = PBXFileReference; fileEncoding = 4; lastKnownFileType = sourcecode.c.h; path = REUIBarButtonItem.h; sourceTree = "<group>"; };
		304B42A616645A0B000E2C38 /* REUIBarButtonItem.m */ = {isa = PBXFileReference; fileEncoding = 4; lastKnownFileType = sourcecode.c.objc; path = REUIBarButtonItem.m; sourceTree = "<group>"; };
		304B42A716645A0B000E2C38 /* REUIBlockAction.h */ = {isa = PBXFileReference; fileEncoding = 4; lastKnownFileType = sourcecode.c.h; path = REUIBlockAction.h; sourceTree = "<group>"; };
		304B42A816645A0B000E2C38 /* REUIBlockAction.m */ = {isa = PBXFileReference; fileEncoding = 4; lastKnownFileType = sourcecode.c.objc; path = REUIBlockAction.m; sourceTree = "<group>"; };
		304B42A916645A0B000E2C38 /* REUIColor.h */ = {isa = PBXFileReference; fileEncoding = 4; lastKnownFileType = sourcecode.c.h; path = REUIColor.h; sourceTree = "<group>"; };
		304B42AA16645A0B000E2C38 /* REUIColor.m */ = {isa = PBXFileReference; fileEncoding = 4; lastKnownFileType = sourcecode.c.objc; path = REUIColor.m; sourceTree = "<group>"; };
		304B42AB16645A0B000E2C38 /* REUIControl.h */ = {isa = PBXFileReference; fileEncoding = 4; lastKnownFileType = sourcecode.c.h; path = REUIControl.h; sourceTree = "<group>"; };
		304B42AC16645A0B000E2C38 /* REUIControl.m */ = {isa = PBXFileReference; fileEncoding = 4; lastKnownFileType = sourcecode.c.objc; path = REUIControl.m; sourceTree = "<group>"; };
		304B42AD16645A0B000E2C38 /* REUIControlBlockAction.h */ = {isa = PBXFileReference; fileEncoding = 4; lastKnownFileType = sourcecode.c.h; path = REUIControlBlockAction.h; sourceTree = "<group>"; };
		304B42AE16645A0B000E2C38 /* REUIControlBlockAction.m */ = {isa = PBXFileReference; fileEncoding = 4; lastKnownFileType = sourcecode.c.objc; path = REUIControlBlockAction.m; sourceTree = "<group>"; };
		304B42AF16645A0B000E2C38 /* REUIGeometry.h */ = {isa = PBXFileReference; fileEncoding = 4; lastKnownFileType = sourcecode.c.h; path = REUIGeometry.h; sourceTree = "<group>"; };
		304B42B016645A0B000E2C38 /* REUIGeometry.m */ = {isa = PBXFileReference; fileEncoding = 4; lastKnownFileType = sourcecode.c.objc; path = REUIGeometry.m; sourceTree = "<group>"; };
		304B42B116645A0B000E2C38 /* REUIGestureRecognizer.h */ = {isa = PBXFileReference; fileEncoding = 4; lastKnownFileType = sourcecode.c.h; path = REUIGestureRecognizer.h; sourceTree = "<group>"; };
		304B42B216645A0B000E2C38 /* REUIGestureRecognizer.m */ = {isa = PBXFileReference; fileEncoding = 4; lastKnownFileType = sourcecode.c.objc; path = REUIGestureRecognizer.m; sourceTree = "<group>"; };
		304B42B316645A0B000E2C38 /* REUIImage.h */ = {isa = PBXFileReference; fileEncoding = 4; lastKnownFileType = sourcecode.c.h; path = REUIImage.h; sourceTree = "<group>"; };
		304B42B416645A0B000E2C38 /* REUIImage.m */ = {isa = PBXFileReference; fileEncoding = 4; lastKnownFileType = sourcecode.c.objc; path = REUIImage.m; sourceTree = "<group>"; };
		304B42B516645A0B000E2C38 /* REUILabel.h */ = {isa = PBXFileReference; fileEncoding = 4; lastKnownFileType = sourcecode.c.h; path = REUILabel.h; sourceTree = "<group>"; };
		304B42B616645A0B000E2C38 /* REUILabel.m */ = {isa = PBXFileReference; fileEncoding = 4; lastKnownFileType = sourcecode.c.objc; path = REUILabel.m; sourceTree = "<group>"; };
		304B42B716645A0B000E2C38 /* REUINavigationBar.h */ = {isa = PBXFileReference; fileEncoding = 4; lastKnownFileType = sourcecode.c.h; path = REUINavigationBar.h; sourceTree = "<group>"; };
		304B42B816645A0B000E2C38 /* REUINavigationBar.m */ = {isa = PBXFileReference; fileEncoding = 4; lastKnownFileType = sourcecode.c.objc; path = REUINavigationBar.m; sourceTree = "<group>"; };
		304B42B916645A0B000E2C38 /* REUINavigationController.h */ = {isa = PBXFileReference; fileEncoding = 4; lastKnownFileType = sourcecode.c.h; path = REUINavigationController.h; sourceTree = "<group>"; };
		304B42BA16645A0B000E2C38 /* REUINavigationController.m */ = {isa = PBXFileReference; fileEncoding = 4; lastKnownFileType = sourcecode.c.objc; path = REUINavigationController.m; sourceTree = "<group>"; };
		304B42BB16645A0B000E2C38 /* REUIScreen.h */ = {isa = PBXFileReference; fileEncoding = 4; lastKnownFileType = sourcecode.c.h; path = REUIScreen.h; sourceTree = "<group>"; };
		304B42BC16645A0B000E2C38 /* REUIScreen.m */ = {isa = PBXFileReference; fileEncoding = 4; lastKnownFileType = sourcecode.c.objc; path = REUIScreen.m; sourceTree = "<group>"; };
		304B42BD16645A0B000E2C38 /* REUIScrollView.h */ = {isa = PBXFileReference; fileEncoding = 4; lastKnownFileType = sourcecode.c.h; path = REUIScrollView.h; sourceTree = "<group>"; };
		304B42BE16645A0B000E2C38 /* REUIScrollView.m */ = {isa = PBXFileReference; fileEncoding = 4; lastKnownFileType = sourcecode.c.objc; path = REUIScrollView.m; sourceTree = "<group>"; };
		304B42BF16645A0B000E2C38 /* REUITableViewCell.h */ = {isa = PBXFileReference; fileEncoding = 4; lastKnownFileType = sourcecode.c.h; path = REUITableViewCell.h; sourceTree = "<group>"; };
		304B42C016645A0B000E2C38 /* REUITableViewCell.m */ = {isa = PBXFileReference; fileEncoding = 4; lastKnownFileType = sourcecode.c.objc; path = REUITableViewCell.m; sourceTree = "<group>"; };
		304B42C116645A0B000E2C38 /* REUITextField.h */ = {isa = PBXFileReference; fileEncoding = 4; lastKnownFileType = sourcecode.c.h; path = REUITextField.h; sourceTree = "<group>"; };
		304B42C216645A0B000E2C38 /* REUITextField.m */ = {isa = PBXFileReference; fileEncoding = 4; lastKnownFileType = sourcecode.c.objc; path = REUITextField.m; sourceTree = "<group>"; };
		304B42C316645A0B000E2C38 /* REUITextView.h */ = {isa = PBXFileReference; fileEncoding = 4; lastKnownFileType = sourcecode.c.h; path = REUITextView.h; sourceTree = "<group>"; };
		304B42C416645A0B000E2C38 /* REUITextView.m */ = {isa = PBXFileReference; fileEncoding = 4; lastKnownFileType = sourcecode.c.objc; path = REUITextView.m; sourceTree = "<group>"; };
		304B42C516645A0B000E2C38 /* REUIToolbar.h */ = {isa = PBXFileReference; fileEncoding = 4; lastKnownFileType = sourcecode.c.h; path = REUIToolbar.h; sourceTree = "<group>"; };
		304B42C616645A0B000E2C38 /* REUIToolbar.m */ = {isa = PBXFileReference; fileEncoding = 4; lastKnownFileType = sourcecode.c.objc; path = REUIToolbar.m; sourceTree = "<group>"; };
		304B42C716645A0B000E2C38 /* REUIView.h */ = {isa = PBXFileReference; fileEncoding = 4; lastKnownFileType = sourcecode.c.h; path = REUIView.h; sourceTree = "<group>"; };
		304B42C816645A0B000E2C38 /* REUIView.m */ = {isa = PBXFileReference; fileEncoding = 4; lastKnownFileType = sourcecode.c.objc; path = REUIView.m; sourceTree = "<group>"; };
		304B42C916645A0B000E2C38 /* REUIViewController.h */ = {isa = PBXFileReference; fileEncoding = 4; lastKnownFileType = sourcecode.c.h; path = REUIViewController.h; sourceTree = "<group>"; };
		304B42CA16645A0B000E2C38 /* REUIViewController.m */ = {isa = PBXFileReference; fileEncoding = 4; lastKnownFileType = sourcecode.c.objc; path = REUIViewController.m; sourceTree = "<group>"; };
		304B42CC16645A0B000E2C38 /* RWObjC.h */ = {isa = PBXFileReference; fileEncoding = 4; lastKnownFileType = sourcecode.c.h; path = RWObjC.h; sourceTree = "<group>"; };
		304B42CD16645A0B000E2C38 /* RWObjC.m */ = {isa = PBXFileReference; fileEncoding = 4; lastKnownFileType = sourcecode.c.objc; path = RWObjC.m; sourceTree = "<group>"; };
		304B42CE16645A0B000E2C38 /* RWObjCWrapper.h */ = {isa = PBXFileReference; fileEncoding = 4; lastKnownFileType = sourcecode.c.h; path = RWObjCWrapper.h; sourceTree = "<group>"; };
		304B42CF16645A0B000E2C38 /* RWObjCWrapper.m */ = {isa = PBXFileReference; fileEncoding = 4; lastKnownFileType = sourcecode.c.objc; path = RWObjCWrapper.m; sourceTree = "<group>"; };
		304B42D116645A0B000E2C38 /* RFUIButton.h */ = {isa = PBXFileReference; fileEncoding = 4; lastKnownFileType = sourcecode.c.h; path = RFUIButton.h; sourceTree = "<group>"; };
		304B42D216645A0B000E2C38 /* RFUIButton.m */ = {isa = PBXFileReference; fileEncoding = 4; lastKnownFileType = sourcecode.c.objc; path = RFUIButton.m; sourceTree = "<group>"; };
		304B42D316645A0B000E2C38 /* RFUICheckView.h */ = {isa = PBXFileReference; fileEncoding = 4; lastKnownFileType = sourcecode.c.h; path = RFUICheckView.h; sourceTree = "<group>"; };
		304B42D416645A0B000E2C38 /* RFUICheckView.m */ = {isa = PBXFileReference; fileEncoding = 4; lastKnownFileType = sourcecode.c.objc; path = RFUICheckView.m; sourceTree = "<group>"; };
		304B42D516645A0B000E2C38 /* RFUIForwardView.h */ = {isa = PBXFileReference; fileEncoding = 4; lastKnownFileType = sourcecode.c.h; path = RFUIForwardView.h; sourceTree = "<group>"; };
		304B42D616645A0B000E2C38 /* RFUIForwardView.m */ = {isa = PBXFileReference; fileEncoding = 4; lastKnownFileType = sourcecode.c.objc; path = RFUIForwardView.m; sourceTree = "<group>"; };
		304B42D716645A0B000E2C38 /* RFUIImageCheckView.h */ = {isa = PBXFileReference; fileEncoding = 4; lastKnownFileType = sourcecode.c.h; path = RFUIImageCheckView.h; sourceTree = "<group>"; };
		304B42D816645A0B000E2C38 /* RFUIImageCheckView.m */ = {isa = PBXFileReference; fileEncoding = 4; lastKnownFileType = sourcecode.c.objc; path = RFUIImageCheckView.m; sourceTree = "<group>"; };
		304B42D916645A0B000E2C38 /* RFUIImageSplitBackgoundView.h */ = {isa = PBXFileReference; fileEncoding = 4; lastKnownFileType = sourcecode.c.h; path = RFUIImageSplitBackgoundView.h; sourceTree = "<group>"; };
		304B42DA16645A0B000E2C38 /* RFUIImageSplitBackgoundView.m */ = {isa = PBXFileReference; fileEncoding = 4; lastKnownFileType = sourcecode.c.objc; path = RFUIImageSplitBackgoundView.m; sourceTree = "<group>"; };
		304B42DB16645A0B000E2C38 /* RFUIKeyboardCenter.h */ = {isa = PBXFileReference; fileEncoding = 4; lastKnownFileType = sourcecode.c.h; path = RFUIKeyboardCenter.h; sourceTree = "<group>"; };
		304B42DC16645A0B000E2C38 /* RFUIKeyboardCenter.m */ = {isa = PBXFileReference; fileEncoding = 4; lastKnownFileType = sourcecode.c.objc; path = RFUIKeyboardCenter.m; sourceTree = "<group>"; };
		304B42DD16645A0B000E2C38 /* RFUIKeyboardLayoutView.h */ = {isa = PBXFileReference; fileEncoding = 4; lastKnownFileType = sourcecode.c.h; path = RFUIKeyboardLayoutView.h; sourceTree = "<group>"; };
		304B42DE16645A0B000E2C38 /* RFUIKeyboardLayoutView.m */ = {isa = PBXFileReference; fileEncoding = 4; lastKnownFileType = sourcecode.c.objc; path = RFUIKeyboardLayoutView.m; sourceTree = "<group>"; };
		304B42DF16645A0B000E2C38 /* RFUIKitFramework.h */ = {isa = PBXFileReference; fileEncoding = 4; lastKnownFileType = sourcecode.c.h; path = RFUIKitFramework.h; sourceTree = "<group>"; };
		304B42E016645A0B000E2C38 /* RFUIKitFramework.m */ = {isa = PBXFileReference; fileEncoding = 4; lastKnownFileType = sourcecode.c.objc; path = RFUIKitFramework.m; sourceTree = "<group>"; };
		304B42E116645A0B000E2C38 /* RFUINavigationController.h */ = {isa = PBXFileReference; fileEncoding = 4; lastKnownFileType = sourcecode.c.h; path = RFUINavigationController.h; sourceTree = "<group>"; };
		304B42E216645A0B000E2C38 /* RFUINavigationController.m */ = {isa = PBXFileReference; fileEncoding = 4; lastKnownFileType = sourcecode.c.objc; path = RFUINavigationController.m; sourceTree = "<group>"; };
		304B42E316645A0B000E2C38 /* RFUIPageScrollView.h */ = {isa = PBXFileReference; fileEncoding = 4; lastKnownFileType = sourcecode.c.h; path = RFUIPageScrollView.h; sourceTree = "<group>"; };
		304B42E416645A0B000E2C38 /* RFUIPageScrollView.m */ = {isa = PBXFileReference; fileEncoding = 4; lastKnownFileType = sourcecode.c.objc; path = RFUIPageScrollView.m; sourceTree = "<group>"; };
		304B42E516645A0B000E2C38 /* RFUIPageScrollViewCell.h */ = {isa = PBXFileReference; fileEncoding = 4; lastKnownFileType = sourcecode.c.h; path = RFUIPageScrollViewCell.h; sourceTree = "<group>"; };
		304B42E616645A0B000E2C38 /* RFUIPageScrollViewCell.m */ = {isa = PBXFileReference; fileEncoding = 4; lastKnownFileType = sourcecode.c.objc; path = RFUIPageScrollViewCell.m; sourceTree = "<group>"; };
		304B42E716645A0B000E2C38 /* RFUIScrollLabel.h */ = {isa = PBXFileReference; fileEncoding = 4; lastKnownFileType = sourcecode.c.h; path = RFUIScrollLabel.h; sourceTree = "<group>"; };
		304B42E816645A0B000E2C38 /* RFUIScrollLabel.m */ = {isa = PBXFileReference; fileEncoding = 4; lastKnownFileType = sourcecode.c.objc; path = RFUIScrollLabel.m; sourceTree = "<group>"; };
		304B42E916645A0B000E2C38 /* RFUISplitBackgoundView.h */ = {isa = PBXFileReference; fileEncoding = 4; lastKnownFileType = sourcecode.c.h; path = RFUISplitBackgoundView.h; sourceTree = "<group>"; };
		304B42EA16645A0B000E2C38 /* RFUISplitBackgoundView.m */ = {isa = PBXFileReference; fileEncoding = 4; lastKnownFileType = sourcecode.c.objc; path = RFUISplitBackgoundView.m; sourceTree = "<group>"; };
		304B42EB16645A0B000E2C38 /* RFUISplitViewController.h */ = {isa = PBXFileReference; fileEncoding = 4; lastKnownFileType = sourcecode.c.h; path = RFUISplitViewController.h; sourceTree = "<group>"; };
		304B42EC16645A0B000E2C38 /* RFUISplitViewController.m */ = {isa = PBXFileReference; fileEncoding = 4; lastKnownFileType = sourcecode.c.objc; path = RFUISplitViewController.m; sourceTree = "<group>"; };
		304B42ED16645A0B000E2C38 /* RFUIStatusBarCenter.h */ = {isa = PBXFileReference; fileEncoding = 4; lastKnownFileType = sourcecode.c.h; path = RFUIStatusBarCenter.h; sourceTree = "<group>"; };
		304B42EE16645A0B000E2C38 /* RFUIStatusBarCenter.m */ = {isa = PBXFileReference; fileEncoding = 4; lastKnownFileType = sourcecode.c.objc; path = RFUIStatusBarCenter.m; sourceTree = "<group>"; };
		304B42EF16645A0B000E2C38 /* RFUIStatusBarLayoutView.h */ = {isa = PBXFileReference; fileEncoding = 4; lastKnownFileType = sourcecode.c.h; path = RFUIStatusBarLayoutView.h; sourceTree = "<group>"; };
		304B42F016645A0B000E2C38 /* RFUIStatusBarLayoutView.m */ = {isa = PBXFileReference; fileEncoding = 4; lastKnownFileType = sourcecode.c.objc; path = RFUIStatusBarLayoutView.m; sourceTree = "<group>"; };
		304B42F116645A0B000E2C38 /* RFUITabBarController.h */ = {isa = PBXFileReference; fileEncoding = 4; lastKnownFileType = sourcecode.c.h; path = RFUITabBarController.h; sourceTree = "<group>"; };
		304B42F216645A0B000E2C38 /* RFUITabBarController.m */ = {isa = PBXFileReference; fileEncoding = 4; lastKnownFileType = sourcecode.c.objc; path = RFUITabBarController.m; sourceTree = "<group>"; };
		304B42F316645A0B000E2C38 /* RFUITableViewController.h */ = {isa = PBXFileReference; fileEncoding = 4; lastKnownFileType = sourcecode.c.h; path = RFUITableViewController.h; sourceTree = "<group>"; };
		304B42F416645A0B000E2C38 /* RFUITableViewController.m */ = {isa = PBXFileReference; fileEncoding = 4; lastKnownFileType = sourcecode.c.objc; path = RFUITableViewController.m; sourceTree = "<group>"; };
		304B42F516645A0B000E2C38 /* RFUITextField.h */ = {isa = PBXFileReference; fileEncoding = 4; lastKnownFileType = sourcecode.c.h; path = RFUITextField.h; sourceTree = "<group>"; };
		304B42F616645A0B000E2C38 /* RFUITextField.m */ = {isa = PBXFileReference; fileEncoding = 4; lastKnownFileType = sourcecode.c.objc; path = RFUITextField.m; sourceTree = "<group>"; };
		304B42F716645A0B000E2C38 /* RFUITreeView.h */ = {isa = PBXFileReference; fileEncoding = 4; lastKnownFileType = sourcecode.c.h; path = RFUITreeView.h; sourceTree = "<group>"; };
		304B42F816645A0B000E2C38 /* RFUITreeView.m */ = {isa = PBXFileReference; fileEncoding = 4; lastKnownFileType = sourcecode.c.objc; path = RFUITreeView.m; sourceTree = "<group>"; };
		304B42F916645A0B000E2C38 /* RFUITreeViewCell.h */ = {isa = PBXFileReference; fileEncoding = 4; lastKnownFileType = sourcecode.c.h; path = RFUITreeViewCell.h; sourceTree = "<group>"; };
		304B42FA16645A0B000E2C38 /* RFUITreeViewCell.m */ = {isa = PBXFileReference; fileEncoding = 4; lastKnownFileType = sourcecode.c.objc; path = RFUITreeViewCell.m; sourceTree = "<group>"; };
		304B42FB16645A0B000E2C38 /* RFUITreeViewNode.h */ = {isa = PBXFileReference; fileEncoding = 4; lastKnownFileType = sourcecode.c.h; path = RFUITreeViewNode.h; sourceTree = "<group>"; };
		304B42FC16645A0B000E2C38 /* RFUITreeViewNode.m */ = {isa = PBXFileReference; fileEncoding = 4; lastKnownFileType = sourcecode.c.objc; path = RFUITreeViewNode.m; sourceTree = "<group>"; };
		304B42FD16645A0B000E2C38 /* RFUITreeViewRowAnimation.h */ = {isa = PBXFileReference; fileEncoding = 4; lastKnownFileType = sourcecode.c.h; path = RFUITreeViewRowAnimation.h; sourceTree = "<group>"; };
		304B42FE16645A0B000E2C38 /* RFUITreeViewRowAnimation.m */ = {isa = PBXFileReference; fileEncoding = 4; lastKnownFileType = sourcecode.c.objc; path = RFUITreeViewRowAnimation.m; sourceTree = "<group>"; };
		304B42FF16645A0B000E2C38 /* RFUIViewController.h */ = {isa = PBXFileReference; fileEncoding = 4; lastKnownFileType = sourcecode.c.h; path = RFUIViewController.h; sourceTree = "<group>"; };
		304B430016645A0B000E2C38 /* RFUIViewController.m */ = {isa = PBXFileReference; fileEncoding = 4; lastKnownFileType = sourcecode.c.objc; path = RFUIViewController.m; sourceTree = "<group>"; };
		307BD62C1634B2EF00178FC2 /* Default-568h@2x.png */ = {isa = PBXFileReference; lastKnownFileType = image.png; path = "Default-568h@2x.png"; sourceTree = "<group>"; };
		307FB9BB1671B61E008AF204 /* RFUIScreenShooter.h */ = {isa = PBXFileReference; fileEncoding = 4; lastKnownFileType = sourcecode.c.h; path = RFUIScreenShooter.h; sourceTree = "<group>"; };
		307FB9BC1671B61E008AF204 /* RFUIScreenShooter.m */ = {isa = PBXFileReference; fileEncoding = 4; lastKnownFileType = sourcecode.c.objc; path = RFUIScreenShooter.m; sourceTree = "<group>"; };
		307FB9C01671B64C008AF204 /* RECGContext.h */ = {isa = PBXFileReference; fileEncoding = 4; lastKnownFileType = sourcecode.c.h; path = RECGContext.h; sourceTree = "<group>"; };
		307FB9C11671B64C008AF204 /* RECGContext.m */ = {isa = PBXFileReference; fileEncoding = 4; lastKnownFileType = sourcecode.c.objc; path = RECGContext.m; sourceTree = "<group>"; };
		307FB9C21671B64C008AF204 /* REExtendedCoreGraphics.h */ = {isa = PBXFileReference; fileEncoding = 4; lastKnownFileType = sourcecode.c.h; path = REExtendedCoreGraphics.h; sourceTree = "<group>"; };
		307FB9C31671B64C008AF204 /* REExtendedCoreGraphics.m */ = {isa = PBXFileReference; fileEncoding = 4; lastKnownFileType = sourcecode.c.objc; path = REExtendedCoreGraphics.m; sourceTree = "<group>"; };
		307FB9C61671B671008AF204 /* RENSAttributedString.h */ = {isa = PBXFileReference; fileEncoding = 4; lastKnownFileType = sourcecode.c.h; path = RENSAttributedString.h; sourceTree = "<group>"; };
		307FB9C71671B671008AF204 /* RENSAttributedString.m */ = {isa = PBXFileReference; fileEncoding = 4; lastKnownFileType = sourcecode.c.objc; path = RENSAttributedString.m; sourceTree = "<group>"; };
		307FB9C81671B671008AF204 /* RENSCharacterSet.h */ = {isa = PBXFileReference; fileEncoding = 4; lastKnownFileType = sourcecode.c.h; path = RENSCharacterSet.h; sourceTree = "<group>"; };
		307FB9C91671B671008AF204 /* RENSCharacterSet.m */ = {isa = PBXFileReference; fileEncoding = 4; lastKnownFileType = sourcecode.c.objc; path = RENSCharacterSet.m; sourceTree = "<group>"; };
		307FB9CA1671B671008AF204 /* RENSData.h */ = {isa = PBXFileReference; fileEncoding = 4; lastKnownFileType = sourcecode.c.h; path = RENSData.h; sourceTree = "<group>"; };
		307FB9CB1671B671008AF204 /* RENSData.m */ = {isa = PBXFileReference; fileEncoding = 4; lastKnownFileType = sourcecode.c.objc; path = RENSData.m; sourceTree = "<group>"; };
		307FB9CC1671B671008AF204 /* RENSOrderedSet.h */ = {isa = PBXFileReference; fileEncoding = 4; lastKnownFileType = sourcecode.c.h; path = RENSOrderedSet.h; sourceTree = "<group>"; };
		307FB9CD1671B671008AF204 /* RENSOrderedSet.m */ = {isa = PBXFileReference; fileEncoding = 4; lastKnownFileType = sourcecode.c.objc; path = RENSOrderedSet.m; sourceTree = "<group>"; };
		307FB9CE1671B671008AF204 /* RENSSet.h */ = {isa = PBXFileReference; fileEncoding = 4; lastKnownFileType = sourcecode.c.h; path = RENSSet.h; sourceTree = "<group>"; };
		307FB9CF1671B671008AF204 /* RENSSet.m */ = {isa = PBXFileReference; fileEncoding = 4; lastKnownFileType = sourcecode.c.objc; path = RENSSet.m; sourceTree = "<group>"; };
		307FB9D01671B671008AF204 /* RENSThread.h */ = {isa = PBXFileReference; fileEncoding = 4; lastKnownFileType = sourcecode.c.h; path = RENSThread.h; sourceTree = "<group>"; };
		307FB9D11671B671008AF204 /* RENSThread.m */ = {isa = PBXFileReference; fileEncoding = 4; lastKnownFileType = sourcecode.c.objc; path = RENSThread.m; sourceTree = "<group>"; };
		307FB9D21671B671008AF204 /* RENSURLRequest.h */ = {isa = PBXFileReference; fileEncoding = 4; lastKnownFileType = sourcecode.c.h; path = RENSURLRequest.h; sourceTree = "<group>"; };
		307FB9D31671B671008AF204 /* RENSURLRequest.m */ = {isa = PBXFileReference; fileEncoding = 4; lastKnownFileType = sourcecode.c.objc; path = RENSURLRequest.m; sourceTree = "<group>"; };
		307FB9DB1671B67E008AF204 /* RENSError.h */ = {isa = PBXFileReference; fileEncoding = 4; lastKnownFileType = sourcecode.c.h; path = RENSError.h; sourceTree = "<group>"; };
		307FB9DC1671B67E008AF204 /* RENSError.m */ = {isa = PBXFileReference; fileEncoding = 4; lastKnownFileType = sourcecode.c.objc; path = RENSError.m; sourceTree = "<group>"; };
		307FB9DD1671B67E008AF204 /* RENSIndexSet.h */ = {isa = PBXFileReference; fileEncoding = 4; lastKnownFileType = sourcecode.c.h; path = RENSIndexSet.h; sourceTree = "<group>"; };
		307FB9DE1671B67E008AF204 /* RENSIndexSet.m */ = {isa = PBXFileReference; fileEncoding = 4; lastKnownFileType = sourcecode.c.objc; path = RENSIndexSet.m; sourceTree = "<group>"; };
		307FBA391671B6E2008AF204 /* RENSParagraphStyle.h */ = {isa = PBXFileReference; fileEncoding = 4; lastKnownFileType = sourcecode.c.h; path = RENSParagraphStyle.h; sourceTree = "<group>"; };
		307FBA3A1671B6E2008AF204 /* RENSParagraphStyle.m */ = {isa = PBXFileReference; fileEncoding = 4; lastKnownFileType = sourcecode.c.objc; path = RENSParagraphStyle.m; sourceTree = "<group>"; };
		307FBA3B1671B6E2008AF204 /* REUIActionSheet.h */ = {isa = PBXFileReference; fileEncoding = 4; lastKnownFileType = sourcecode.c.h; path = REUIActionSheet.h; sourceTree = "<group>"; };
		307FBA3C1671B6E2008AF204 /* REUIActionSheet.m */ = {isa = PBXFileReference; fileEncoding = 4; lastKnownFileType = sourcecode.c.objc; path = REUIActionSheet.m; sourceTree = "<group>"; };
		307FBA3D1671B6E2008AF204 /* REUIAlertView.h */ = {isa = PBXFileReference; fileEncoding = 4; lastKnownFileType = sourcecode.c.h; path = REUIAlertView.h; sourceTree = "<group>"; };
		307FBA3E1671B6E2008AF204 /* REUIAlertView.m */ = {isa = PBXFileReference; fileEncoding = 4; lastKnownFileType = sourcecode.c.objc; path = REUIAlertView.m; sourceTree = "<group>"; };
		307FBA3F1671B6E2008AF204 /* REUIGraphics.h */ = {isa = PBXFileReference; fileEncoding = 4; lastKnownFileType = sourcecode.c.h; path = REUIGraphics.h; sourceTree = "<group>"; };
		307FBA401671B6E2008AF204 /* REUIGraphics.m */ = {isa = PBXFileReference; fileEncoding = 4; lastKnownFileType = sourcecode.c.objc; path = REUIGraphics.m; sourceTree = "<group>"; };
		307FBA411671B6E2008AF204 /* REUIImageView.h */ = {isa = PBXFileReference; fileEncoding = 4; lastKnownFileType = sourcecode.c.h; path = REUIImageView.h; sourceTree = "<group>"; };
		307FBA421671B6E2008AF204 /* REUIImageView.m */ = {isa = PBXFileReference; fileEncoding = 4; lastKnownFileType = sourcecode.c.objc; path = REUIImageView.m; sourceTree = "<group>"; };
		30B31DF01678C0CE00CCE51F /* RECMBridge.h */ = {isa = PBXFileReference; fileEncoding = 4; lastKnownFileType = sourcecode.c.h; path = RECMBridge.h; sourceTree = "<group>"; };
		30B31DF11678C0CE00CCE51F /* RECMBridge.m */ = {isa = PBXFileReference; fileEncoding = 4; lastKnownFileType = sourcecode.c.objc; path = RECMBridge.m; sourceTree = "<group>"; };
		30B31DF21678C0CE00CCE51F /* RECMDefines.h */ = {isa = PBXFileReference; fileEncoding = 4; lastKnownFileType = sourcecode.c.h; path = RECMDefines.h; sourceTree = "<group>"; };
		30B31DF31678C0CE00CCE51F /* RECMDefines.m */ = {isa = PBXFileReference; fileEncoding = 4; lastKnownFileType = sourcecode.c.objc; path = RECMDefines.m; sourceTree = "<group>"; };
		30B31DF41678C0CE00CCE51F /* RECMKeyWord.h */ = {isa = PBXFileReference; fileEncoding = 4; lastKnownFileType = sourcecode.c.h; path = RECMKeyWord.h; sourceTree = "<group>"; };
		30B31DF51678C0CE00CCE51F /* RECMKeyWord.m */ = {isa = PBXFileReference; fileEncoding = 4; lastKnownFileType = sourcecode.c.objc; path = RECMKeyWord.m; sourceTree = "<group>"; };
		30B31DF61678C0CE00CCE51F /* RECMNSObject.h */ = {isa = PBXFileReference; fileEncoding = 4; lastKnownFileType = sourcecode.c.h; path = RECMNSObject.h; sourceTree = "<group>"; };
		30B31DF71678C0CE00CCE51F /* RECMNSObject.m */ = {isa = PBXFileReference; fileEncoding = 4; lastKnownFileType = sourcecode.c.objc; path = RECMNSObject.m; sourceTree = "<group>"; };
		30B31DF81678C0CE00CCE51F /* REExtendedCompiler.h */ = {isa = PBXFileReference; fileEncoding = 4; lastKnownFileType = sourcecode.c.h; path = REExtendedCompiler.h; sourceTree = "<group>"; };
		30B31DF91678C0CE00CCE51F /* REExtendedCompiler.m */ = {isa = PBXFileReference; fileEncoding = 4; lastKnownFileType = sourcecode.c.objc; path = REExtendedCompiler.m; sourceTree = "<group>"; };
		30E21AF01599B76C00DDE278 /* RFUIKitFramework.app */ = {isa = PBXFileReference; explicitFileType = wrapper.application; includeInIndex = 0; path = RFUIKitFramework.app; sourceTree = BUILT_PRODUCTS_DIR; };
		30E21AF41599B76C00DDE278 /* UIKit.framework */ = {isa = PBXFileReference; lastKnownFileType = wrapper.framework; name = UIKit.framework; path = System/Library/Frameworks/UIKit.framework; sourceTree = SDKROOT; };
		30E21AF61599B76C00DDE278 /* Foundation.framework */ = {isa = PBXFileReference; lastKnownFileType = wrapper.framework; name = Foundation.framework; path = System/Library/Frameworks/Foundation.framework; sourceTree = SDKROOT; };
		30E21AF81599B76C00DDE278 /* CoreGraphics.framework */ = {isa = PBXFileReference; lastKnownFileType = wrapper.framework; name = CoreGraphics.framework; path = System/Library/Frameworks/CoreGraphics.framework; sourceTree = SDKROOT; };
		30E21AFC1599B76C00DDE278 /* RFUIKitFramework-Info.plist */ = {isa = PBXFileReference; lastKnownFileType = text.plist.xml; path = "RFUIKitFramework-Info.plist"; sourceTree = "<group>"; };
		30E21B001599B76C00DDE278 /* main.m */ = {isa = PBXFileReference; lastKnownFileType = sourcecode.c.objc; path = main.m; sourceTree = "<group>"; };
		30E21B021599B76C00DDE278 /* RFUIKitFramework-Prefix.pch */ = {isa = PBXFileReference; lastKnownFileType = sourcecode.c.h; path = "RFUIKitFramework-Prefix.pch"; sourceTree = "<group>"; };
		30E21B031599B76C00DDE278 /* RFAppDelegate.h */ = {isa = PBXFileReference; lastKnownFileType = sourcecode.c.h; path = RFAppDelegate.h; sourceTree = "<group>"; };
		30E21B041599B76C00DDE278 /* RFAppDelegate.m */ = {isa = PBXFileReference; lastKnownFileType = sourcecode.c.objc; path = RFAppDelegate.m; sourceTree = "<group>"; };
		30E21B2A1599B7E600DDE278 /* CoreFoundation.framework */ = {isa = PBXFileReference; lastKnownFileType = wrapper.framework; name = CoreFoundation.framework; path = System/Library/Frameworks/CoreFoundation.framework; sourceTree = SDKROOT; };
/* End PBXFileReference section */

/* Begin PBXFrameworksBuildPhase section */
		30E21AED1599B76C00DDE278 /* Frameworks */ = {
			isa = PBXFrameworksBuildPhase;
			buildActionMask = 2147483647;
			files = (
				30E21B2B1599B7E600DDE278 /* CoreFoundation.framework in Frameworks */,
				30E21AF91599B76C00DDE278 /* CoreGraphics.framework in Frameworks */,
				30E21AF71599B76C00DDE278 /* Foundation.framework in Frameworks */,
				30E21AF51599B76C00DDE278 /* UIKit.framework in Frameworks */,
			);
			runOnlyForDeploymentPostprocessing = 0;
		};
/* End PBXFrameworksBuildPhase section */

/* Begin PBXGroup section */
		3039D06315CA5DED005D1E2B /* UserInterface */ = {
			isa = PBXGroup;
			children = (
				3039D06415CA5E23005D1E2B /* Test */,
			);
			path = UserInterface;
			sourceTree = "<group>";
		};
		3039D06415CA5E23005D1E2B /* Test */ = {
			isa = PBXGroup;
			children = (
				3039D06515CA5E38005D1E2B /* RFTestView.h */,
				3039D06615CA5E38005D1E2B /* RFTestView.m */,
				3039D06815CA5E51005D1E2B /* RFTestViewController.h */,
				3039D06915CA5E51005D1E2B /* RFTestViewController.m */,
			);
			path = Test;
			sourceTree = "<group>";
		};
		304B427616645A0B000E2C38 /* External */ = {
			isa = PBXGroup;
			children = (
				30B31DEF1678C0CE00CCE51F /* REExtendedCompiler */,
				307FB9BF1671B64C008AF204 /* REExtendedCoreGraphics */,
				304B427716645A0B000E2C38 /* REExtendedFoundation */,
				304B42A016645A0B000E2C38 /* REExtendedUIKit */,
				304B42CB16645A0B000E2C38 /* RWObjCWrapper */,
			);
			path = External;
			sourceTree = "<group>";
		};
		304B427716645A0B000E2C38 /* REExtendedFoundation */ = {
			isa = PBXGroup;
			children = (
				304B427816645A0B000E2C38 /* REBase256.h */,
				304B427916645A0B000E2C38 /* REBase256.m */,
				304B427A16645A0B000E2C38 /* REExtendedFoundation.h */,
				304B427B16645A0B000E2C38 /* REExtendedFoundation.m */,
				304B427C16645A0B000E2C38 /* RENSArray.h */,
				304B427D16645A0B000E2C38 /* RENSArray.m */,
				307FB9C61671B671008AF204 /* RENSAttributedString.h */,
				307FB9C71671B671008AF204 /* RENSAttributedString.m */,
				307FB9C81671B671008AF204 /* RENSCharacterSet.h */,
				307FB9C91671B671008AF204 /* RENSCharacterSet.m */,
				307FB9CA1671B671008AF204 /* RENSData.h */,
				307FB9CB1671B671008AF204 /* RENSData.m */,
				304B427E16645A0B000E2C38 /* RENSDateFormatter.h */,
				304B427F16645A0B000E2C38 /* RENSDateFormatter.m */,
				304B428016645A0B000E2C38 /* RENSDictionary.h */,
				304B428116645A0B000E2C38 /* RENSDictionary.m */,
				307FB9DB1671B67E008AF204 /* RENSError.h */,
				307FB9DC1671B67E008AF204 /* RENSError.m */,
				304B428216645A0B000E2C38 /* RENSFileManager.h */,
				304B428316645A0B000E2C38 /* RENSFileManager.m */,
				304B428416645A0B000E2C38 /* RENSIndexPath.h */,
				304B428516645A0B000E2C38 /* RENSIndexPath.m */,
				307FB9DD1671B67E008AF204 /* RENSIndexSet.h */,
				307FB9DE1671B67E008AF204 /* RENSIndexSet.m */,
				304B428616645A0B000E2C38 /* RENSInvocation.h */,
				304B428716645A0B000E2C38 /* RENSInvocation.m */,
				304B428816645A0B000E2C38 /* RENSLocale.h */,
				304B428916645A0B000E2C38 /* RENSLocale.m */,
				304B428A16645A0B000E2C38 /* RENSNotification.h */,
				304B428B16645A0B000E2C38 /* RENSNotification.m */,
				304B428C16645A0B000E2C38 /* RENSNotificationQueue.h */,
				304B428D16645A0B000E2C38 /* RENSNotificationQueue.m */,
				304B428E16645A0B000E2C38 /* RENSNumber.h */,
				304B428F16645A0B000E2C38 /* RENSNumber.m */,
				304B429016645A0B000E2C38 /* RENSObjCRuntime.h */,
				304B429116645A0B000E2C38 /* RENSObjCRuntime.m */,
				304B429216645A0B000E2C38 /* RENSObject.h */,
				304B429316645A0B000E2C38 /* RENSObject.m */,
				307FB9CC1671B671008AF204 /* RENSOrderedSet.h */,
				307FB9CD1671B671008AF204 /* RENSOrderedSet.m */,
				304B429416645A0B000E2C38 /* RENSPropertyList.h */,
				304B429516645A0B000E2C38 /* RENSPropertyList.m */,
				304B429616645A0B000E2C38 /* RENSRange.h */,
				304B429716645A0B000E2C38 /* RENSRange.m */,
				307FB9CE1671B671008AF204 /* RENSSet.h */,
				307FB9CF1671B671008AF204 /* RENSSet.m */,
				304B429816645A0B000E2C38 /* RENSStream.h */,
				304B429916645A0B000E2C38 /* RENSStream.m */,
				304B429A16645A0B000E2C38 /* RENSString.h */,
				304B429B16645A0B000E2C38 /* RENSString.m */,
				307FB9D01671B671008AF204 /* RENSThread.h */,
				307FB9D11671B671008AF204 /* RENSThread.m */,
				304B429C16645A0B000E2C38 /* RENSTimer.h */,
				304B429D16645A0B000E2C38 /* RENSTimer.m */,
				307FB9D21671B671008AF204 /* RENSURLRequest.h */,
				307FB9D31671B671008AF204 /* RENSURLRequest.m */,
				304B429E16645A0B000E2C38 /* RERFC822.h */,
				304B429F16645A0B000E2C38 /* RERFC822.m */,
			);
			path = REExtendedFoundation;
			sourceTree = "<group>";
		};
		304B42A016645A0B000E2C38 /* REExtendedUIKit */ = {
			isa = PBXGroup;
			children = (
				304B42A116645A0B000E2C38 /* REExtendedUIKit.h */,
				304B42A216645A0B000E2C38 /* REExtendedUIKit.m */,
				307FBA391671B6E2008AF204 /* RENSParagraphStyle.h */,
				307FBA3A1671B6E2008AF204 /* RENSParagraphStyle.m */,
				307FBA3B1671B6E2008AF204 /* REUIActionSheet.h */,
				307FBA3C1671B6E2008AF204 /* REUIActionSheet.m */,
				307FBA3D1671B6E2008AF204 /* REUIAlertView.h */,
				307FBA3E1671B6E2008AF204 /* REUIAlertView.m */,
				304B42A316645A0B000E2C38 /* REUIApplication.h */,
				304B42A416645A0B000E2C38 /* REUIApplication.m */,
				304B42A516645A0B000E2C38 /* REUIBarButtonItem.h */,
				304B42A616645A0B000E2C38 /* REUIBarButtonItem.m */,
				304B42A716645A0B000E2C38 /* REUIBlockAction.h */,
				304B42A816645A0B000E2C38 /* REUIBlockAction.m */,
				304B42A916645A0B000E2C38 /* REUIColor.h */,
				304B42AA16645A0B000E2C38 /* REUIColor.m */,
				304B42AB16645A0B000E2C38 /* REUIControl.h */,
				304B42AC16645A0B000E2C38 /* REUIControl.m */,
				304B42AD16645A0B000E2C38 /* REUIControlBlockAction.h */,
				304B42AE16645A0B000E2C38 /* REUIControlBlockAction.m */,
				304B42AF16645A0B000E2C38 /* REUIGeometry.h */,
				304B42B016645A0B000E2C38 /* REUIGeometry.m */,
				304B42B116645A0B000E2C38 /* REUIGestureRecognizer.h */,
				304B42B216645A0B000E2C38 /* REUIGestureRecognizer.m */,
				307FBA3F1671B6E2008AF204 /* REUIGraphics.h */,
				307FBA401671B6E2008AF204 /* REUIGraphics.m */,
				304B42B316645A0B000E2C38 /* REUIImage.h */,
				304B42B416645A0B000E2C38 /* REUIImage.m */,
				307FBA411671B6E2008AF204 /* REUIImageView.h */,
				307FBA421671B6E2008AF204 /* REUIImageView.m */,
				304B42B516645A0B000E2C38 /* REUILabel.h */,
				304B42B616645A0B000E2C38 /* REUILabel.m */,
				304B42B716645A0B000E2C38 /* REUINavigationBar.h */,
				304B42B816645A0B000E2C38 /* REUINavigationBar.m */,
				304B42B916645A0B000E2C38 /* REUINavigationController.h */,
				304B42BA16645A0B000E2C38 /* REUINavigationController.m */,
				304B42BB16645A0B000E2C38 /* REUIScreen.h */,
				304B42BC16645A0B000E2C38 /* REUIScreen.m */,
				304B42BD16645A0B000E2C38 /* REUIScrollView.h */,
				304B42BE16645A0B000E2C38 /* REUIScrollView.m */,
				304B42BF16645A0B000E2C38 /* REUITableViewCell.h */,
				304B42C016645A0B000E2C38 /* REUITableViewCell.m */,
				304B42C116645A0B000E2C38 /* REUITextField.h */,
				304B42C216645A0B000E2C38 /* REUITextField.m */,
				304B42C316645A0B000E2C38 /* REUITextView.h */,
				304B42C416645A0B000E2C38 /* REUITextView.m */,
				304B42C516645A0B000E2C38 /* REUIToolbar.h */,
				304B42C616645A0B000E2C38 /* REUIToolbar.m */,
				304B42C716645A0B000E2C38 /* REUIView.h */,
				304B42C816645A0B000E2C38 /* REUIView.m */,
				304B42C916645A0B000E2C38 /* REUIViewController.h */,
				304B42CA16645A0B000E2C38 /* REUIViewController.m */,
			);
			path = REExtendedUIKit;
			sourceTree = "<group>";
		};
		304B42CB16645A0B000E2C38 /* RWObjCWrapper */ = {
			isa = PBXGroup;
			children = (
				304B42CC16645A0B000E2C38 /* RWObjC.h */,
				304B42CD16645A0B000E2C38 /* RWObjC.m */,
				304B42CE16645A0B000E2C38 /* RWObjCWrapper.h */,
				304B42CF16645A0B000E2C38 /* RWObjCWrapper.m */,
			);
			path = RWObjCWrapper;
			sourceTree = "<group>";
		};
		304B42D016645A0B000E2C38 /* RFUIKitFramework */ = {
			isa = PBXGroup;
			children = (
				304B42D116645A0B000E2C38 /* RFUIButton.h */,
				304B42D216645A0B000E2C38 /* RFUIButton.m */,
				304B42D316645A0B000E2C38 /* RFUICheckView.h */,
				304B42D416645A0B000E2C38 /* RFUICheckView.m */,
				304B42D516645A0B000E2C38 /* RFUIForwardView.h */,
				304B42D616645A0B000E2C38 /* RFUIForwardView.m */,
				304B42D716645A0B000E2C38 /* RFUIImageCheckView.h */,
				304B42D816645A0B000E2C38 /* RFUIImageCheckView.m */,
				304B42D916645A0B000E2C38 /* RFUIImageSplitBackgoundView.h */,
				304B42DA16645A0B000E2C38 /* RFUIImageSplitBackgoundView.m */,
				304B42DB16645A0B000E2C38 /* RFUIKeyboardCenter.h */,
				304B42DC16645A0B000E2C38 /* RFUIKeyboardCenter.m */,
				304B42DD16645A0B000E2C38 /* RFUIKeyboardLayoutView.h */,
				304B42DE16645A0B000E2C38 /* RFUIKeyboardLayoutView.m */,
				304B42DF16645A0B000E2C38 /* RFUIKitFramework.h */,
				304B42E016645A0B000E2C38 /* RFUIKitFramework.m */,
				304B42E116645A0B000E2C38 /* RFUINavigationController.h */,
				304B42E216645A0B000E2C38 /* RFUINavigationController.m */,
				304B42E316645A0B000E2C38 /* RFUIPageScrollView.h */,
				304B42E416645A0B000E2C38 /* RFUIPageScrollView.m */,
				304B42E516645A0B000E2C38 /* RFUIPageScrollViewCell.h */,
				304B42E616645A0B000E2C38 /* RFUIPageScrollViewCell.m */,
				307FB9BB1671B61E008AF204 /* RFUIScreenShooter.h */,
				307FB9BC1671B61E008AF204 /* RFUIScreenShooter.m */,
				304B42E716645A0B000E2C38 /* RFUIScrollLabel.h */,
				304B42E816645A0B000E2C38 /* RFUIScrollLabel.m */,
				304B42E916645A0B000E2C38 /* RFUISplitBackgoundView.h */,
				304B42EA16645A0B000E2C38 /* RFUISplitBackgoundView.m */,
				304B42EB16645A0B000E2C38 /* RFUISplitViewController.h */,
				304B42EC16645A0B000E2C38 /* RFUISplitViewController.m */,
				304B42ED16645A0B000E2C38 /* RFUIStatusBarCenter.h */,
				304B42EE16645A0B000E2C38 /* RFUIStatusBarCenter.m */,
				304B42EF16645A0B000E2C38 /* RFUIStatusBarLayoutView.h */,
				304B42F016645A0B000E2C38 /* RFUIStatusBarLayoutView.m */,
				304B42F116645A0B000E2C38 /* RFUITabBarController.h */,
				304B42F216645A0B000E2C38 /* RFUITabBarController.m */,
				304B42F316645A0B000E2C38 /* RFUITableViewController.h */,
				304B42F416645A0B000E2C38 /* RFUITableViewController.m */,
				304B42F516645A0B000E2C38 /* RFUITextField.h */,
				304B42F616645A0B000E2C38 /* RFUITextField.m */,
				304B42F716645A0B000E2C38 /* RFUITreeView.h */,
				304B42F816645A0B000E2C38 /* RFUITreeView.m */,
				304B42F916645A0B000E2C38 /* RFUITreeViewCell.h */,
				304B42FA16645A0B000E2C38 /* RFUITreeViewCell.m */,
				304B42FB16645A0B000E2C38 /* RFUITreeViewNode.h */,
				304B42FC16645A0B000E2C38 /* RFUITreeViewNode.m */,
				304B42FD16645A0B000E2C38 /* RFUITreeViewRowAnimation.h */,
				304B42FE16645A0B000E2C38 /* RFUITreeViewRowAnimation.m */,
				304B42FF16645A0B000E2C38 /* RFUIViewController.h */,
				304B430016645A0B000E2C38 /* RFUIViewController.m */,
			);
			path = RFUIKitFramework;
			sourceTree = "<group>";
		};
		307BD62A1634B2EF00178FC2 /* Resources */ = {
			isa = PBXGroup;
			children = (
				307BD62B1634B2EF00178FC2 /* System */,
			);
			path = Resources;
			sourceTree = "<group>";
		};
		307BD62B1634B2EF00178FC2 /* System */ = {
			isa = PBXGroup;
			children = (
				307BD62C1634B2EF00178FC2 /* Default-568h@2x.png */,
			);
			path = System;
			sourceTree = "<group>";
		};
		307FB9BF1671B64C008AF204 /* REExtendedCoreGraphics */ = {
			isa = PBXGroup;
			children = (
				307FB9C01671B64C008AF204 /* RECGContext.h */,
				307FB9C11671B64C008AF204 /* RECGContext.m */,
				307FB9C21671B64C008AF204 /* REExtendedCoreGraphics.h */,
				307FB9C31671B64C008AF204 /* REExtendedCoreGraphics.m */,
			);
			path = REExtendedCoreGraphics;
			sourceTree = "<group>";
		};
		30B31DEF1678C0CE00CCE51F /* REExtendedCompiler */ = {
			isa = PBXGroup;
			children = (
				30B31DF01678C0CE00CCE51F /* RECMBridge.h */,
				30B31DF11678C0CE00CCE51F /* RECMBridge.m */,
				30B31DF21678C0CE00CCE51F /* RECMDefines.h */,
				30B31DF31678C0CE00CCE51F /* RECMDefines.m */,
				30B31DF41678C0CE00CCE51F /* RECMKeyWord.h */,
				30B31DF51678C0CE00CCE51F /* RECMKeyWord.m */,
				30B31DF61678C0CE00CCE51F /* RECMNSObject.h */,
				30B31DF71678C0CE00CCE51F /* RECMNSObject.m */,
				30B31DF81678C0CE00CCE51F /* REExtendedCompiler.h */,
				30B31DF91678C0CE00CCE51F /* REExtendedCompiler.m */,
			);
			path = REExtendedCompiler;
			sourceTree = "<group>";
		};
		30E21AE51599B76C00DDE278 = {
			isa = PBXGroup;
			children = (
				30E21AFA1599B76C00DDE278 /* RFUIKitFramework */,
				30E21AF31599B76C00DDE278 /* Frameworks */,
				30E21AF11599B76C00DDE278 /* Products */,
			);
			sourceTree = "<group>";
		};
		30E21AF11599B76C00DDE278 /* Products */ = {
			isa = PBXGroup;
			children = (
				30E21AF01599B76C00DDE278 /* RFUIKitFramework.app */,
			);
			name = Products;
			sourceTree = "<group>";
		};
		30E21AF31599B76C00DDE278 /* Frameworks */ = {
			isa = PBXGroup;
			children = (
				30E21B2A1599B7E600DDE278 /* CoreFoundation.framework */,
				30E21AF81599B76C00DDE278 /* CoreGraphics.framework */,
				30E21AF61599B76C00DDE278 /* Foundation.framework */,
				30E21AF41599B76C00DDE278 /* UIKit.framework */,
			);
			name = Frameworks;
			sourceTree = "<group>";
		};
		30E21AFA1599B76C00DDE278 /* RFUIKitFramework */ = {
			isa = PBXGroup;
			children = (
				304B427616645A0B000E2C38 /* External */,
				304B42D016645A0B000E2C38 /* RFUIKitFramework */,
				3039D06315CA5DED005D1E2B /* UserInterface */,
				30E21B031599B76C00DDE278 /* RFAppDelegate.h */,
				30E21B041599B76C00DDE278 /* RFAppDelegate.m */,
				30E21AFB1599B76C00DDE278 /* Supporting Files */,
				307BD62A1634B2EF00178FC2 /* Resources */,
			);
			path = RFUIKitFramework;
			sourceTree = "<group>";
		};
		30E21AFB1599B76C00DDE278 /* Supporting Files */ = {
			isa = PBXGroup;
			children = (
				30E21AFC1599B76C00DDE278 /* RFUIKitFramework-Info.plist */,
				30E21B001599B76C00DDE278 /* main.m */,
				30E21B021599B76C00DDE278 /* RFUIKitFramework-Prefix.pch */,
			);
			name = "Supporting Files";
			sourceTree = "<group>";
		};
/* End PBXGroup section */

/* Begin PBXNativeTarget section */
		30E21AEF1599B76C00DDE278 /* RFUIKitFramework */ = {
			isa = PBXNativeTarget;
			buildConfigurationList = 30E21B221599B76C00DDE278 /* Build configuration list for PBXNativeTarget "RFUIKitFramework" */;
			buildPhases = (
				30E21AEC1599B76C00DDE278 /* Sources */,
				30E21AED1599B76C00DDE278 /* Frameworks */,
				30E21AEE1599B76C00DDE278 /* Resources */,
				3061A7DD15D0E969009F3E99 /* Enable Comment Tags */,
			);
			buildRules = (
			);
			dependencies = (
			);
			name = RFUIKitFramework;
			productName = RFUIKitFramework;
			productReference = 30E21AF01599B76C00DDE278 /* RFUIKitFramework.app */;
			productType = "com.apple.product-type.application";
		};
/* End PBXNativeTarget section */

/* Begin PBXProject section */
		30E21AE71599B76C00DDE278 /* Project object */ = {
			isa = PBXProject;
			attributes = {
				CLASSPREFIX = RF;
				LastUpgradeCheck = 0430;
				ORGANIZATIONNAME = Oliromole;
			};
			buildConfigurationList = 30E21AEA1599B76C00DDE278 /* Build configuration list for PBXProject "RFUIKitFramework" */;
			compatibilityVersion = "Xcode 3.2";
			developmentRegion = English;
			hasScannedForEncodings = 0;
			knownRegions = (
				en,
			);
			mainGroup = 30E21AE51599B76C00DDE278;
			productRefGroup = 30E21AF11599B76C00DDE278 /* Products */;
			projectDirPath = "";
			projectRoot = "";
			targets = (
				30E21AEF1599B76C00DDE278 /* RFUIKitFramework */,
			);
		};
/* End PBXProject section */

/* Begin PBXResourcesBuildPhase section */
		30E21AEE1599B76C00DDE278 /* Resources */ = {
			isa = PBXResourcesBuildPhase;
			buildActionMask = 2147483647;
			files = (
				307BD62D1634B2EF00178FC2 /* Default-568h@2x.png in Resources */,
			);
			runOnlyForDeploymentPostprocessing = 0;
		};
/* End PBXResourcesBuildPhase section */

/* Begin PBXShellScriptBuildPhase section */
		3061A7DD15D0E969009F3E99 /* Enable Comment Tags */ = {
			isa = PBXShellScriptBuildPhase;
			buildActionMask = 2147483647;
			files = (
			);
			inputPaths = (
			);
			name = "Enable Comment Tags";
			outputPaths = (
			);
			runOnlyForDeploymentPostprocessing = 0;
			shellPath = /bin/sh;
			shellScript = "KEYWORDS=\"\\/\\/ RFUIKITFRAMEWORKTODO:|\\/\\/ TODO:|\\/\\/ FIXME:|\\/\\/ \\?\\?\\?:|\\/\\/ \\!\\!\\!:\"\nfind \"${SRCROOT}\" \\( -name \"*.h\" -or -name \"*.m\" \\) -print0 | xargs -0 egrep --with-filename --line-number --only-matching \"($KEYWORDS).*\\$\" | perl -p -e \"s/($KEYWORDS)/ warning: \\$1/\"";
		};
/* End PBXShellScriptBuildPhase section */

/* Begin PBXSourcesBuildPhase section */
		30E21AEC1599B76C00DDE278 /* Sources */ = {
			isa = PBXSourcesBuildPhase;
			buildActionMask = 2147483647;
			files = (
				30E21B011599B76C00DDE278 /* main.m in Sources */,
				30E21B051599B76C00DDE278 /* RFAppDelegate.m in Sources */,
				3039D06715CA5E38005D1E2B /* RFTestView.m in Sources */,
				3039D06A15CA5E51005D1E2B /* RFTestViewController.m in Sources */,
				304B430116645A0B000E2C38 /* REBase256.m in Sources */,
				304B430216645A0B000E2C38 /* REExtendedFoundation.m in Sources */,
				304B430316645A0B000E2C38 /* RENSArray.m in Sources */,
				304B430416645A0B000E2C38 /* RENSDateFormatter.m in Sources */,
				304B430516645A0B000E2C38 /* RENSDictionary.m in Sources */,
				304B430616645A0B000E2C38 /* RENSFileManager.m in Sources */,
				304B430716645A0B000E2C38 /* RENSIndexPath.m in Sources */,
				304B430816645A0B000E2C38 /* RENSInvocation.m in Sources */,
				304B430916645A0B000E2C38 /* RENSLocale.m in Sources */,
				304B430A16645A0B000E2C38 /* RENSNotification.m in Sources */,
				304B430B16645A0B000E2C38 /* RENSNotificationQueue.m in Sources */,
				304B430C16645A0B000E2C38 /* RENSNumber.m in Sources */,
				304B430D16645A0B000E2C38 /* RENSObjCRuntime.m in Sources */,
				304B430E16645A0B000E2C38 /* RENSObject.m in Sources */,
				304B430F16645A0B000E2C38 /* RENSPropertyList.m in Sources */,
				304B431016645A0B000E2C38 /* RENSRange.m in Sources */,
				304B431116645A0B000E2C38 /* RENSStream.m in Sources */,
				304B431216645A0B000E2C38 /* RENSString.m in Sources */,
				304B431316645A0B000E2C38 /* RENSTimer.m in Sources */,
				304B431416645A0B000E2C38 /* RERFC822.m in Sources */,
				304B431516645A0B000E2C38 /* REExtendedUIKit.m in Sources */,
				304B431616645A0B000E2C38 /* REUIApplication.m in Sources */,
				304B431716645A0B000E2C38 /* REUIBarButtonItem.m in Sources */,
				304B431816645A0B000E2C38 /* REUIBlockAction.m in Sources */,
				304B431916645A0B000E2C38 /* REUIColor.m in Sources */,
				304B431A16645A0B000E2C38 /* REUIControl.m in Sources */,
				304B431B16645A0B000E2C38 /* REUIControlBlockAction.m in Sources */,
				304B431C16645A0B000E2C38 /* REUIGeometry.m in Sources */,
				304B431D16645A0B000E2C38 /* REUIGestureRecognizer.m in Sources */,
				304B431E16645A0B000E2C38 /* REUIImage.m in Sources */,
				304B431F16645A0B000E2C38 /* REUILabel.m in Sources */,
				304B432016645A0B000E2C38 /* REUINavigationBar.m in Sources */,
				304B432116645A0B000E2C38 /* REUINavigationController.m in Sources */,
				304B432216645A0B000E2C38 /* REUIScreen.m in Sources */,
				304B432316645A0B000E2C38 /* REUIScrollView.m in Sources */,
				304B432416645A0B000E2C38 /* REUITableViewCell.m in Sources */,
				304B432516645A0B000E2C38 /* REUITextField.m in Sources */,
				304B432616645A0B000E2C38 /* REUITextView.m in Sources */,
				304B432716645A0B000E2C38 /* REUIToolbar.m in Sources */,
				304B432816645A0B000E2C38 /* REUIView.m in Sources */,
				304B432916645A0B000E2C38 /* REUIViewController.m in Sources */,
				304B432A16645A0B000E2C38 /* RWObjC.m in Sources */,
				304B432B16645A0B000E2C38 /* RWObjCWrapper.m in Sources */,
				304B432C16645A0B000E2C38 /* RFUIButton.m in Sources */,
				304B432D16645A0B000E2C38 /* RFUICheckView.m in Sources */,
				304B432E16645A0B000E2C38 /* RFUIForwardView.m in Sources */,
				304B432F16645A0B000E2C38 /* RFUIImageCheckView.m in Sources */,
				304B433016645A0B000E2C38 /* RFUIImageSplitBackgoundView.m in Sources */,
				304B433116645A0B000E2C38 /* RFUIKeyboardCenter.m in Sources */,
				304B433216645A0B000E2C38 /* RFUIKeyboardLayoutView.m in Sources */,
				304B433316645A0B000E2C38 /* RFUIKitFramework.m in Sources */,
				304B433416645A0B000E2C38 /* RFUINavigationController.m in Sources */,
				304B433516645A0B000E2C38 /* RFUIPageScrollView.m in Sources */,
				304B433616645A0B000E2C38 /* RFUIPageScrollViewCell.m in Sources */,
				304B433716645A0B000E2C38 /* RFUIScrollLabel.m in Sources */,
				304B433816645A0B000E2C38 /* RFUISplitBackgoundView.m in Sources */,
				304B433916645A0B000E2C38 /* RFUISplitViewController.m in Sources */,
				304B433A16645A0B000E2C38 /* RFUIStatusBarCenter.m in Sources */,
				304B433B16645A0B000E2C38 /* RFUIStatusBarLayoutView.m in Sources */,
				304B433C16645A0B000E2C38 /* RFUITabBarController.m in Sources */,
				304B433D16645A0B000E2C38 /* RFUITableViewController.m in Sources */,
				304B433E16645A0B000E2C38 /* RFUITextField.m in Sources */,
				304B433F16645A0B000E2C38 /* RFUITreeView.m in Sources */,
				304B434016645A0B000E2C38 /* RFUITreeViewCell.m in Sources */,
				304B434116645A0B000E2C38 /* RFUITreeViewNode.m in Sources */,
				304B434216645A0B000E2C38 /* RFUITreeViewRowAnimation.m in Sources */,
				304B434316645A0B000E2C38 /* RFUIViewController.m in Sources */,
				307FB9BD1671B61E008AF204 /* RFUIScreenShooter.m in Sources */,
				307FB9C41671B64C008AF204 /* RECGContext.m in Sources */,
				307FB9C51671B64C008AF204 /* REExtendedCoreGraphics.m in Sources */,
				307FB9D41671B671008AF204 /* RENSAttributedString.m in Sources */,
				307FB9D51671B671008AF204 /* RENSCharacterSet.m in Sources */,
				307FB9D61671B671008AF204 /* RENSData.m in Sources */,
				307FB9D71671B671008AF204 /* RENSOrderedSet.m in Sources */,
				307FB9D81671B671008AF204 /* RENSSet.m in Sources */,
				307FB9D91671B671008AF204 /* RENSThread.m in Sources */,
				307FB9DA1671B671008AF204 /* RENSURLRequest.m in Sources */,
				307FB9DF1671B67E008AF204 /* RENSError.m in Sources */,
				307FB9E01671B67E008AF204 /* RENSIndexSet.m in Sources */,
				307FBA431671B6E2008AF204 /* RENSParagraphStyle.m in Sources */,
				307FBA441671B6E2008AF204 /* REUIActionSheet.m in Sources */,
				307FBA451671B6E2008AF204 /* REUIAlertView.m in Sources */,
				307FBA461671B6E2008AF204 /* REUIGraphics.m in Sources */,
				307FBA471671B6E2008AF204 /* REUIImageView.m in Sources */,
				30B31DFA1678C0CE00CCE51F /* RECMBridge.m in Sources */,
				30B31DFB1678C0CE00CCE51F /* RECMDefines.m in Sources */,
				30B31DFC1678C0CE00CCE51F /* RECMKeyWord.m in Sources */,
				30B31DFD1678C0CE00CCE51F /* RECMNSObject.m in Sources */,
				30B31DFE1678C0CE00CCE51F /* REExtendedCompiler.m in Sources */,
			);
			runOnlyForDeploymentPostprocessing = 0;
		};
/* End PBXSourcesBuildPhase section */

/* Begin XCBuildConfiguration section */
		30E21B201599B76C00DDE278 /* Debug */ = {
			isa = XCBuildConfiguration;
			buildSettings = {
				ALWAYS_SEARCH_USER_PATHS = NO;
				ARCHS = "$(ARCHS_STANDARD_32_BIT)";
				CLANG_WARN_OBJC_MISSING_PROPERTY_SYNTHESIS = YES;
				"CODE_SIGN_IDENTITY[sdk=iphoneos*]" = "iPhone Developer";
				COPY_PHASE_STRIP = NO;
				GCC_C_LANGUAGE_STANDARD = gnu99;
				GCC_DYNAMIC_NO_PIC = NO;
				GCC_OPTIMIZATION_LEVEL = 0;
				GCC_PREPROCESSOR_DEFINITIONS = (
					"DEBUG=1",
					"$(inherited)",
				);
				GCC_SYMBOLS_PRIVATE_EXTERN = NO;
				GCC_VERSION = com.apple.compilers.llvm.clang.1_0;
				GCC_WARN_ABOUT_MISSING_NEWLINE = YES;
				GCC_WARN_ABOUT_RETURN_TYPE = YES;
				GCC_WARN_UNINITIALIZED_AUTOS = YES;
				GCC_WARN_UNKNOWN_PRAGMAS = YES;
				GCC_WARN_UNUSED_VARIABLE = YES;
				IPHONEOS_DEPLOYMENT_TARGET = 4.0;
				SDKROOT = iphoneos;
				TARGETED_DEVICE_FAMILY = "1,2";
			};
			name = Debug;
		};
		30E21B211599B76C00DDE278 /* Release */ = {
			isa = XCBuildConfiguration;
			buildSettings = {
				ALWAYS_SEARCH_USER_PATHS = NO;
				ARCHS = "$(ARCHS_STANDARD_32_BIT)";
				CLANG_WARN_OBJC_MISSING_PROPERTY_SYNTHESIS = YES;
				"CODE_SIGN_IDENTITY[sdk=iphoneos*]" = "iPhone Developer";
				COPY_PHASE_STRIP = YES;
				GCC_C_LANGUAGE_STANDARD = gnu99;
				GCC_VERSION = com.apple.compilers.llvm.clang.1_0;
				GCC_WARN_ABOUT_MISSING_NEWLINE = YES;
				GCC_WARN_ABOUT_RETURN_TYPE = YES;
				GCC_WARN_UNINITIALIZED_AUTOS = YES;
				GCC_WARN_UNKNOWN_PRAGMAS = YES;
				GCC_WARN_UNUSED_VARIABLE = YES;
				IPHONEOS_DEPLOYMENT_TARGET = 4.0;
				OTHER_CFLAGS = "-DNS_BLOCK_ASSERTIONS=1";
				SDKROOT = iphoneos;
				TARGETED_DEVICE_FAMILY = "1,2";
				VALIDATE_PRODUCT = YES;
			};
			name = Release;
		};
		30E21B231599B76C00DDE278 /* Debug */ = {
			isa = XCBuildConfiguration;
			buildSettings = {
				GCC_PRECOMPILE_PREFIX_HEADER = YES;
				GCC_PREFIX_HEADER = "RFUIKitFramework/RFUIKitFramework-Prefix.pch";
				INFOPLIST_FILE = "RFUIKitFramework/RFUIKitFramework-Info.plist";
				PRODUCT_NAME = "$(TARGET_NAME)";
				WRAPPER_EXTENSION = app;
			};
			name = Debug;
		};
		30E21B241599B76C00DDE278 /* Release */ = {
			isa = XCBuildConfiguration;
			buildSettings = {
				GCC_PRECOMPILE_PREFIX_HEADER = YES;
				GCC_PREFIX_HEADER = "RFUIKitFramework/RFUIKitFramework-Prefix.pch";
				INFOPLIST_FILE = "RFUIKitFramework/RFUIKitFramework-Info.plist";
				PRODUCT_NAME = "$(TARGET_NAME)";
				WRAPPER_EXTENSION = app;
			};
			name = Release;
		};
/* End XCBuildConfiguration section */

/* Begin XCConfigurationList section */
		30E21AEA1599B76C00DDE278 /* Build configuration list for PBXProject "RFUIKitFramework" */ = {
			isa = XCConfigurationList;
			buildConfigurations = (
				30E21B201599B76C00DDE278 /* Debug */,
				30E21B211599B76C00DDE278 /* Release */,
			);
			defaultConfigurationIsVisible = 0;
			defaultConfigurationName = Release;
		};
		30E21B221599B76C00DDE278 /* Build configuration list for PBXNativeTarget "RFUIKitFramework" */ = {
			isa = XCConfigurationList;
			buildConfigurations = (
				30E21B231599B76C00DDE278 /* Debug */,
				30E21B241599B76C00DDE278 /* Release */,
			);
			defaultConfigurationIsVisible = 0;
			defaultConfigurationName = Release;
		};
/* End XCConfigurationList section */
	};
	rootObject = 30E21AE71599B76C00DDE278 /* Project object */;
}
